PODS:
  - LLDialog (1.2.0)
  - MaterialKit (0.6.4)
  - SWRevealViewController (2.4.0)
  - ViewAnimator (2.4.0)

DEPENDENCIES:
  - LLDialog (from `https://github.com/LiulietLee/LLDialog.git`)
  - MaterialKit (from `https://github.com/ApolloZhu/MaterialKit.git`)
  - SWRevealViewController (from `https://github.com/John-Lluch/SWRevealViewController.git`)
  - ViewAnimator

SPEC REPOS:
  https://github.com/cocoapods/specs.git:
    - ViewAnimator

EXTERNAL SOURCES:
  LLDialog:
    :git: https://github.com/LiulietLee/LLDialog.git
  MaterialKit:
    :git: https://github.com/ApolloZhu/MaterialKit.git
  SWRevealViewController:
    :git: https://github.com/John-Lluch/SWRevealViewController.git

CHECKOUT OPTIONS:
  LLDialog:
    :commit: d26a1c8c51101f1b50f5f2eaa1c2c893e6d21a57
    :git: https://github.com/LiulietLee/LLDialog.git
  MaterialKit:
    :commit: 6f7618bbdcbbebb462e0572ebd4c160e76123f53
    :git: https://github.com/ApolloZhu/MaterialKit.git
  SWRevealViewController:
    :commit: bb4a110989d67a5fc5f5c533cacc92f6cb02f5e2
    :git: https://github.com/John-Lluch/SWRevealViewController.git

SPEC CHECKSUMS:
  LLDialog: 471eb81049e4912431383c0f192ee7dc9b4d4366
  MaterialKit: 47adee85449c3c5b4c29bb1a6a83a94b47504adc
  SWRevealViewController: b653f339865208c97be99a24876545f5be0cc4bb
  ViewAnimator: 28b9ef703e280a02852b1271ef36295ea96eae4b

PODFILE CHECKSUM: e453e40c4826ff97ae564e0f6a964b6e83240398

COCOAPODS: 1.6.1
