PODS:
  - MaterialKit (0.6.3)
  - SWRevealViewController (2.4.0)
  - ViewAnimator (2.2.2)

DEPENDENCIES:
  - MaterialKit (from `https://github.com/ApolloZhu/MaterialKit.git`)
  - SWRevealViewController (from `https://github.com/John-Lluch/SWRevealViewController.git`)
  - ViewAnimator

SPEC REPOS:
  https://github.com/cocoapods/specs.git:
    - ViewAnimator

EXTERNAL SOURCES:
  MaterialKit:
    :git: https://github.com/ApolloZhu/MaterialKit.git
  SWRevealViewController:
    :git: https://github.com/John-Lluch/SWRevealViewController.git

CHECKOUT OPTIONS:
  MaterialKit:
    :commit: 8c8945933856e01c7c1af139d998093557f81d2a
    :git: https://github.com/ApolloZhu/MaterialKit.git
  SWRevealViewController:
    :commit: bb4a110989d67a5fc5f5c533cacc92f6cb02f5e2
    :git: https://github.com/John-Lluch/SWRevealViewController.git

SPEC CHECKSUMS:
  MaterialKit: f864cde5329f1c8f88a197fb4060a34c5a216c8b
  SWRevealViewController: b653f339865208c97be99a24876545f5be0cc4bb
  ViewAnimator: 6eaa112663b6a2d9e6b2573df65b416dd051cbe4

PODFILE CHECKSUM: 7a3df114c8b6f0a900e75264b07059c6dc5b8123

COCOAPODS: 1.5.3
