// !$*UTF8*$!
{
	archiveVersion = 1;
	classes = {
	};
	objectVersion = 46;
	objects = {

/* Begin PBXBuildFile section */
		4F04A0D41F23195A007D86B1 /* SetHistoryNumViewController.swift in Sources */ = {isa = PBXBuildFile; fileRef = 4F04A0D31F23195A007D86B1 /* SetHistoryNumViewController.swift */; };
		4F0C72771F7CD5DE006C9BC5 /* GoogleService-Info.plist in Resources */ = {isa = PBXBuildFile; fileRef = 4F0C72761F7CD5AD006C9BC5 /* GoogleService-Info.plist */; };
		4F26AA811F14D32400E1123D /* ColoredNavController.swift in Sources */ = {isa = PBXBuildFile; fileRef = 4F26AA801F14D32400E1123D /* ColoredNavController.swift */; };
		4F26AA831F14D3D400E1123D /* SakuraNavController.swift in Sources */ = {isa = PBXBuildFile; fileRef = 4F26AA821F14D3D400E1123D /* SakuraNavController.swift */; };
		4F26AA851F14D45900E1123D /* BrownNavController.swift in Sources */ = {isa = PBXBuildFile; fileRef = 4F26AA841F14D45900E1123D /* BrownNavController.swift */; };
		4F26AA871F14D51100E1123D /* GreyNavController.swift in Sources */ = {isa = PBXBuildFile; fileRef = 4F26AA861F14D51100E1123D /* GreyNavController.swift */; };
		4F2AFBA41F21FBD100AA7CC7 /* HistoryViewController.swift in Sources */ = {isa = PBXBuildFile; fileRef = 4F2AFBA31F21FBD100AA7CC7 /* HistoryViewController.swift */; };
		4F2AFBA61F21FC6400AA7CC7 /* HistoryCell.swift in Sources */ = {isa = PBXBuildFile; fileRef = 4F2AFBA51F21FC6400AA7CC7 /* HistoryCell.swift */; };
		4F2DB5DB1F75F7D400FB2315 /* NotificationCenter.framework in Frameworks */ = {isa = PBXBuildFile; fileRef = 4F2DB5DA1F75F7D400FB2315 /* NotificationCenter.framework */; };
		4F2DB5DE1F75F7D400FB2315 /* TodayViewController.swift in Sources */ = {isa = PBXBuildFile; fileRef = 4F2DB5DD1F75F7D400FB2315 /* TodayViewController.swift */; };
		4F2DB5E11F75F7D400FB2315 /* MainInterface.storyboard in Resources */ = {isa = PBXBuildFile; fileRef = 4F2DB5DF1F75F7D400FB2315 /* MainInterface.storyboard */; };
		4F2DB5E51F75F7D400FB2315 /* BilibiliCD.appex in Embed App Extensions */ = {isa = PBXBuildFile; fileRef = 4F2DB5D91F75F7D400FB2315 /* BilibiliCD.appex */; settings = {ATTRIBUTES = (RemoveHeadersOnCopy, ); }; };
		4F3077B81F1768E000E1C1AF /* CoreDataModel.swift in Sources */ = {isa = PBXBuildFile; fileRef = 4F3077B71F1768E000E1C1AF /* CoreDataModel.swift */; };
		4F4157A21F1331000042FF40 /* SourceTableViewController.swift in Sources */ = {isa = PBXBuildFile; fileRef = 4F4157A11F1331000042FF40 /* SourceTableViewController.swift */; };
		4F4E60FC1F8DACE000BB9847 /* MotionDetector.swift in Sources */ = {isa = PBXBuildFile; fileRef = 4F4E60FB1F8DACE000BB9847 /* MotionDetector.swift */; };
		4F5041CA1F18AF1C00B59337 /* Assets.xcassets in Resources */ = {isa = PBXBuildFile; fileRef = 4F5041C91F18AF1C00B59337 /* Assets.xcassets */; };
		4F585B2A1F760B38004D1285 /* Info.swift in Sources */ = {isa = PBXBuildFile; fileRef = 4FE8FF701EF5000400D31840 /* Info.swift */; };
		4F585B2B1F760B38004D1285 /* NetworkingModel.swift in Sources */ = {isa = PBXBuildFile; fileRef = 4FE8FF6E1EF4FCC600D31840 /* NetworkingModel.swift */; };
		4F585B591F7627E2004D1285 /* Assets.xcassets in Resources */ = {isa = PBXBuildFile; fileRef = 4F5041C91F18AF1C00B59337 /* Assets.xcassets */; };
		4F6C86361F9C6C0700417A23 /* CheckLaunchTime.swift in Sources */ = {isa = PBXBuildFile; fileRef = 4F6C86351F9C6C0700417A23 /* CheckLaunchTime.swift */; };
		4F76B8801F8FB4FD00F714B9 /* HisTutViewController.swift in Sources */ = {isa = PBXBuildFile; fileRef = 4F76B87F1F8FB4FD00F714B9 /* HisTutViewController.swift */; };
		4F76B8A51F905CB200F714B9 /* HisTutPage in Resources */ = {isa = PBXBuildFile; fileRef = 4F76B8A41F905CB200F714B9 /* HisTutPage */; };
		4F76B8A71F90865B00F714B9 /* DetectiPhoneX.swift in Sources */ = {isa = PBXBuildFile; fileRef = 4F76B8A61F90865B00F714B9 /* DetectiPhoneX.swift */; };
		4F8385AD1F93AB050018D733 /* AnimateView.swift in Sources */ = {isa = PBXBuildFile; fileRef = 4F8385AC1F93AB050018D733 /* AnimateView.swift */; };
		4F8B90721F7B2E3800AB158D /* CoreDataStorage.swift in Sources */ = {isa = PBXBuildFile; fileRef = 4F8B90711F7B2E3800AB158D /* CoreDataStorage.swift */; };
		4F8B90731F7B2E3800AB158D /* CoreDataStorage.swift in Sources */ = {isa = PBXBuildFile; fileRef = 4F8B90711F7B2E3800AB158D /* CoreDataStorage.swift */; };
		4F959A7C1F8751650097DE30 /* BCD.xcdatamodeld in Sources */ = {isa = PBXBuildFile; fileRef = 4F99A9951F21F0B600AE4143 /* BCD.xcdatamodeld */; };
		4F959A7D1F8751760097DE30 /* CoreDataModel.swift in Sources */ = {isa = PBXBuildFile; fileRef = 4F3077B71F1768E000E1C1AF /* CoreDataModel.swift */; };
		4F99A9971F21F0B600AE4143 /* BCD.xcdatamodeld in Sources */ = {isa = PBXBuildFile; fileRef = 4F99A9951F21F0B600AE4143 /* BCD.xcdatamodeld */; };
		4F9B213F1F16187000D3BDD2 /* AboutViewController.swift in Sources */ = {isa = PBXBuildFile; fileRef = 4F9B213E1F16187000D3BDD2 /* AboutViewController.swift */; };
		4FA99A341F7661AE00CB2210 /* LLDialog.swift in Sources */ = {isa = PBXBuildFile; fileRef = 52BFDF781F5B2D29002EE246 /* LLDialog.swift */; };
		4FB044851F1F49CA00F96D5A /* TutorialContentViewController.swift in Sources */ = {isa = PBXBuildFile; fileRef = 4FB044841F1F49CA00F96D5A /* TutorialContentViewController.swift */; };
		4FB044871F1F49D800F96D5A /* TutorialViewController.swift in Sources */ = {isa = PBXBuildFile; fileRef = 4FB044861F1F49D800F96D5A /* TutorialViewController.swift */; };
		4FB3D9611F09DD9C0043066B /* LoadingView.swift in Sources */ = {isa = PBXBuildFile; fileRef = 4FB3D9601F09DD9C0043066B /* LoadingView.swift */; };
		4FBD1D591F1F40D400C1CD59 /* TutorialPageViewController.swift in Sources */ = {isa = PBXBuildFile; fileRef = 4FBD1D581F1F40D400C1CD59 /* TutorialPageViewController.swift */; };
		4FD163B91F1F279B0064CEC5 /* BlueNavController.swift in Sources */ = {isa = PBXBuildFile; fileRef = 4FD163B81F1F279B0064CEC5 /* BlueNavController.swift */; };
		4FDA093B1F07C6FE0096866C /* DetailViewController.swift in Sources */ = {isa = PBXBuildFile; fileRef = 4FDA093A1F07C6FE0096866C /* DetailViewController.swift */; };
		4FE8FF3E1EF4FC0600D31840 /* AppDelegate.swift in Sources */ = {isa = PBXBuildFile; fileRef = 4FE8FF3D1EF4FC0600D31840 /* AppDelegate.swift */; };
		4FE8FF401EF4FC0600D31840 /* MainViewController.swift in Sources */ = {isa = PBXBuildFile; fileRef = 4FE8FF3F1EF4FC0600D31840 /* MainViewController.swift */; };
		4FE8FF431EF4FC0600D31840 /* Main.storyboard in Resources */ = {isa = PBXBuildFile; fileRef = 4FE8FF411EF4FC0600D31840 /* Main.storyboard */; };
		4FE8FF4B1EF4FC0600D31840 /* LaunchScreen.storyboard in Resources */ = {isa = PBXBuildFile; fileRef = 4FE8FF491EF4FC0600D31840 /* LaunchScreen.storyboard */; };
		4FE8FF6F1EF4FCC600D31840 /* NetworkingModel.swift in Sources */ = {isa = PBXBuildFile; fileRef = 4FE8FF6E1EF4FCC600D31840 /* NetworkingModel.swift */; };
		4FE8FF711EF5000400D31840 /* Info.swift in Sources */ = {isa = PBXBuildFile; fileRef = 4FE8FF701EF5000400D31840 /* Info.swift */; };
		4FE8FF731EF5095B00D31840 /* ImageViewController.swift in Sources */ = {isa = PBXBuildFile; fileRef = 4FE8FF721EF5095B00D31840 /* ImageViewController.swift */; };
		4FE9A5431FA30023002CABF9 /* Waifu2xViewController.swift in Sources */ = {isa = PBXBuildFile; fileRef = 4FE9A5421FA30023002CABF9 /* Waifu2xViewController.swift */; };
		4FE9A54C1FA3019C002CABF9 /* ThreadPool.swift in Sources */ = {isa = PBXBuildFile; fileRef = 4FE9A5451FA3019C002CABF9 /* ThreadPool.swift */; };
		4FE9A54D1FA3019C002CABF9 /* UIImage+RunModel.swift in Sources */ = {isa = PBXBuildFile; fileRef = 4FE9A5461FA3019C002CABF9 /* UIImage+RunModel.swift */; };
		4FE9A54E1FA3019C002CABF9 /* UIImage+Reload.swift in Sources */ = {isa = PBXBuildFile; fileRef = 4FE9A5471FA3019C002CABF9 /* UIImage+Reload.swift */; };
		4FE9A54F1FA3019C002CABF9 /* UIImage+MultiArray.swift in Sources */ = {isa = PBXBuildFile; fileRef = 4FE9A5481FA3019C002CABF9 /* UIImage+MultiArray.swift */; };
		4FE9A5501FA3019C002CABF9 /* UIImage+IO.swift in Sources */ = {isa = PBXBuildFile; fileRef = 4FE9A5491FA3019C002CABF9 /* UIImage+IO.swift */; };
		4FE9A5511FA3019C002CABF9 /* UIImage+Crop.swift in Sources */ = {isa = PBXBuildFile; fileRef = 4FE9A54A1FA3019C002CABF9 /* UIImage+Crop.swift */; };
		4FE9A5521FA3019C002CABF9 /* UIImage+Bicubic.swift in Sources */ = {isa = PBXBuildFile; fileRef = 4FE9A54B1FA3019C002CABF9 /* UIImage+Bicubic.swift */; };
		4FE9A55D1FA30389002CABF9 /* photo_noise0_model.mlmodel in Sources */ = {isa = PBXBuildFile; fileRef = 4FE9A5531FA30387002CABF9 /* photo_noise0_model.mlmodel */; };
		4FE9A55E1FA30389002CABF9 /* anime_noise1_model.mlmodel in Sources */ = {isa = PBXBuildFile; fileRef = 4FE9A5541FA30388002CABF9 /* anime_noise1_model.mlmodel */; };
		4FE9A55F1FA30389002CABF9 /* photo_scale2x_model.mlmodel in Sources */ = {isa = PBXBuildFile; fileRef = 4FE9A5551FA30388002CABF9 /* photo_scale2x_model.mlmodel */; };
		4FE9A5601FA30389002CABF9 /* photo_noise2_model.mlmodel in Sources */ = {isa = PBXBuildFile; fileRef = 4FE9A5561FA30388002CABF9 /* photo_noise2_model.mlmodel */; };
		4FE9A5611FA30389002CABF9 /* anime_scale2x_model.mlmodel in Sources */ = {isa = PBXBuildFile; fileRef = 4FE9A5571FA30388002CABF9 /* anime_scale2x_model.mlmodel */; };
		4FE9A5621FA30389002CABF9 /* photo_noise3_model.mlmodel in Sources */ = {isa = PBXBuildFile; fileRef = 4FE9A5581FA30388002CABF9 /* photo_noise3_model.mlmodel */; };
		4FE9A5631FA30389002CABF9 /* photo_noise1_model.mlmodel in Sources */ = {isa = PBXBuildFile; fileRef = 4FE9A5591FA30388002CABF9 /* photo_noise1_model.mlmodel */; };
		4FE9A5641FA30389002CABF9 /* anime_noise2_model.mlmodel in Sources */ = {isa = PBXBuildFile; fileRef = 4FE9A55A1FA30389002CABF9 /* anime_noise2_model.mlmodel */; };
		4FE9A5651FA30389002CABF9 /* anime_noise3_model.mlmodel in Sources */ = {isa = PBXBuildFile; fileRef = 4FE9A55B1FA30389002CABF9 /* anime_noise3_model.mlmodel */; };
		4FE9A5661FA30389002CABF9 /* anime_noise0_model.mlmodel in Sources */ = {isa = PBXBuildFile; fileRef = 4FE9A55C1FA30389002CABF9 /* anime_noise0_model.mlmodel */; };
		4FF426D61F1FA61E00A8EF79 /* FindArtViewController.swift in Sources */ = {isa = PBXBuildFile; fileRef = 4FF426D51F1FA61E00A8EF79 /* FindArtViewController.swift */; };
		4FF6C4A91FA4324200A34870 /* UIImage+Gif.swift in Sources */ = {isa = PBXBuildFile; fileRef = 4FF6C4A81FA4324200A34870 /* UIImage+Gif.swift */; };
		4FF6C4AB1FA4337C00A34870 /* scaling.gif in Resources */ = {isa = PBXBuildFile; fileRef = 4FF6C4AA1FA4337C00A34870 /* scaling.gif */; };
		4FF6C4AD1FA44BD300A34870 /* ScalingViewController.swift in Sources */ = {isa = PBXBuildFile; fileRef = 4FF6C4AC1FA44BD300A34870 /* ScalingViewController.swift */; };
		4FFB80D31F970B2E00626CD7 /* Nudity.mlmodel in Sources */ = {isa = PBXBuildFile; fileRef = 4FFB80D21F970B2E00626CD7 /* Nudity.mlmodel */; };
		4FFB80D81F970B7800626CD7 /* UIImageToCVPixelBuffer.swift in Sources */ = {isa = PBXBuildFile; fileRef = 4FFB80D71F970B7800626CD7 /* UIImageToCVPixelBuffer.swift */; };
		4FFB80D91F970B8600626CD7 /* Nudity.mlmodel in Sources */ = {isa = PBXBuildFile; fileRef = 4FFB80D21F970B2E00626CD7 /* Nudity.mlmodel */; };
		4FFB80DA1F971D7300626CD7 /* UIImageToCVPixelBuffer.swift in Sources */ = {isa = PBXBuildFile; fileRef = 4FFB80D71F970B7800626CD7 /* UIImageToCVPixelBuffer.swift */; };
		528A30D0204B899C00EF40D9 /* URLSession+Extensions.swift in Sources */ = {isa = PBXBuildFile; fileRef = 528A30CC204B899400EF40D9 /* URLSession+Extensions.swift */; };
		528A30D1204B899C00EF40D9 /* URLSession+Extensions.swift in Sources */ = {isa = PBXBuildFile; fileRef = 528A30CC204B899400EF40D9 /* URLSession+Extensions.swift */; };
		528A30D2204B899C00EF40D9 /* BKVideo.swift in Sources */ = {isa = PBXBuildFile; fileRef = 528A30CD204B899500EF40D9 /* BKVideo.swift */; };
		528A30D3204B899C00EF40D9 /* BKVideo.swift in Sources */ = {isa = PBXBuildFile; fileRef = 528A30CD204B899500EF40D9 /* BKVideo.swift */; };
		528A30D4204B899C00EF40D9 /* BKApp.swift in Sources */ = {isa = PBXBuildFile; fileRef = 528A30CE204B899600EF40D9 /* BKApp.swift */; };
		528A30D5204B899C00EF40D9 /* BKApp.swift in Sources */ = {isa = PBXBuildFile; fileRef = 528A30CE204B899600EF40D9 /* BKApp.swift */; };
		528A30D6204B899C00EF40D9 /* BKVideo+Info.swift in Sources */ = {isa = PBXBuildFile; fileRef = 528A30CF204B899C00EF40D9 /* BKVideo+Info.swift */; };
		528A30D7204B899C00EF40D9 /* BKVideo+Info.swift in Sources */ = {isa = PBXBuildFile; fileRef = 528A30CF204B899C00EF40D9 /* BKVideo+Info.swift */; };
		528A30D9204B8D0000EF40D9 /* URL+Extensions.swift in Sources */ = {isa = PBXBuildFile; fileRef = 528A30D8204B8D0000EF40D9 /* URL+Extensions.swift */; };
		528A30DA204B8D0000EF40D9 /* URL+Extensions.swift in Sources */ = {isa = PBXBuildFile; fileRef = 528A30D8204B8D0000EF40D9 /* URL+Extensions.swift */; };
		5290FA032051B0DF00A1AAA4 /* ImageSaver.swift in Sources */ = {isa = PBXBuildFile; fileRef = 5290FA022051B0DF00A1AAA4 /* ImageSaver.swift */; };
		5290FA042051B19B00A1AAA4 /* ImageSaver.swift in Sources */ = {isa = PBXBuildFile; fileRef = 5290FA022051B0DF00A1AAA4 /* ImageSaver.swift */; };
		5292833D204BC44D009FEF65 /* UIImage+Gif.swift in Sources */ = {isa = PBXBuildFile; fileRef = 4FF6C4A81FA4324200A34870 /* UIImage+Gif.swift */; };
		52BFDF791F5B2D29002EE246 /* LLDialog.swift in Sources */ = {isa = PBXBuildFile; fileRef = 52BFDF781F5B2D29002EE246 /* LLDialog.swift */; };
		52E4E47D1F76C6A9008EF09C /* BilibiliCover.swift in Sources */ = {isa = PBXBuildFile; fileRef = 52E4E47C1F76C6A9008EF09C /* BilibiliCover.swift */; };
		52E4E47E1F76C6B6008EF09C /* BilibiliCover.swift in Sources */ = {isa = PBXBuildFile; fileRef = 52E4E47C1F76C6A9008EF09C /* BilibiliCover.swift */; };
		EBB2B5B133F4BE33C74FFDA4 /* Pods_BCD.framework in Frameworks */ = {isa = PBXBuildFile; fileRef = 018D8C88BE8E9E6C2D578E97 /* Pods_BCD.framework */; };
/* End PBXBuildFile section */

/* Begin PBXContainerItemProxy section */
		4F2DB5E31F75F7D400FB2315 /* PBXContainerItemProxy */ = {
			isa = PBXContainerItemProxy;
			containerPortal = 4FE8FF321EF4FC0600D31840 /* Project object */;
			proxyType = 1;
			remoteGlobalIDString = 4F2DB5D81F75F7D400FB2315;
			remoteInfo = BilibiliCD;
		};
/* End PBXContainerItemProxy section */

/* Begin PBXCopyFilesBuildPhase section */
		4F2DB5E91F75F7D400FB2315 /* Embed App Extensions */ = {
			isa = PBXCopyFilesBuildPhase;
			buildActionMask = 2147483647;
			dstPath = "";
			dstSubfolderSpec = 13;
			files = (
				4F2DB5E51F75F7D400FB2315 /* BilibiliCD.appex in Embed App Extensions */,
			);
			name = "Embed App Extensions";
			runOnlyForDeploymentPostprocessing = 0;
		};
		4F585B3D1F7614FD004D1285 /* Embed Frameworks */ = {
			isa = PBXCopyFilesBuildPhase;
			buildActionMask = 2147483647;
			dstPath = "";
			dstSubfolderSpec = 10;
			files = (
			);
			name = "Embed Frameworks";
			runOnlyForDeploymentPostprocessing = 0;
		};
/* End PBXCopyFilesBuildPhase section */

/* Begin PBXFileReference section */
		018D8C88BE8E9E6C2D578E97 /* Pods_BCD.framework */ = {isa = PBXFileReference; explicitFileType = wrapper.framework; includeInIndex = 0; path = Pods_BCD.framework; sourceTree = BUILT_PRODUCTS_DIR; };
		4F04A0D31F23195A007D86B1 /* SetHistoryNumViewController.swift */ = {isa = PBXFileReference; fileEncoding = 4; lastKnownFileType = sourcecode.swift; path = SetHistoryNumViewController.swift; sourceTree = "<group>"; };
		4F0C72761F7CD5AD006C9BC5 /* GoogleService-Info.plist */ = {isa = PBXFileReference; lastKnownFileType = text.plist.xml; path = "GoogleService-Info.plist"; sourceTree = "<group>"; };
		4F26AA801F14D32400E1123D /* ColoredNavController.swift */ = {isa = PBXFileReference; fileEncoding = 4; lastKnownFileType = sourcecode.swift; path = ColoredNavController.swift; sourceTree = "<group>"; };
		4F26AA821F14D3D400E1123D /* SakuraNavController.swift */ = {isa = PBXFileReference; fileEncoding = 4; lastKnownFileType = sourcecode.swift; path = SakuraNavController.swift; sourceTree = "<group>"; };
		4F26AA841F14D45900E1123D /* BrownNavController.swift */ = {isa = PBXFileReference; fileEncoding = 4; lastKnownFileType = sourcecode.swift; path = BrownNavController.swift; sourceTree = "<group>"; };
		4F26AA861F14D51100E1123D /* GreyNavController.swift */ = {isa = PBXFileReference; fileEncoding = 4; lastKnownFileType = sourcecode.swift; path = GreyNavController.swift; sourceTree = "<group>"; };
		4F2AFBA31F21FBD100AA7CC7 /* HistoryViewController.swift */ = {isa = PBXFileReference; fileEncoding = 4; lastKnownFileType = sourcecode.swift; path = HistoryViewController.swift; sourceTree = "<group>"; };
		4F2AFBA51F21FC6400AA7CC7 /* HistoryCell.swift */ = {isa = PBXFileReference; fileEncoding = 4; lastKnownFileType = sourcecode.swift; path = HistoryCell.swift; sourceTree = "<group>"; };
		4F2DB5D91F75F7D400FB2315 /* BilibiliCD.appex */ = {isa = PBXFileReference; explicitFileType = "wrapper.app-extension"; includeInIndex = 0; path = BilibiliCD.appex; sourceTree = BUILT_PRODUCTS_DIR; };
		4F2DB5DA1F75F7D400FB2315 /* NotificationCenter.framework */ = {isa = PBXFileReference; lastKnownFileType = wrapper.framework; name = NotificationCenter.framework; path = System/Library/Frameworks/NotificationCenter.framework; sourceTree = SDKROOT; };
		4F2DB5DD1F75F7D400FB2315 /* TodayViewController.swift */ = {isa = PBXFileReference; lastKnownFileType = sourcecode.swift; path = TodayViewController.swift; sourceTree = "<group>"; };
		4F2DB5E01F75F7D400FB2315 /* Base */ = {isa = PBXFileReference; lastKnownFileType = file.storyboard; name = Base; path = Base.lproj/MainInterface.storyboard; sourceTree = "<group>"; };
		4F2DB5E21F75F7D400FB2315 /* Info.plist */ = {isa = PBXFileReference; lastKnownFileType = text.plist.xml; path = Info.plist; sourceTree = "<group>"; };
		4F3077B71F1768E000E1C1AF /* CoreDataModel.swift */ = {isa = PBXFileReference; fileEncoding = 4; lastKnownFileType = sourcecode.swift; path = CoreDataModel.swift; sourceTree = "<group>"; };
		4F4157A11F1331000042FF40 /* SourceTableViewController.swift */ = {isa = PBXFileReference; fileEncoding = 4; lastKnownFileType = sourcecode.swift; path = SourceTableViewController.swift; sourceTree = "<group>"; };
		4F4E60FB1F8DACE000BB9847 /* MotionDetector.swift */ = {isa = PBXFileReference; lastKnownFileType = sourcecode.swift; path = MotionDetector.swift; sourceTree = "<group>"; };
		4F5041C91F18AF1C00B59337 /* Assets.xcassets */ = {isa = PBXFileReference; lastKnownFileType = folder.assetcatalog; path = Assets.xcassets; sourceTree = "<group>"; };
		4F6C86351F9C6C0700417A23 /* CheckLaunchTime.swift */ = {isa = PBXFileReference; lastKnownFileType = sourcecode.swift; path = CheckLaunchTime.swift; sourceTree = "<group>"; };
		4F76B87F1F8FB4FD00F714B9 /* HisTutViewController.swift */ = {isa = PBXFileReference; lastKnownFileType = sourcecode.swift; path = HisTutViewController.swift; sourceTree = "<group>"; };
		4F76B8A41F905CB200F714B9 /* HisTutPage */ = {isa = PBXFileReference; lastKnownFileType = folder; path = HisTutPage; sourceTree = "<group>"; };
		4F76B8A61F90865B00F714B9 /* DetectiPhoneX.swift */ = {isa = PBXFileReference; lastKnownFileType = sourcecode.swift; path = DetectiPhoneX.swift; sourceTree = "<group>"; };
		4F8385AC1F93AB050018D733 /* AnimateView.swift */ = {isa = PBXFileReference; lastKnownFileType = sourcecode.swift; path = AnimateView.swift; sourceTree = "<group>"; };
		4F8B90711F7B2E3800AB158D /* CoreDataStorage.swift */ = {isa = PBXFileReference; lastKnownFileType = sourcecode.swift; path = CoreDataStorage.swift; sourceTree = "<group>"; };
		4F99A9961F21F0B600AE4143 /* BCD.xcdatamodel */ = {isa = PBXFileReference; lastKnownFileType = wrapper.xcdatamodel; path = BCD.xcdatamodel; sourceTree = "<group>"; };
		4F9B213E1F16187000D3BDD2 /* AboutViewController.swift */ = {isa = PBXFileReference; fileEncoding = 4; lastKnownFileType = sourcecode.swift; path = AboutViewController.swift; sourceTree = "<group>"; };
		4FA99A371F775FDB00CB2210 /* BilibiliCD.entitlements */ = {isa = PBXFileReference; lastKnownFileType = text.plist.entitlements; path = BilibiliCD.entitlements; sourceTree = "<group>"; };
		4FB044841F1F49CA00F96D5A /* TutorialContentViewController.swift */ = {isa = PBXFileReference; fileEncoding = 4; lastKnownFileType = sourcecode.swift; path = TutorialContentViewController.swift; sourceTree = "<group>"; };
		4FB044861F1F49D800F96D5A /* TutorialViewController.swift */ = {isa = PBXFileReference; fileEncoding = 4; lastKnownFileType = sourcecode.swift; path = TutorialViewController.swift; sourceTree = "<group>"; };
		4FB3D9601F09DD9C0043066B /* LoadingView.swift */ = {isa = PBXFileReference; fileEncoding = 4; lastKnownFileType = sourcecode.swift; path = LoadingView.swift; sourceTree = "<group>"; };
		4FBD1D581F1F40D400C1CD59 /* TutorialPageViewController.swift */ = {isa = PBXFileReference; fileEncoding = 4; lastKnownFileType = sourcecode.swift; path = TutorialPageViewController.swift; sourceTree = "<group>"; };
		4FD163B81F1F279B0064CEC5 /* BlueNavController.swift */ = {isa = PBXFileReference; fileEncoding = 4; lastKnownFileType = sourcecode.swift; path = BlueNavController.swift; sourceTree = "<group>"; };
		4FD61C4C1F1CF64A00D61498 /* BCD.entitlements */ = {isa = PBXFileReference; lastKnownFileType = text.plist.entitlements; path = BCD.entitlements; sourceTree = "<group>"; };
		4FDA093A1F07C6FE0096866C /* DetailViewController.swift */ = {isa = PBXFileReference; fileEncoding = 4; lastKnownFileType = sourcecode.swift; path = DetailViewController.swift; sourceTree = "<group>"; };
		4FE8FF3A1EF4FC0600D31840 /* BilibiliCD.app */ = {isa = PBXFileReference; explicitFileType = wrapper.application; includeInIndex = 0; path = BilibiliCD.app; sourceTree = BUILT_PRODUCTS_DIR; };
		4FE8FF3D1EF4FC0600D31840 /* AppDelegate.swift */ = {isa = PBXFileReference; lastKnownFileType = sourcecode.swift; path = AppDelegate.swift; sourceTree = "<group>"; };
		4FE8FF3F1EF4FC0600D31840 /* MainViewController.swift */ = {isa = PBXFileReference; lastKnownFileType = sourcecode.swift; path = MainViewController.swift; sourceTree = "<group>"; };
		4FE8FF421EF4FC0600D31840 /* Base */ = {isa = PBXFileReference; lastKnownFileType = file.storyboard; name = Base; path = Base.lproj/Main.storyboard; sourceTree = "<group>"; };
		4FE8FF4A1EF4FC0600D31840 /* Base */ = {isa = PBXFileReference; lastKnownFileType = file.storyboard; name = Base; path = Base.lproj/LaunchScreen.storyboard; sourceTree = "<group>"; };
		4FE8FF4C1EF4FC0600D31840 /* Info.plist */ = {isa = PBXFileReference; lastKnownFileType = text.plist.xml; path = Info.plist; sourceTree = "<group>"; };
		4FE8FF6E1EF4FCC600D31840 /* NetworkingModel.swift */ = {isa = PBXFileReference; fileEncoding = 4; lastKnownFileType = sourcecode.swift; path = NetworkingModel.swift; sourceTree = "<group>"; };
		4FE8FF701EF5000400D31840 /* Info.swift */ = {isa = PBXFileReference; fileEncoding = 4; lastKnownFileType = sourcecode.swift; path = Info.swift; sourceTree = "<group>"; };
		4FE8FF721EF5095B00D31840 /* ImageViewController.swift */ = {isa = PBXFileReference; fileEncoding = 4; lastKnownFileType = sourcecode.swift; path = ImageViewController.swift; sourceTree = "<group>"; };
		4FE9A5421FA30023002CABF9 /* Waifu2xViewController.swift */ = {isa = PBXFileReference; lastKnownFileType = sourcecode.swift; path = Waifu2xViewController.swift; sourceTree = "<group>"; };
		4FE9A5451FA3019C002CABF9 /* ThreadPool.swift */ = {isa = PBXFileReference; fileEncoding = 4; lastKnownFileType = sourcecode.swift; path = ThreadPool.swift; sourceTree = "<group>"; };
		4FE9A5461FA3019C002CABF9 /* UIImage+RunModel.swift */ = {isa = PBXFileReference; fileEncoding = 4; lastKnownFileType = sourcecode.swift; path = "UIImage+RunModel.swift"; sourceTree = "<group>"; };
		4FE9A5471FA3019C002CABF9 /* UIImage+Reload.swift */ = {isa = PBXFileReference; fileEncoding = 4; lastKnownFileType = sourcecode.swift; path = "UIImage+Reload.swift"; sourceTree = "<group>"; };
		4FE9A5481FA3019C002CABF9 /* UIImage+MultiArray.swift */ = {isa = PBXFileReference; fileEncoding = 4; lastKnownFileType = sourcecode.swift; path = "UIImage+MultiArray.swift"; sourceTree = "<group>"; };
		4FE9A5491FA3019C002CABF9 /* UIImage+IO.swift */ = {isa = PBXFileReference; fileEncoding = 4; lastKnownFileType = sourcecode.swift; path = "UIImage+IO.swift"; sourceTree = "<group>"; };
		4FE9A54A1FA3019C002CABF9 /* UIImage+Crop.swift */ = {isa = PBXFileReference; fileEncoding = 4; lastKnownFileType = sourcecode.swift; path = "UIImage+Crop.swift"; sourceTree = "<group>"; };
		4FE9A54B1FA3019C002CABF9 /* UIImage+Bicubic.swift */ = {isa = PBXFileReference; fileEncoding = 4; lastKnownFileType = sourcecode.swift; path = "UIImage+Bicubic.swift"; sourceTree = "<group>"; };
		4FE9A5531FA30387002CABF9 /* photo_noise0_model.mlmodel */ = {isa = PBXFileReference; lastKnownFileType = file.mlmodel; path = photo_noise0_model.mlmodel; sourceTree = "<group>"; };
		4FE9A5541FA30388002CABF9 /* anime_noise1_model.mlmodel */ = {isa = PBXFileReference; lastKnownFileType = file.mlmodel; path = anime_noise1_model.mlmodel; sourceTree = "<group>"; };
		4FE9A5551FA30388002CABF9 /* photo_scale2x_model.mlmodel */ = {isa = PBXFileReference; lastKnownFileType = file.mlmodel; path = photo_scale2x_model.mlmodel; sourceTree = "<group>"; };
		4FE9A5561FA30388002CABF9 /* photo_noise2_model.mlmodel */ = {isa = PBXFileReference; lastKnownFileType = file.mlmodel; path = photo_noise2_model.mlmodel; sourceTree = "<group>"; };
		4FE9A5571FA30388002CABF9 /* anime_scale2x_model.mlmodel */ = {isa = PBXFileReference; lastKnownFileType = file.mlmodel; path = anime_scale2x_model.mlmodel; sourceTree = "<group>"; };
		4FE9A5581FA30388002CABF9 /* photo_noise3_model.mlmodel */ = {isa = PBXFileReference; lastKnownFileType = file.mlmodel; path = photo_noise3_model.mlmodel; sourceTree = "<group>"; };
		4FE9A5591FA30388002CABF9 /* photo_noise1_model.mlmodel */ = {isa = PBXFileReference; lastKnownFileType = file.mlmodel; path = photo_noise1_model.mlmodel; sourceTree = "<group>"; };
		4FE9A55A1FA30389002CABF9 /* anime_noise2_model.mlmodel */ = {isa = PBXFileReference; lastKnownFileType = file.mlmodel; path = anime_noise2_model.mlmodel; sourceTree = "<group>"; };
		4FE9A55B1FA30389002CABF9 /* anime_noise3_model.mlmodel */ = {isa = PBXFileReference; lastKnownFileType = file.mlmodel; path = anime_noise3_model.mlmodel; sourceTree = "<group>"; };
		4FE9A55C1FA30389002CABF9 /* anime_noise0_model.mlmodel */ = {isa = PBXFileReference; lastKnownFileType = file.mlmodel; path = anime_noise0_model.mlmodel; sourceTree = "<group>"; };
		4FF426D51F1FA61E00A8EF79 /* FindArtViewController.swift */ = {isa = PBXFileReference; fileEncoding = 4; lastKnownFileType = sourcecode.swift; path = FindArtViewController.swift; sourceTree = "<group>"; };
		4FF6C4A81FA4324200A34870 /* UIImage+Gif.swift */ = {isa = PBXFileReference; fileEncoding = 4; lastKnownFileType = sourcecode.swift; path = "UIImage+Gif.swift"; sourceTree = "<group>"; };
		4FF6C4AA1FA4337C00A34870 /* scaling.gif */ = {isa = PBXFileReference; lastKnownFileType = image.gif; path = scaling.gif; sourceTree = "<group>"; };
		4FF6C4AC1FA44BD300A34870 /* ScalingViewController.swift */ = {isa = PBXFileReference; lastKnownFileType = sourcecode.swift; path = ScalingViewController.swift; sourceTree = "<group>"; };
		4FFB80D21F970B2E00626CD7 /* Nudity.mlmodel */ = {isa = PBXFileReference; lastKnownFileType = file.mlmodel; path = Nudity.mlmodel; sourceTree = "<group>"; };
		4FFB80D71F970B7800626CD7 /* UIImageToCVPixelBuffer.swift */ = {isa = PBXFileReference; fileEncoding = 4; lastKnownFileType = sourcecode.swift; path = UIImageToCVPixelBuffer.swift; sourceTree = "<group>"; };
		526B5BCC202EEA2D00E76FB3 /* README.md */ = {isa = PBXFileReference; lastKnownFileType = net.daringfireball.markdown; path = README.md; sourceTree = "<group>"; };
		528A30CC204B899400EF40D9 /* URLSession+Extensions.swift */ = {isa = PBXFileReference; fileEncoding = 4; lastKnownFileType = sourcecode.swift; path = "URLSession+Extensions.swift"; sourceTree = "<group>"; };
		528A30CD204B899500EF40D9 /* BKVideo.swift */ = {isa = PBXFileReference; fileEncoding = 4; lastKnownFileType = sourcecode.swift; path = BKVideo.swift; sourceTree = "<group>"; };
		528A30CE204B899600EF40D9 /* BKApp.swift */ = {isa = PBXFileReference; fileEncoding = 4; lastKnownFileType = sourcecode.swift; path = BKApp.swift; sourceTree = "<group>"; };
		528A30CF204B899C00EF40D9 /* BKVideo+Info.swift */ = {isa = PBXFileReference; fileEncoding = 4; lastKnownFileType = sourcecode.swift; path = "BKVideo+Info.swift"; sourceTree = "<group>"; };
		528A30D8204B8D0000EF40D9 /* URL+Extensions.swift */ = {isa = PBXFileReference; fileEncoding = 4; lastKnownFileType = sourcecode.swift; path = "URL+Extensions.swift"; sourceTree = "<group>"; };
		5290FA022051B0DF00A1AAA4 /* ImageSaver.swift */ = {isa = PBXFileReference; lastKnownFileType = sourcecode.swift; path = ImageSaver.swift; sourceTree = "<group>"; };
		52BFDF781F5B2D29002EE246 /* LLDialog.swift */ = {isa = PBXFileReference; fileEncoding = 4; lastKnownFileType = sourcecode.swift; path = LLDialog.swift; sourceTree = "<group>"; };
		52E4E47C1F76C6A9008EF09C /* BilibiliCover.swift */ = {isa = PBXFileReference; lastKnownFileType = sourcecode.swift; path = BilibiliCover.swift; sourceTree = "<group>"; };
		5E33A0B9EFD979D55C5FC63C /* Pods_BilibiliCD.framework */ = {isa = PBXFileReference; explicitFileType = wrapper.framework; includeInIndex = 0; path = Pods_BilibiliCD.framework; sourceTree = BUILT_PRODUCTS_DIR; };
		8A8078299F9F4EA6B414ED7D /* Pods-BCD.debug.xcconfig */ = {isa = PBXFileReference; includeInIndex = 1; lastKnownFileType = text.xcconfig; name = "Pods-BCD.debug.xcconfig"; path = "Pods/Target Support Files/Pods-BCD/Pods-BCD.debug.xcconfig"; sourceTree = "<group>"; };
		FD6425538132C362B8653B3A /* Pods-BCD.release.xcconfig */ = {isa = PBXFileReference; includeInIndex = 1; lastKnownFileType = text.xcconfig; name = "Pods-BCD.release.xcconfig"; path = "Pods/Target Support Files/Pods-BCD/Pods-BCD.release.xcconfig"; sourceTree = "<group>"; };
/* End PBXFileReference section */

/* Begin PBXFrameworksBuildPhase section */
		4F2DB5D61F75F7D400FB2315 /* Frameworks */ = {
			isa = PBXFrameworksBuildPhase;
			buildActionMask = 2147483647;
			files = (
				4F2DB5DB1F75F7D400FB2315 /* NotificationCenter.framework in Frameworks */,
			);
			runOnlyForDeploymentPostprocessing = 0;
		};
		4FE8FF371EF4FC0600D31840 /* Frameworks */ = {
			isa = PBXFrameworksBuildPhase;
			buildActionMask = 2147483647;
			files = (
				EBB2B5B133F4BE33C74FFDA4 /* Pods_BCD.framework in Frameworks */,
			);
			runOnlyForDeploymentPostprocessing = 0;
		};
/* End PBXFrameworksBuildPhase section */

/* Begin PBXGroup section */
		4F04A0D51F2321EB007D86B1 /* NavigationController */ = {
			isa = PBXGroup;
			children = (
				4F26AA801F14D32400E1123D /* ColoredNavController.swift */,
				4F26AA821F14D3D400E1123D /* SakuraNavController.swift */,
				4F26AA841F14D45900E1123D /* BrownNavController.swift */,
				4F26AA861F14D51100E1123D /* GreyNavController.swift */,
				4FD163B81F1F279B0064CEC5 /* BlueNavController.swift */,
			);
			name = NavigationController;
			sourceTree = "<group>";
		};
		4F2DB5DC1F75F7D400FB2315 /* BilibiliCD */ = {
			isa = PBXGroup;
			children = (
				4FA99A371F775FDB00CB2210 /* BilibiliCD.entitlements */,
				4F2DB5DD1F75F7D400FB2315 /* TodayViewController.swift */,
				4F2DB5DF1F75F7D400FB2315 /* MainInterface.storyboard */,
				4F2DB5E21F75F7D400FB2315 /* Info.plist */,
			);
			path = BilibiliCD;
			sourceTree = "<group>";
		};
		4F3077951F17478100E1C1AF /* Frameworks */ = {
			isa = PBXGroup;
			children = (
				018D8C88BE8E9E6C2D578E97 /* Pods_BCD.framework */,
				4F2DB5DA1F75F7D400FB2315 /* NotificationCenter.framework */,
				5E33A0B9EFD979D55C5FC63C /* Pods_BilibiliCD.framework */,
			);
			name = Frameworks;
			sourceTree = "<group>";
		};
		4F5BE2F51EFAA1040054C53F /* ViewController */ = {
			isa = PBXGroup;
			children = (
				4FE8FF3F1EF4FC0600D31840 /* MainViewController.swift */,
				4FE8FF721EF5095B00D31840 /* ImageViewController.swift */,
				4FDA093A1F07C6FE0096866C /* DetailViewController.swift */,
				4F9B213E1F16187000D3BDD2 /* AboutViewController.swift */,
				4F4157A11F1331000042FF40 /* SourceTableViewController.swift */,
				4F2AFBA31F21FBD100AA7CC7 /* HistoryViewController.swift */,
				4FB044861F1F49D800F96D5A /* TutorialViewController.swift */,
				4FBD1D581F1F40D400C1CD59 /* TutorialPageViewController.swift */,
				4FB044841F1F49CA00F96D5A /* TutorialContentViewController.swift */,
				4FF426D51F1FA61E00A8EF79 /* FindArtViewController.swift */,
				4F04A0D31F23195A007D86B1 /* SetHistoryNumViewController.swift */,
				4F76B87F1F8FB4FD00F714B9 /* HisTutViewController.swift */,
				4FE9A5421FA30023002CABF9 /* Waifu2xViewController.swift */,
				4FF6C4AC1FA44BD300A34870 /* ScalingViewController.swift */,
				4F04A0D51F2321EB007D86B1 /* NavigationController */,
			);
			name = ViewController;
			sourceTree = "<group>";
		};
		4F5BE2F61EFAA1170054C53F /* Model */ = {
			isa = PBXGroup;
			children = (
				4FFB80D41F970B3600626CD7 /* Core ML */,
				4F4E60FB1F8DACE000BB9847 /* MotionDetector.swift */,
				4F3077B71F1768E000E1C1AF /* CoreDataModel.swift */,
				4F99A9951F21F0B600AE4143 /* BCD.xcdatamodeld */,
				4F6C86351F9C6C0700417A23 /* CheckLaunchTime.swift */,
				4FF6C4A81FA4324200A34870 /* UIImage+Gif.swift */,
			);
			name = Model;
			sourceTree = "<group>";
		};
		4F5BE2F71EFAA12B0054C53F /* User Interface */ = {
			isa = PBXGroup;
			children = (
				4FF6C4AA1FA4337C00A34870 /* scaling.gif */,
				4F5041C91F18AF1C00B59337 /* Assets.xcassets */,
				4FE8FF491EF4FC0600D31840 /* LaunchScreen.storyboard */,
				4FE8FF411EF4FC0600D31840 /* Main.storyboard */,
				4F2AFBA51F21FC6400AA7CC7 /* HistoryCell.swift */,
				4F76B8A61F90865B00F714B9 /* DetectiPhoneX.swift */,
				4F8385AC1F93AB050018D733 /* AnimateView.swift */,
				52BFDF781F5B2D29002EE246 /* LLDialog.swift */,
				4FB3D9601F09DD9C0043066B /* LoadingView.swift */,
			);
			name = "User Interface";
			sourceTree = "<group>";
		};
		4F5BE2F81EFAA13A0054C53F /* Supporting File */ = {
			isa = PBXGroup;
			children = (
				4FD61C4C1F1CF64A00D61498 /* BCD.entitlements */,
				4F0C72761F7CD5AD006C9BC5 /* GoogleService-Info.plist */,
				4FE8FF3D1EF4FC0600D31840 /* AppDelegate.swift */,
				4FE8FF4C1EF4FC0600D31840 /* Info.plist */,
			);
			name = "Supporting File";
			sourceTree = "<group>";
		};
		4FE8FF311EF4FC0600D31840 = {
			isa = PBXGroup;
			children = (
				526B5BCC202EEA2D00E76FB3 /* README.md */,
				52E4E47F1F76CF95008EF09C /* Shared */,
				4FE8FF3C1EF4FC0600D31840 /* BCD */,
				4F2DB5DC1F75F7D400FB2315 /* BilibiliCD */,
				4FE8FF3B1EF4FC0600D31840 /* Products */,
				4F3077951F17478100E1C1AF /* Frameworks */,
				9F8777D193FA8FFCFE41B3E0 /* Pods */,
			);
			sourceTree = "<group>";
		};
		4FE8FF3B1EF4FC0600D31840 /* Products */ = {
			isa = PBXGroup;
			children = (
				4FE8FF3A1EF4FC0600D31840 /* BilibiliCD.app */,
				4F2DB5D91F75F7D400FB2315 /* BilibiliCD.appex */,
			);
			name = Products;
			sourceTree = "<group>";
		};
		4FE8FF3C1EF4FC0600D31840 /* BCD */ = {
			isa = PBXGroup;
			children = (
				4F76B8A41F905CB200F714B9 /* HisTutPage */,
				4F5BE2F81EFAA13A0054C53F /* Supporting File */,
				4F5BE2F71EFAA12B0054C53F /* User Interface */,
				4F5BE2F61EFAA1170054C53F /* Model */,
				4F5BE2F51EFAA1040054C53F /* ViewController */,
			);
			path = BCD;
			sourceTree = "<group>";
		};
		4FE9A5441FA3019C002CABF9 /* Utils */ = {
			isa = PBXGroup;
			children = (
				4FE9A5451FA3019C002CABF9 /* ThreadPool.swift */,
				4FE9A5461FA3019C002CABF9 /* UIImage+RunModel.swift */,
				4FE9A5471FA3019C002CABF9 /* UIImage+Reload.swift */,
				4FE9A5481FA3019C002CABF9 /* UIImage+MultiArray.swift */,
				4FE9A5491FA3019C002CABF9 /* UIImage+IO.swift */,
				4FE9A54A1FA3019C002CABF9 /* UIImage+Crop.swift */,
				4FE9A54B1FA3019C002CABF9 /* UIImage+Bicubic.swift */,
			);
			path = Utils;
			sourceTree = "<group>";
		};
		4FFB80D41F970B3600626CD7 /* Core ML */ = {
			isa = PBXGroup;
			children = (
				4FE9A5441FA3019C002CABF9 /* Utils */,
				4FE9A55C1FA30389002CABF9 /* anime_noise0_model.mlmodel */,
				4FE9A5541FA30388002CABF9 /* anime_noise1_model.mlmodel */,
				4FE9A55A1FA30389002CABF9 /* anime_noise2_model.mlmodel */,
				4FE9A55B1FA30389002CABF9 /* anime_noise3_model.mlmodel */,
				4FE9A5571FA30388002CABF9 /* anime_scale2x_model.mlmodel */,
				4FE9A5531FA30387002CABF9 /* photo_noise0_model.mlmodel */,
				4FE9A5591FA30388002CABF9 /* photo_noise1_model.mlmodel */,
				4FE9A5561FA30388002CABF9 /* photo_noise2_model.mlmodel */,
				4FE9A5581FA30388002CABF9 /* photo_noise3_model.mlmodel */,
				4FE9A5551FA30388002CABF9 /* photo_scale2x_model.mlmodel */,
				4FFB80D21F970B2E00626CD7 /* Nudity.mlmodel */,
				4FFB80D71F970B7800626CD7 /* UIImageToCVPixelBuffer.swift */,
			);
			name = "Core ML";
			sourceTree = "<group>";
		};
		528A30CB204B889800EF40D9 /* BilibiliKit */ = {
			isa = PBXGroup;
			children = (
				528A30CE204B899600EF40D9 /* BKApp.swift */,
				528A30CD204B899500EF40D9 /* BKVideo.swift */,
				528A30CF204B899C00EF40D9 /* BKVideo+Info.swift */,
				528A30D8204B8D0000EF40D9 /* URL+Extensions.swift */,
				528A30CC204B899400EF40D9 /* URLSession+Extensions.swift */,
			);
			path = BilibiliKit;
			sourceTree = "<group>";
		};
		52E4E47F1F76CF95008EF09C /* Shared */ = {
			isa = PBXGroup;
			children = (
				528A30CB204B889800EF40D9 /* BilibiliKit */,
				4F8B90711F7B2E3800AB158D /* CoreDataStorage.swift */,
				4FE8FF701EF5000400D31840 /* Info.swift */,
				4FE8FF6E1EF4FCC600D31840 /* NetworkingModel.swift */,
				52E4E47C1F76C6A9008EF09C /* BilibiliCover.swift */,
				5290FA022051B0DF00A1AAA4 /* ImageSaver.swift */,
			);
			path = Shared;
			sourceTree = "<group>";
		};
		9F8777D193FA8FFCFE41B3E0 /* Pods */ = {
			isa = PBXGroup;
			children = (
				8A8078299F9F4EA6B414ED7D /* Pods-BCD.debug.xcconfig */,
				FD6425538132C362B8653B3A /* Pods-BCD.release.xcconfig */,
			);
			name = Pods;
			sourceTree = "<group>";
		};
/* End PBXGroup section */

/* Begin PBXNativeTarget section */
		4F2DB5D81F75F7D400FB2315 /* BilibiliCD */ = {
			isa = PBXNativeTarget;
			buildConfigurationList = 4F2DB5E81F75F7D400FB2315 /* Build configuration list for PBXNativeTarget "BilibiliCD" */;
			buildPhases = (
				4F2DB5D51F75F7D400FB2315 /* Sources */,
				4F2DB5D61F75F7D400FB2315 /* Frameworks */,
				4F2DB5D71F75F7D400FB2315 /* Resources */,
			);
			buildRules = (
			);
			dependencies = (
			);
			name = BilibiliCD;
			productName = BilibiliCD;
			productReference = 4F2DB5D91F75F7D400FB2315 /* BilibiliCD.appex */;
			productType = "com.apple.product-type.app-extension";
		};
		4FE8FF391EF4FC0600D31840 /* BCD */ = {
			isa = PBXNativeTarget;
			buildConfigurationList = 4FE8FF651EF4FC0600D31840 /* Build configuration list for PBXNativeTarget "BCD" */;
			buildPhases = (
				0BAFF8C5C4560CD26254462B /* [CP] Check Pods Manifest.lock */,
				4FE8FF361EF4FC0600D31840 /* Sources */,
				4FE8FF371EF4FC0600D31840 /* Frameworks */,
				4FE8FF381EF4FC0600D31840 /* Resources */,
				5AED74E885AB7EFE68AF69D1 /* [CP] Embed Pods Frameworks */,
				A539433C3C43E3E011A81045 /* [CP] Copy Pods Resources */,
				4F2DB5E91F75F7D400FB2315 /* Embed App Extensions */,
				4F585B3D1F7614FD004D1285 /* Embed Frameworks */,
			);
			buildRules = (
			);
			dependencies = (
				4F2DB5E41F75F7D400FB2315 /* PBXTargetDependency */,
			);
			name = BCD;
			productName = BCD;
			productReference = 4FE8FF3A1EF4FC0600D31840 /* BilibiliCD.app */;
			productType = "com.apple.product-type.application";
		};
/* End PBXNativeTarget section */

/* Begin PBXProject section */
		4FE8FF321EF4FC0600D31840 /* Project object */ = {
			isa = PBXProject;
			attributes = {
				LastSwiftUpdateCheck = 0900;
				LastUpgradeCheck = 0930;
				ORGANIZATIONNAME = Liuliet.Lee;
				TargetAttributes = {
					4F2DB5D81F75F7D400FB2315 = {
						CreatedOnToolsVersion = 9.0;
						DevelopmentTeam = ANB6MDJTLF;
						ProvisioningStyle = Automatic;
						SystemCapabilities = {
							com.apple.ApplicationGroups.iOS = {
								enabled = 1;
							};
						};
					};
					4FE8FF391EF4FC0600D31840 = {
						CreatedOnToolsVersion = 8.3.2;
						DevelopmentTeam = ANB6MDJTLF;
						LastSwiftMigration = 0900;
						ProvisioningStyle = Automatic;
						SystemCapabilities = {
							com.apple.ApplicationGroups.iOS = {
								enabled = 1;
							};
							com.apple.BackgroundModes = {
								enabled = 0;
							};
							com.apple.Push = {
								enabled = 1;
							};
							com.apple.iCloud = {
								enabled = 0;
							};
						};
					};
				};
			};
			buildConfigurationList = 4FE8FF351EF4FC0600D31840 /* Build configuration list for PBXProject "BCD" */;
			compatibilityVersion = "Xcode 3.2";
			developmentRegion = English;
			hasScannedForEncodings = 0;
			knownRegions = (
				en,
				Base,
			);
			mainGroup = 4FE8FF311EF4FC0600D31840;
			productRefGroup = 4FE8FF3B1EF4FC0600D31840 /* Products */;
			projectDirPath = "";
			projectRoot = "";
			targets = (
				4FE8FF391EF4FC0600D31840 /* BCD */,
				4F2DB5D81F75F7D400FB2315 /* BilibiliCD */,
			);
		};
/* End PBXProject section */

/* Begin PBXResourcesBuildPhase section */
		4F2DB5D71F75F7D400FB2315 /* Resources */ = {
			isa = PBXResourcesBuildPhase;
			buildActionMask = 2147483647;
			files = (
				4F585B591F7627E2004D1285 /* Assets.xcassets in Resources */,
				4F2DB5E11F75F7D400FB2315 /* MainInterface.storyboard in Resources */,
			);
			runOnlyForDeploymentPostprocessing = 0;
		};
		4FE8FF381EF4FC0600D31840 /* Resources */ = {
			isa = PBXResourcesBuildPhase;
			buildActionMask = 2147483647;
			files = (
				4FE8FF4B1EF4FC0600D31840 /* LaunchScreen.storyboard in Resources */,
				4F0C72771F7CD5DE006C9BC5 /* GoogleService-Info.plist in Resources */,
				4F5041CA1F18AF1C00B59337 /* Assets.xcassets in Resources */,
				4FE8FF431EF4FC0600D31840 /* Main.storyboard in Resources */,
				4FF6C4AB1FA4337C00A34870 /* scaling.gif in Resources */,
				4F76B8A51F905CB200F714B9 /* HisTutPage in Resources */,
			);
			runOnlyForDeploymentPostprocessing = 0;
		};
/* End PBXResourcesBuildPhase section */

/* Begin PBXShellScriptBuildPhase section */
		0BAFF8C5C4560CD26254462B /* [CP] Check Pods Manifest.lock */ = {
			isa = PBXShellScriptBuildPhase;
			buildActionMask = 2147483647;
			files = (
			);
			inputPaths = (
				"${PODS_PODFILE_DIR_PATH}/Podfile.lock",
				"${PODS_ROOT}/Manifest.lock",
			);
			name = "[CP] Check Pods Manifest.lock";
			outputPaths = (
				"$(DERIVED_FILE_DIR)/Pods-BCD-checkManifestLockResult.txt",
			);
			runOnlyForDeploymentPostprocessing = 0;
			shellPath = /bin/sh;
			shellScript = "diff \"${PODS_PODFILE_DIR_PATH}/Podfile.lock\" \"${PODS_ROOT}/Manifest.lock\" > /dev/null\nif [ $? != 0 ] ; then\n    # print error to STDERR\n    echo \"error: The sandbox is not in sync with the Podfile.lock. Run 'pod install' or update your CocoaPods installation.\" >&2\n    exit 1\nfi\n# This output is used by Xcode 'outputs' to avoid re-running this script phase.\necho \"SUCCESS\" > \"${SCRIPT_OUTPUT_FILE_0}\"\n";
			showEnvVarsInLog = 0;
		};
		5AED74E885AB7EFE68AF69D1 /* [CP] Embed Pods Frameworks */ = {
			isa = PBXShellScriptBuildPhase;
			buildActionMask = 2147483647;
			files = (
			);
			inputPaths = (
				"${SRCROOT}/Pods/Target Support Files/Pods-BCD/Pods-BCD-frameworks.sh",
				"${BUILT_PRODUCTS_DIR}/BilibiliKit/BilibiliKit.framework",
				"${BUILT_PRODUCTS_DIR}/Device/Device.framework",
				"${BUILT_PRODUCTS_DIR}/MaterialKit/MaterialKit.framework",
				"${BUILT_PRODUCTS_DIR}/SWRevealViewController/SWRevealViewController.framework",
				"${BUILT_PRODUCTS_DIR}/ViewAnimator/ViewAnimator.framework",
			);
			name = "[CP] Embed Pods Frameworks";
			outputPaths = (
				"${TARGET_BUILD_DIR}/${FRAMEWORKS_FOLDER_PATH}/BilibiliKit.framework",
				"${TARGET_BUILD_DIR}/${FRAMEWORKS_FOLDER_PATH}/Device.framework",
				"${TARGET_BUILD_DIR}/${FRAMEWORKS_FOLDER_PATH}/MaterialKit.framework",
				"${TARGET_BUILD_DIR}/${FRAMEWORKS_FOLDER_PATH}/SWRevealViewController.framework",
				"${TARGET_BUILD_DIR}/${FRAMEWORKS_FOLDER_PATH}/ViewAnimator.framework",
			);
			runOnlyForDeploymentPostprocessing = 0;
			shellPath = /bin/sh;
			shellScript = "\"${SRCROOT}/Pods/Target Support Files/Pods-BCD/Pods-BCD-frameworks.sh\"\n";
			showEnvVarsInLog = 0;
		};
		A539433C3C43E3E011A81045 /* [CP] Copy Pods Resources */ = {
			isa = PBXShellScriptBuildPhase;
			buildActionMask = 2147483647;
			files = (
			);
			inputPaths = (
			);
			name = "[CP] Copy Pods Resources";
			outputPaths = (
			);
			runOnlyForDeploymentPostprocessing = 0;
			shellPath = /bin/sh;
			shellScript = "\"${SRCROOT}/Pods/Target Support Files/Pods-BCD/Pods-BCD-resources.sh\"\n";
			showEnvVarsInLog = 0;
		};
/* End PBXShellScriptBuildPhase section */

/* Begin PBXSourcesBuildPhase section */
		4F2DB5D51F75F7D400FB2315 /* Sources */ = {
			isa = PBXSourcesBuildPhase;
			buildActionMask = 2147483647;
			files = (
				4FFB80DA1F971D7300626CD7 /* UIImageToCVPixelBuffer.swift in Sources */,
				528A30D1204B899C00EF40D9 /* URLSession+Extensions.swift in Sources */,
				528A30D5204B899C00EF40D9 /* BKApp.swift in Sources */,
				5290FA042051B19B00A1AAA4 /* ImageSaver.swift in Sources */,
				4F2DB5DE1F75F7D400FB2315 /* TodayViewController.swift in Sources */,
				4FA99A341F7661AE00CB2210 /* LLDialog.swift in Sources */,
				4F959A7D1F8751760097DE30 /* CoreDataModel.swift in Sources */,
				4F585B2A1F760B38004D1285 /* Info.swift in Sources */,
				528A30DA204B8D0000EF40D9 /* URL+Extensions.swift in Sources */,
				4F585B2B1F760B38004D1285 /* NetworkingModel.swift in Sources */,
				528A30D7204B899C00EF40D9 /* BKVideo+Info.swift in Sources */,
				4F959A7C1F8751650097DE30 /* BCD.xcdatamodeld in Sources */,
				528A30D3204B899C00EF40D9 /* BKVideo.swift in Sources */,
				4F8B90721F7B2E3800AB158D /* CoreDataStorage.swift in Sources */,
				4FFB80D91F970B8600626CD7 /* Nudity.mlmodel in Sources */,
				5292833D204BC44D009FEF65 /* UIImage+Gif.swift in Sources */,
				52E4E47E1F76C6B6008EF09C /* BilibiliCover.swift in Sources */,
			);
			runOnlyForDeploymentPostprocessing = 0;
		};
		4FE8FF361EF4FC0600D31840 /* Sources */ = {
			isa = PBXSourcesBuildPhase;
			buildActionMask = 2147483647;
			files = (
				4FF6C4A91FA4324200A34870 /* UIImage+Gif.swift in Sources */,
				4FE8FF401EF4FC0600D31840 /* MainViewController.swift in Sources */,
				4FE9A5661FA30389002CABF9 /* anime_noise0_model.mlmodel in Sources */,
				4FE9A54F1FA3019C002CABF9 /* UIImage+MultiArray.swift in Sources */,
				4FE9A5651FA30389002CABF9 /* anime_noise3_model.mlmodel in Sources */,
				4FE9A5501FA3019C002CABF9 /* UIImage+IO.swift in Sources */,
				4F26AA851F14D45900E1123D /* BrownNavController.swift in Sources */,
				4FE9A5611FA30389002CABF9 /* anime_scale2x_model.mlmodel in Sources */,
				528A30D0204B899C00EF40D9 /* URLSession+Extensions.swift in Sources */,
				4F26AA831F14D3D400E1123D /* SakuraNavController.swift in Sources */,
				4FE9A55D1FA30389002CABF9 /* photo_noise0_model.mlmodel in Sources */,
				4FE9A54E1FA3019C002CABF9 /* UIImage+Reload.swift in Sources */,
				4F3077B81F1768E000E1C1AF /* CoreDataModel.swift in Sources */,
				52E4E47D1F76C6A9008EF09C /* BilibiliCover.swift in Sources */,
				4FE9A5631FA30389002CABF9 /* photo_noise1_model.mlmodel in Sources */,
				4F4E60FC1F8DACE000BB9847 /* MotionDetector.swift in Sources */,
				4F99A9971F21F0B600AE4143 /* BCD.xcdatamodeld in Sources */,
				4F8B90731F7B2E3800AB158D /* CoreDataStorage.swift in Sources */,
				4FE9A5621FA30389002CABF9 /* photo_noise3_model.mlmodel in Sources */,
				4FE9A5601FA30389002CABF9 /* photo_noise2_model.mlmodel in Sources */,
				4FB044851F1F49CA00F96D5A /* TutorialContentViewController.swift in Sources */,
				528A30D9204B8D0000EF40D9 /* URL+Extensions.swift in Sources */,
				4FF426D61F1FA61E00A8EF79 /* FindArtViewController.swift in Sources */,
				4FE9A55F1FA30389002CABF9 /* photo_scale2x_model.mlmodel in Sources */,
				4F2AFBA41F21FBD100AA7CC7 /* HistoryViewController.swift in Sources */,
				4FFB80D31F970B2E00626CD7 /* Nudity.mlmodel in Sources */,
				4FE9A5511FA3019C002CABF9 /* UIImage+Crop.swift in Sources */,
				4FB3D9611F09DD9C0043066B /* LoadingView.swift in Sources */,
				4FE8FF711EF5000400D31840 /* Info.swift in Sources */,
				4F26AA871F14D51100E1123D /* GreyNavController.swift in Sources */,
				4F4157A21F1331000042FF40 /* SourceTableViewController.swift in Sources */,
				528A30D6204B899C00EF40D9 /* BKVideo+Info.swift in Sources */,
				4FFB80D81F970B7800626CD7 /* UIImageToCVPixelBuffer.swift in Sources */,
				528A30D2204B899C00EF40D9 /* BKVideo.swift in Sources */,
				4FE9A54D1FA3019C002CABF9 /* UIImage+RunModel.swift in Sources */,
				4FE8FF6F1EF4FCC600D31840 /* NetworkingModel.swift in Sources */,
				4FE9A54C1FA3019C002CABF9 /* ThreadPool.swift in Sources */,
				4FE8FF3E1EF4FC0600D31840 /* AppDelegate.swift in Sources */,
				528A30D4204B899C00EF40D9 /* BKApp.swift in Sources */,
				4FBD1D591F1F40D400C1CD59 /* TutorialPageViewController.swift in Sources */,
				5290FA032051B0DF00A1AAA4 /* ImageSaver.swift in Sources */,
				4FE9A5641FA30389002CABF9 /* anime_noise2_model.mlmodel in Sources */,
				4F9B213F1F16187000D3BDD2 /* AboutViewController.swift in Sources */,
				4FE8FF731EF5095B00D31840 /* ImageViewController.swift in Sources */,
				4FF6C4AD1FA44BD300A34870 /* ScalingViewController.swift in Sources */,
				4FE9A55E1FA30389002CABF9 /* anime_noise1_model.mlmodel in Sources */,
				4FE9A5521FA3019C002CABF9 /* UIImage+Bicubic.swift in Sources */,
				4F76B8A71F90865B00F714B9 /* DetectiPhoneX.swift in Sources */,
				4FD163B91F1F279B0064CEC5 /* BlueNavController.swift in Sources */,
				4F2AFBA61F21FC6400AA7CC7 /* HistoryCell.swift in Sources */,
				4F04A0D41F23195A007D86B1 /* SetHistoryNumViewController.swift in Sources */,
				4F8385AD1F93AB050018D733 /* AnimateView.swift in Sources */,
				4F26AA811F14D32400E1123D /* ColoredNavController.swift in Sources */,
				52BFDF791F5B2D29002EE246 /* LLDialog.swift in Sources */,
				4F76B8801F8FB4FD00F714B9 /* HisTutViewController.swift in Sources */,
				4F6C86361F9C6C0700417A23 /* CheckLaunchTime.swift in Sources */,
				4FB044871F1F49D800F96D5A /* TutorialViewController.swift in Sources */,
				4FDA093B1F07C6FE0096866C /* DetailViewController.swift in Sources */,
				4FE9A5431FA30023002CABF9 /* Waifu2xViewController.swift in Sources */,
			);
			runOnlyForDeploymentPostprocessing = 0;
		};
/* End PBXSourcesBuildPhase section */

/* Begin PBXTargetDependency section */
		4F2DB5E41F75F7D400FB2315 /* PBXTargetDependency */ = {
			isa = PBXTargetDependency;
			target = 4F2DB5D81F75F7D400FB2315 /* BilibiliCD */;
			targetProxy = 4F2DB5E31F75F7D400FB2315 /* PBXContainerItemProxy */;
		};
/* End PBXTargetDependency section */

/* Begin PBXVariantGroup section */
		4F2DB5DF1F75F7D400FB2315 /* MainInterface.storyboard */ = {
			isa = PBXVariantGroup;
			children = (
				4F2DB5E01F75F7D400FB2315 /* Base */,
			);
			name = MainInterface.storyboard;
			sourceTree = "<group>";
		};
		4FE8FF411EF4FC0600D31840 /* Main.storyboard */ = {
			isa = PBXVariantGroup;
			children = (
				4FE8FF421EF4FC0600D31840 /* Base */,
			);
			name = Main.storyboard;
			sourceTree = "<group>";
		};
		4FE8FF491EF4FC0600D31840 /* LaunchScreen.storyboard */ = {
			isa = PBXVariantGroup;
			children = (
				4FE8FF4A1EF4FC0600D31840 /* Base */,
			);
			name = LaunchScreen.storyboard;
			sourceTree = "<group>";
		};
/* End PBXVariantGroup section */

/* Begin XCBuildConfiguration section */
		4F2DB5E61F75F7D400FB2315 /* Debug */ = {
			isa = XCBuildConfiguration;
			buildSettings = {
				CLANG_CXX_LANGUAGE_STANDARD = "gnu++14";
				CLANG_WARN_UNGUARDED_AVAILABILITY = YES_AGGRESSIVE;
				CODE_SIGN_ENTITLEMENTS = BilibiliCD/BilibiliCD.entitlements;
				CODE_SIGN_IDENTITY = "iPhone Developer";
				"CODE_SIGN_IDENTITY[sdk=iphoneos*]" = "iPhone Developer";
				CODE_SIGN_STYLE = Automatic;
				DEVELOPMENT_TEAM = ANB6MDJTLF;
				FRAMEWORK_SEARCH_PATHS = "";
				GCC_C_LANGUAGE_STANDARD = gnu11;
				INFOPLIST_FILE = BilibiliCD/Info.plist;
				IPHONEOS_DEPLOYMENT_TARGET = 11.0;
				LD_RUNPATH_SEARCH_PATHS = "$(inherited) @executable_path/Frameworks @executable_path/../../Frameworks";
				PRODUCT_BUNDLE_IDENTIFIER = "com.Future-Code-Institute.BCD.BilibiliCD1";
				PRODUCT_NAME = "$(TARGET_NAME)";
				PROVISIONING_PROFILE = "";
				PROVISIONING_PROFILE_SPECIFIER = "";
				SKIP_INSTALL = YES;
				SWIFT_VERSION = 4.0;
				TARGETED_DEVICE_FAMILY = 1;
			};
			name = Debug;
		};
		4F2DB5E71F75F7D400FB2315 /* Release */ = {
			isa = XCBuildConfiguration;
			buildSettings = {
				CLANG_CXX_LANGUAGE_STANDARD = "gnu++14";
				CLANG_WARN_UNGUARDED_AVAILABILITY = YES_AGGRESSIVE;
				CODE_SIGN_ENTITLEMENTS = BilibiliCD/BilibiliCD.entitlements;
				CODE_SIGN_IDENTITY = "iPhone Developer";
				"CODE_SIGN_IDENTITY[sdk=iphoneos*]" = "iPhone Developer";
				CODE_SIGN_STYLE = Automatic;
				DEVELOPMENT_TEAM = ANB6MDJTLF;
				FRAMEWORK_SEARCH_PATHS = "";
				GCC_C_LANGUAGE_STANDARD = gnu11;
				INFOPLIST_FILE = BilibiliCD/Info.plist;
				IPHONEOS_DEPLOYMENT_TARGET = 11.0;
				LD_RUNPATH_SEARCH_PATHS = "$(inherited) @executable_path/Frameworks @executable_path/../../Frameworks";
				PRODUCT_BUNDLE_IDENTIFIER = "com.Future-Code-Institute.BCD.BilibiliCD1";
				PRODUCT_NAME = "$(TARGET_NAME)";
				PROVISIONING_PROFILE_SPECIFIER = "";
				SKIP_INSTALL = YES;
				SWIFT_VERSION = 4.0;
				TARGETED_DEVICE_FAMILY = 1;
			};
			name = Release;
		};
		4FE8FF631EF4FC0600D31840 /* Debug */ = {
			isa = XCBuildConfiguration;
			buildSettings = {
				ALWAYS_SEARCH_USER_PATHS = NO;
				CLANG_ANALYZER_NONNULL = YES;
				CLANG_ANALYZER_NUMBER_OBJECT_CONVERSION = YES_AGGRESSIVE;
				CLANG_CXX_LANGUAGE_STANDARD = "gnu++0x";
				CLANG_CXX_LIBRARY = "libc++";
				CLANG_ENABLE_MODULES = YES;
				CLANG_ENABLE_OBJC_ARC = YES;
				CLANG_WARN_BLOCK_CAPTURE_AUTORELEASING = YES;
				CLANG_WARN_BOOL_CONVERSION = YES;
				CLANG_WARN_COMMA = YES;
				CLANG_WARN_CONSTANT_CONVERSION = YES;
				CLANG_WARN_DEPRECATED_OBJC_IMPLEMENTATIONS = YES;
				CLANG_WARN_DIRECT_OBJC_ISA_USAGE = YES_ERROR;
				CLANG_WARN_DOCUMENTATION_COMMENTS = YES;
				CLANG_WARN_EMPTY_BODY = YES;
				CLANG_WARN_ENUM_CONVERSION = YES;
				CLANG_WARN_INFINITE_RECURSION = YES;
				CLANG_WARN_INT_CONVERSION = YES;
				CLANG_WARN_NON_LITERAL_NULL_CONVERSION = YES;
				CLANG_WARN_OBJC_IMPLICIT_RETAIN_SELF = YES;
				CLANG_WARN_OBJC_LITERAL_CONVERSION = YES;
				CLANG_WARN_OBJC_ROOT_CLASS = YES_ERROR;
				CLANG_WARN_RANGE_LOOP_ANALYSIS = YES;
				CLANG_WARN_STRICT_PROTOTYPES = YES;
				CLANG_WARN_SUSPICIOUS_MOVE = YES;
				CLANG_WARN_UNREACHABLE_CODE = YES;
				CLANG_WARN__DUPLICATE_METHOD_MATCH = YES;
				CODE_SIGN_IDENTITY = "iPhone Developer";
				"CODE_SIGN_IDENTITY[sdk=iphoneos*]" = "iPhone Developer";
				COPY_PHASE_STRIP = NO;
				DEBUG_INFORMATION_FORMAT = dwarf;
				ENABLE_STRICT_OBJC_MSGSEND = YES;
				ENABLE_TESTABILITY = YES;
				GCC_C_LANGUAGE_STANDARD = gnu99;
				GCC_DYNAMIC_NO_PIC = NO;
				GCC_NO_COMMON_BLOCKS = YES;
				GCC_OPTIMIZATION_LEVEL = 0;
				GCC_PREPROCESSOR_DEFINITIONS = (
					"DEBUG=1",
					"$(inherited)",
				);
				GCC_WARN_64_TO_32_BIT_CONVERSION = YES;
				GCC_WARN_ABOUT_RETURN_TYPE = YES_ERROR;
				GCC_WARN_UNDECLARED_SELECTOR = YES;
				GCC_WARN_UNINITIALIZED_AUTOS = YES_AGGRESSIVE;
				GCC_WARN_UNUSED_FUNCTION = YES;
				GCC_WARN_UNUSED_VARIABLE = YES;
				IPHONEOS_DEPLOYMENT_TARGET = 10.0;
				MTL_ENABLE_DEBUG_INFO = YES;
				ONLY_ACTIVE_ARCH = YES;
				PROVISIONING_PROFILE = "96b488ea-a5d6-4df4-b380-6358dd3d4300";
				SDKROOT = iphoneos;
				SWIFT_ACTIVE_COMPILATION_CONDITIONS = DEBUG;
				SWIFT_OPTIMIZATION_LEVEL = "-O";
				TARGETED_DEVICE_FAMILY = "1,2";
			};
			name = Debug;
		};
		4FE8FF641EF4FC0600D31840 /* Release */ = {
			isa = XCBuildConfiguration;
			buildSettings = {
				ALWAYS_SEARCH_USER_PATHS = NO;
				CLANG_ANALYZER_NONNULL = YES;
				CLANG_ANALYZER_NUMBER_OBJECT_CONVERSION = YES_AGGRESSIVE;
				CLANG_CXX_LANGUAGE_STANDARD = "gnu++0x";
				CLANG_CXX_LIBRARY = "libc++";
				CLANG_ENABLE_MODULES = YES;
				CLANG_ENABLE_OBJC_ARC = YES;
				CLANG_WARN_BLOCK_CAPTURE_AUTORELEASING = YES;
				CLANG_WARN_BOOL_CONVERSION = YES;
				CLANG_WARN_COMMA = YES;
				CLANG_WARN_CONSTANT_CONVERSION = YES;
				CLANG_WARN_DEPRECATED_OBJC_IMPLEMENTATIONS = YES;
				CLANG_WARN_DIRECT_OBJC_ISA_USAGE = YES_ERROR;
				CLANG_WARN_DOCUMENTATION_COMMENTS = YES;
				CLANG_WARN_EMPTY_BODY = YES;
				CLANG_WARN_ENUM_CONVERSION = YES;
				CLANG_WARN_INFINITE_RECURSION = YES;
				CLANG_WARN_INT_CONVERSION = YES;
				CLANG_WARN_NON_LITERAL_NULL_CONVERSION = YES;
				CLANG_WARN_OBJC_IMPLICIT_RETAIN_SELF = YES;
				CLANG_WARN_OBJC_LITERAL_CONVERSION = YES;
				CLANG_WARN_OBJC_ROOT_CLASS = YES_ERROR;
				CLANG_WARN_RANGE_LOOP_ANALYSIS = YES;
				CLANG_WARN_STRICT_PROTOTYPES = YES;
				CLANG_WARN_SUSPICIOUS_MOVE = YES;
				CLANG_WARN_UNREACHABLE_CODE = YES;
				CLANG_WARN__DUPLICATE_METHOD_MATCH = YES;
				CODE_SIGN_IDENTITY = "iPhone Developer";
				"CODE_SIGN_IDENTITY[sdk=iphoneos*]" = "iPhone Developer";
				COPY_PHASE_STRIP = NO;
				DEBUG_INFORMATION_FORMAT = "dwarf-with-dsym";
				ENABLE_NS_ASSERTIONS = NO;
				ENABLE_STRICT_OBJC_MSGSEND = YES;
				GCC_C_LANGUAGE_STANDARD = gnu99;
				GCC_NO_COMMON_BLOCKS = YES;
				GCC_WARN_64_TO_32_BIT_CONVERSION = YES;
				GCC_WARN_ABOUT_RETURN_TYPE = YES_ERROR;
				GCC_WARN_UNDECLARED_SELECTOR = YES;
				GCC_WARN_UNINITIALIZED_AUTOS = YES_AGGRESSIVE;
				GCC_WARN_UNUSED_FUNCTION = YES;
				GCC_WARN_UNUSED_VARIABLE = YES;
				IPHONEOS_DEPLOYMENT_TARGET = 10.0;
				MTL_ENABLE_DEBUG_INFO = NO;
				SDKROOT = iphoneos;
				SWIFT_OPTIMIZATION_LEVEL = "-Owholemodule";
				TARGETED_DEVICE_FAMILY = "1,2";
				VALIDATE_PRODUCT = YES;
			};
			name = Release;
		};
		4FE8FF661EF4FC0600D31840 /* Debug */ = {
			isa = XCBuildConfiguration;
			baseConfigurationReference = 8A8078299F9F4EA6B414ED7D /* Pods-BCD.debug.xcconfig */;
			buildSettings = {
				ALWAYS_EMBED_SWIFT_STANDARD_LIBRARIES = YES;
				ASSETCATALOG_COMPILER_APPICON_NAME = AppIcon;
				CLANG_ENABLE_MODULES = YES;
				CODE_SIGN_ENTITLEMENTS = BCD/BCD.entitlements;
				CODE_SIGN_IDENTITY = "iPhone Developer";
				"CODE_SIGN_IDENTITY[sdk=iphoneos*]" = "iPhone Developer";
				CODE_SIGN_STYLE = Automatic;
				DEVELOPMENT_TEAM = ANB6MDJTLF;
				FRAMEWORK_SEARCH_PATHS = (
					"$(inherited)",
					"$(PROJECT_DIR)",
				);
				INFOPLIST_FILE = BCD/Info.plist;
				IPHONEOS_DEPLOYMENT_TARGET = 11.0;
				LD_RUNPATH_SEARCH_PATHS = "$(inherited) @executable_path/Frameworks";
				PRODUCT_BUNDLE_IDENTIFIER = "com.Future-Code-Institute.BCD";
				PRODUCT_NAME = BilibiliCD;
				PROVISIONING_PROFILE = "";
				PROVISIONING_PROFILE_SPECIFIER = "";
				SWIFT_OPTIMIZATION_LEVEL = "-Onone";
				SWIFT_VERSION = 4.0;
				TARGETED_DEVICE_FAMILY = "1,2";
			};
			name = Debug;
		};
		4FE8FF671EF4FC0600D31840 /* Release */ = {
			isa = XCBuildConfiguration;
			baseConfigurationReference = FD6425538132C362B8653B3A /* Pods-BCD.release.xcconfig */;
			buildSettings = {
				ALWAYS_EMBED_SWIFT_STANDARD_LIBRARIES = YES;
				ASSETCATALOG_COMPILER_APPICON_NAME = AppIcon;
				CLANG_ENABLE_MODULES = YES;
				CODE_SIGN_ENTITLEMENTS = BCD/BCD.entitlements;
				CODE_SIGN_IDENTITY = "iPhone Developer";
				"CODE_SIGN_IDENTITY[sdk=iphoneos*]" = "iPhone Developer";
				CODE_SIGN_STYLE = Automatic;
				DEVELOPMENT_TEAM = ANB6MDJTLF;
				FRAMEWORK_SEARCH_PATHS = (
					"$(inherited)",
					"$(PROJECT_DIR)",
				);
				INFOPLIST_FILE = BCD/Info.plist;
				IPHONEOS_DEPLOYMENT_TARGET = 11.0;
				LD_RUNPATH_SEARCH_PATHS = "$(inherited) @executable_path/Frameworks";
				PRODUCT_BUNDLE_IDENTIFIER = "com.Future-Code-Institute.BCD";
				PRODUCT_NAME = BilibiliCD;
				PROVISIONING_PROFILE = "";
				PROVISIONING_PROFILE_SPECIFIER = "";
				SWIFT_VERSION = 4.0;
				TARGETED_DEVICE_FAMILY = "1,2";
			};
			name = Release;
		};
/* End XCBuildConfiguration section */

/* Begin XCConfigurationList section */
		4F2DB5E81F75F7D400FB2315 /* Build configuration list for PBXNativeTarget "BilibiliCD" */ = {
			isa = XCConfigurationList;
			buildConfigurations = (
				4F2DB5E61F75F7D400FB2315 /* Debug */,
				4F2DB5E71F75F7D400FB2315 /* Release */,
			);
			defaultConfigurationIsVisible = 0;
			defaultConfigurationName = Release;
		};
		4FE8FF351EF4FC0600D31840 /* Build configuration list for PBXProject "BCD" */ = {
			isa = XCConfigurationList;
			buildConfigurations = (
				4FE8FF631EF4FC0600D31840 /* Debug */,
				4FE8FF641EF4FC0600D31840 /* Release */,
			);
			defaultConfigurationIsVisible = 0;
			defaultConfigurationName = Release;
		};
		4FE8FF651EF4FC0600D31840 /* Build configuration list for PBXNativeTarget "BCD" */ = {
			isa = XCConfigurationList;
			buildConfigurations = (
				4FE8FF661EF4FC0600D31840 /* Debug */,
				4FE8FF671EF4FC0600D31840 /* Release */,
			);
			defaultConfigurationIsVisible = 0;
			defaultConfigurationName = Release;
		};
/* End XCConfigurationList section */

/* Begin XCVersionGroup section */
		4F99A9951F21F0B600AE4143 /* BCD.xcdatamodeld */ = {
			isa = XCVersionGroup;
			children = (
				4F99A9961F21F0B600AE4143 /* BCD.xcdatamodel */,
			);
			currentVersion = 4F99A9961F21F0B600AE4143 /* BCD.xcdatamodel */;
			path = BCD.xcdatamodeld;
			sourceTree = "<group>";
			versionGroupType = wrapper.xcdatamodel;
		};
/* End XCVersionGroup section */
	};
	rootObject = 4FE8FF321EF4FC0600D31840 /* Project object */;
}
