// !$*UTF8*$!
{
	archiveVersion = 1;
	classes = {
	};
	objectVersion = 46;
	objects = {

/* Begin PBXBuildFile section */
		4F07B1CD1F139A8D0009F6A1 /* SWRevealViewController.m in Sources */ = {isa = PBXBuildFile; fileRef = 4F07B1CC1F139A8D0009F6A1 /* SWRevealViewController.m */; };
		4F26AA7F1F14D2B000E1123D /* BlueNavController.swift in Sources */ = {isa = PBXBuildFile; fileRef = 4F26AA7E1F14D2B000E1123D /* BlueNavController.swift */; };
		4F26AA811F14D32400E1123D /* ColoredNavController.swift in Sources */ = {isa = PBXBuildFile; fileRef = 4F26AA801F14D32400E1123D /* ColoredNavController.swift */; };
		4F26AA831F14D3D400E1123D /* SakuraNavController.swift in Sources */ = {isa = PBXBuildFile; fileRef = 4F26AA821F14D3D400E1123D /* SakuraNavController.swift */; };
		4F26AA851F14D45900E1123D /* BrownNavController.swift in Sources */ = {isa = PBXBuildFile; fileRef = 4F26AA841F14D45900E1123D /* BrownNavController.swift */; };
		4F26AA871F14D51100E1123D /* GreyNavController.swift in Sources */ = {isa = PBXBuildFile; fileRef = 4F26AA861F14D51100E1123D /* GreyNavController.swift */; };
		4F3ED7D41F10ACAB000D2941 /* LLDialog.swift in Sources */ = {isa = PBXBuildFile; fileRef = 4F3ED7D31F10ACAB000D2941 /* LLDialog.swift */; };
		4F4157A21F1331000042FF40 /* SourceTableViewController.swift in Sources */ = {isa = PBXBuildFile; fileRef = 4F4157A11F1331000042FF40 /* SourceTableViewController.swift */; };
		4F4157A41F134B880042FF40 /* TeaViewController.swift in Sources */ = {isa = PBXBuildFile; fileRef = 4F4157A31F134B880042FF40 /* TeaViewController.swift */; };
		4F9B213F1F16187000D3BDD2 /* AboutViewController.swift in Sources */ = {isa = PBXBuildFile; fileRef = 4F9B213E1F16187000D3BDD2 /* AboutViewController.swift */; };
		4F9BBEA21F11102000C984DA /* MKCardView.swift in Sources */ = {isa = PBXBuildFile; fileRef = 4F9BBE951F11102000C984DA /* MKCardView.swift */; };
		4F9BBEA31F11102000C984DA /* MKNavigationBar.swift in Sources */ = {isa = PBXBuildFile; fileRef = 4F9BBE961F11102000C984DA /* MKNavigationBar.swift */; };
		4F9BBEA41F11102000C984DA /* MKActivityIndicator.swift in Sources */ = {isa = PBXBuildFile; fileRef = 4F9BBE971F11102000C984DA /* MKActivityIndicator.swift */; };
		4F9BBEA51F11102000C984DA /* MKButton.swift in Sources */ = {isa = PBXBuildFile; fileRef = 4F9BBE981F11102000C984DA /* MKButton.swift */; };
		4F9BBEA61F11102000C984DA /* MKCollectionViewCell.swift in Sources */ = {isa = PBXBuildFile; fileRef = 4F9BBE991F11102000C984DA /* MKCollectionViewCell.swift */; };
		4F9BBEA71F11102000C984DA /* MKTextField.swift in Sources */ = {isa = PBXBuildFile; fileRef = 4F9BBE9A1F11102000C984DA /* MKTextField.swift */; };
		4F9BBEA81F11102000C984DA /* MKTableViewCell.swift in Sources */ = {isa = PBXBuildFile; fileRef = 4F9BBE9B1F11102000C984DA /* MKTableViewCell.swift */; };
		4F9BBEA91F11102000C984DA /* MKLabel.swift in Sources */ = {isa = PBXBuildFile; fileRef = 4F9BBE9C1F11102000C984DA /* MKLabel.swift */; };
		4F9BBEAA1F11102000C984DA /* MKImageView.swift in Sources */ = {isa = PBXBuildFile; fileRef = 4F9BBE9D1F11102000C984DA /* MKImageView.swift */; };
		4F9BBEAB1F11102000C984DA /* MKLayer.swift in Sources */ = {isa = PBXBuildFile; fileRef = 4F9BBE9E1F11102000C984DA /* MKLayer.swift */; };
		4F9BBEAC1F11102000C984DA /* MKColor.swift in Sources */ = {isa = PBXBuildFile; fileRef = 4F9BBE9F1F11102000C984DA /* MKColor.swift */; };
		4F9BBEAD1F11102000C984DA /* MKSnackbar.swift in Sources */ = {isa = PBXBuildFile; fileRef = 4F9BBEA01F11102000C984DA /* MKSnackbar.swift */; };
		4F9BBEAE1F11102000C984DA /* MKSwitch.swift in Sources */ = {isa = PBXBuildFile; fileRef = 4F9BBEA11F11102000C984DA /* MKSwitch.swift */; };
		4FB3D95F1F08EE670043066B /* ImageSegue.swift in Sources */ = {isa = PBXBuildFile; fileRef = 4FB3D95E1F08EE670043066B /* ImageSegue.swift */; };
		4FB3D9611F09DD9C0043066B /* LoadingView.swift in Sources */ = {isa = PBXBuildFile; fileRef = 4FB3D9601F09DD9C0043066B /* LoadingView.swift */; };
		4FDA093B1F07C6FE0096866C /* DetailViewController.swift in Sources */ = {isa = PBXBuildFile; fileRef = 4FDA093A1F07C6FE0096866C /* DetailViewController.swift */; };
		4FE8FF3E1EF4FC0600D31840 /* AppDelegate.swift in Sources */ = {isa = PBXBuildFile; fileRef = 4FE8FF3D1EF4FC0600D31840 /* AppDelegate.swift */; };
		4FE8FF401EF4FC0600D31840 /* ViewController.swift in Sources */ = {isa = PBXBuildFile; fileRef = 4FE8FF3F1EF4FC0600D31840 /* ViewController.swift */; };
		4FE8FF431EF4FC0600D31840 /* Main.storyboard in Resources */ = {isa = PBXBuildFile; fileRef = 4FE8FF411EF4FC0600D31840 /* Main.storyboard */; };
		4FE8FF461EF4FC0600D31840 /* BCD.xcdatamodeld in Sources */ = {isa = PBXBuildFile; fileRef = 4FE8FF441EF4FC0600D31840 /* BCD.xcdatamodeld */; };
		4FE8FF481EF4FC0600D31840 /* Assets.xcassets in Resources */ = {isa = PBXBuildFile; fileRef = 4FE8FF471EF4FC0600D31840 /* Assets.xcassets */; };
		4FE8FF4B1EF4FC0600D31840 /* LaunchScreen.storyboard in Resources */ = {isa = PBXBuildFile; fileRef = 4FE8FF491EF4FC0600D31840 /* LaunchScreen.storyboard */; };
		4FE8FF561EF4FC0600D31840 /* BCDTests.swift in Sources */ = {isa = PBXBuildFile; fileRef = 4FE8FF551EF4FC0600D31840 /* BCDTests.swift */; };
		4FE8FF611EF4FC0600D31840 /* BCDUITests.swift in Sources */ = {isa = PBXBuildFile; fileRef = 4FE8FF601EF4FC0600D31840 /* BCDUITests.swift */; };
		4FE8FF6F1EF4FCC600D31840 /* NetworkingModel.swift in Sources */ = {isa = PBXBuildFile; fileRef = 4FE8FF6E1EF4FCC600D31840 /* NetworkingModel.swift */; };
		4FE8FF711EF5000400D31840 /* Info.swift in Sources */ = {isa = PBXBuildFile; fileRef = 4FE8FF701EF5000400D31840 /* Info.swift */; };
		4FE8FF731EF5095B00D31840 /* ImageViewController.swift in Sources */ = {isa = PBXBuildFile; fileRef = 4FE8FF721EF5095B00D31840 /* ImageViewController.swift */; };
/* End PBXBuildFile section */

/* Begin PBXContainerItemProxy section */
		4FE8FF521EF4FC0600D31840 /* PBXContainerItemProxy */ = {
			isa = PBXContainerItemProxy;
			containerPortal = 4FE8FF321EF4FC0600D31840 /* Project object */;
			proxyType = 1;
			remoteGlobalIDString = 4FE8FF391EF4FC0600D31840;
			remoteInfo = BCD;
		};
		4FE8FF5D1EF4FC0600D31840 /* PBXContainerItemProxy */ = {
			isa = PBXContainerItemProxy;
			containerPortal = 4FE8FF321EF4FC0600D31840 /* Project object */;
			proxyType = 1;
			remoteGlobalIDString = 4FE8FF391EF4FC0600D31840;
			remoteInfo = BCD;
		};
/* End PBXContainerItemProxy section */

/* Begin PBXFileReference section */
		4F07B1CB1F139A8D0009F6A1 /* SWRevealViewController.h */ = {isa = PBXFileReference; fileEncoding = 4; lastKnownFileType = sourcecode.c.h; path = SWRevealViewController.h; sourceTree = "<group>"; };
		4F07B1CC1F139A8D0009F6A1 /* SWRevealViewController.m */ = {isa = PBXFileReference; fileEncoding = 4; lastKnownFileType = sourcecode.c.objc; path = SWRevealViewController.m; sourceTree = "<group>"; };
		4F26AA7E1F14D2B000E1123D /* BlueNavController.swift */ = {isa = PBXFileReference; fileEncoding = 4; lastKnownFileType = sourcecode.swift; path = BlueNavController.swift; sourceTree = "<group>"; };
		4F26AA801F14D32400E1123D /* ColoredNavController.swift */ = {isa = PBXFileReference; fileEncoding = 4; lastKnownFileType = sourcecode.swift; path = ColoredNavController.swift; sourceTree = "<group>"; };
		4F26AA821F14D3D400E1123D /* SakuraNavController.swift */ = {isa = PBXFileReference; fileEncoding = 4; lastKnownFileType = sourcecode.swift; path = SakuraNavController.swift; sourceTree = "<group>"; };
		4F26AA841F14D45900E1123D /* BrownNavController.swift */ = {isa = PBXFileReference; fileEncoding = 4; lastKnownFileType = sourcecode.swift; path = BrownNavController.swift; sourceTree = "<group>"; };
		4F26AA861F14D51100E1123D /* GreyNavController.swift */ = {isa = PBXFileReference; fileEncoding = 4; lastKnownFileType = sourcecode.swift; path = GreyNavController.swift; sourceTree = "<group>"; };
		4F3ED7D31F10ACAB000D2941 /* LLDialog.swift */ = {isa = PBXFileReference; fileEncoding = 4; lastKnownFileType = sourcecode.swift; path = LLDialog.swift; sourceTree = "<group>"; };
		4F4157A11F1331000042FF40 /* SourceTableViewController.swift */ = {isa = PBXFileReference; fileEncoding = 4; lastKnownFileType = sourcecode.swift; path = SourceTableViewController.swift; sourceTree = "<group>"; };
		4F4157A31F134B880042FF40 /* TeaViewController.swift */ = {isa = PBXFileReference; fileEncoding = 4; lastKnownFileType = sourcecode.swift; path = TeaViewController.swift; sourceTree = "<group>"; };
		4F9B213E1F16187000D3BDD2 /* AboutViewController.swift */ = {isa = PBXFileReference; fileEncoding = 4; lastKnownFileType = sourcecode.swift; path = AboutViewController.swift; sourceTree = "<group>"; };
		4F9BBE951F11102000C984DA /* MKCardView.swift */ = {isa = PBXFileReference; fileEncoding = 4; lastKnownFileType = sourcecode.swift; path = MKCardView.swift; sourceTree = "<group>"; };
		4F9BBE961F11102000C984DA /* MKNavigationBar.swift */ = {isa = PBXFileReference; fileEncoding = 4; lastKnownFileType = sourcecode.swift; path = MKNavigationBar.swift; sourceTree = "<group>"; };
		4F9BBE971F11102000C984DA /* MKActivityIndicator.swift */ = {isa = PBXFileReference; fileEncoding = 4; lastKnownFileType = sourcecode.swift; path = MKActivityIndicator.swift; sourceTree = "<group>"; };
		4F9BBE981F11102000C984DA /* MKButton.swift */ = {isa = PBXFileReference; fileEncoding = 4; lastKnownFileType = sourcecode.swift; path = MKButton.swift; sourceTree = "<group>"; };
		4F9BBE991F11102000C984DA /* MKCollectionViewCell.swift */ = {isa = PBXFileReference; fileEncoding = 4; lastKnownFileType = sourcecode.swift; path = MKCollectionViewCell.swift; sourceTree = "<group>"; };
		4F9BBE9A1F11102000C984DA /* MKTextField.swift */ = {isa = PBXFileReference; fileEncoding = 4; lastKnownFileType = sourcecode.swift; path = MKTextField.swift; sourceTree = "<group>"; };
		4F9BBE9B1F11102000C984DA /* MKTableViewCell.swift */ = {isa = PBXFileReference; fileEncoding = 4; lastKnownFileType = sourcecode.swift; path = MKTableViewCell.swift; sourceTree = "<group>"; };
		4F9BBE9C1F11102000C984DA /* MKLabel.swift */ = {isa = PBXFileReference; fileEncoding = 4; lastKnownFileType = sourcecode.swift; path = MKLabel.swift; sourceTree = "<group>"; };
		4F9BBE9D1F11102000C984DA /* MKImageView.swift */ = {isa = PBXFileReference; fileEncoding = 4; lastKnownFileType = sourcecode.swift; path = MKImageView.swift; sourceTree = "<group>"; };
		4F9BBE9E1F11102000C984DA /* MKLayer.swift */ = {isa = PBXFileReference; fileEncoding = 4; lastKnownFileType = sourcecode.swift; path = MKLayer.swift; sourceTree = "<group>"; };
		4F9BBE9F1F11102000C984DA /* MKColor.swift */ = {isa = PBXFileReference; fileEncoding = 4; lastKnownFileType = sourcecode.swift; path = MKColor.swift; sourceTree = "<group>"; };
		4F9BBEA01F11102000C984DA /* MKSnackbar.swift */ = {isa = PBXFileReference; fileEncoding = 4; lastKnownFileType = sourcecode.swift; path = MKSnackbar.swift; sourceTree = "<group>"; };
		4F9BBEA11F11102000C984DA /* MKSwitch.swift */ = {isa = PBXFileReference; fileEncoding = 4; lastKnownFileType = sourcecode.swift; path = MKSwitch.swift; sourceTree = "<group>"; };
		4FB3D95E1F08EE670043066B /* ImageSegue.swift */ = {isa = PBXFileReference; fileEncoding = 4; lastKnownFileType = sourcecode.swift; path = ImageSegue.swift; sourceTree = "<group>"; };
		4FB3D9601F09DD9C0043066B /* LoadingView.swift */ = {isa = PBXFileReference; fileEncoding = 4; lastKnownFileType = sourcecode.swift; path = LoadingView.swift; sourceTree = "<group>"; };
		4FDA09351F07C22A0096866C /* BCD-Bridging-Header.h */ = {isa = PBXFileReference; lastKnownFileType = sourcecode.c.h; path = "BCD-Bridging-Header.h"; sourceTree = "<group>"; };
		4FDA093A1F07C6FE0096866C /* DetailViewController.swift */ = {isa = PBXFileReference; fileEncoding = 4; lastKnownFileType = sourcecode.swift; path = DetailViewController.swift; sourceTree = "<group>"; };
		4FE8FF3A1EF4FC0600D31840 /* BCD.app */ = {isa = PBXFileReference; explicitFileType = wrapper.application; includeInIndex = 0; path = BCD.app; sourceTree = BUILT_PRODUCTS_DIR; };
		4FE8FF3D1EF4FC0600D31840 /* AppDelegate.swift */ = {isa = PBXFileReference; lastKnownFileType = sourcecode.swift; path = AppDelegate.swift; sourceTree = "<group>"; };
		4FE8FF3F1EF4FC0600D31840 /* ViewController.swift */ = {isa = PBXFileReference; lastKnownFileType = sourcecode.swift; path = ViewController.swift; sourceTree = "<group>"; };
		4FE8FF421EF4FC0600D31840 /* Base */ = {isa = PBXFileReference; lastKnownFileType = file.storyboard; name = Base; path = Base.lproj/Main.storyboard; sourceTree = "<group>"; };
		4FE8FF451EF4FC0600D31840 /* BCD.xcdatamodel */ = {isa = PBXFileReference; lastKnownFileType = wrapper.xcdatamodel; path = BCD.xcdatamodel; sourceTree = "<group>"; };
		4FE8FF471EF4FC0600D31840 /* Assets.xcassets */ = {isa = PBXFileReference; lastKnownFileType = folder.assetcatalog; path = Assets.xcassets; sourceTree = "<group>"; };
		4FE8FF4A1EF4FC0600D31840 /* Base */ = {isa = PBXFileReference; lastKnownFileType = file.storyboard; name = Base; path = Base.lproj/LaunchScreen.storyboard; sourceTree = "<group>"; };
		4FE8FF4C1EF4FC0600D31840 /* Info.plist */ = {isa = PBXFileReference; lastKnownFileType = text.plist.xml; path = Info.plist; sourceTree = "<group>"; };
		4FE8FF511EF4FC0600D31840 /* BCDTests.xctest */ = {isa = PBXFileReference; explicitFileType = wrapper.cfbundle; includeInIndex = 0; path = BCDTests.xctest; sourceTree = BUILT_PRODUCTS_DIR; };
		4FE8FF551EF4FC0600D31840 /* BCDTests.swift */ = {isa = PBXFileReference; lastKnownFileType = sourcecode.swift; path = BCDTests.swift; sourceTree = "<group>"; };
		4FE8FF571EF4FC0600D31840 /* Info.plist */ = {isa = PBXFileReference; lastKnownFileType = text.plist.xml; path = Info.plist; sourceTree = "<group>"; };
		4FE8FF5C1EF4FC0600D31840 /* BCDUITests.xctest */ = {isa = PBXFileReference; explicitFileType = wrapper.cfbundle; includeInIndex = 0; path = BCDUITests.xctest; sourceTree = BUILT_PRODUCTS_DIR; };
		4FE8FF601EF4FC0600D31840 /* BCDUITests.swift */ = {isa = PBXFileReference; lastKnownFileType = sourcecode.swift; path = BCDUITests.swift; sourceTree = "<group>"; };
		4FE8FF621EF4FC0600D31840 /* Info.plist */ = {isa = PBXFileReference; lastKnownFileType = text.plist.xml; path = Info.plist; sourceTree = "<group>"; };
		4FE8FF6E1EF4FCC600D31840 /* NetworkingModel.swift */ = {isa = PBXFileReference; fileEncoding = 4; lastKnownFileType = sourcecode.swift; path = NetworkingModel.swift; sourceTree = "<group>"; };
		4FE8FF701EF5000400D31840 /* Info.swift */ = {isa = PBXFileReference; fileEncoding = 4; lastKnownFileType = sourcecode.swift; path = Info.swift; sourceTree = "<group>"; };
		4FE8FF721EF5095B00D31840 /* ImageViewController.swift */ = {isa = PBXFileReference; fileEncoding = 4; lastKnownFileType = sourcecode.swift; path = ImageViewController.swift; sourceTree = "<group>"; };
/* End PBXFileReference section */

/* Begin PBXFrameworksBuildPhase section */
		4FE8FF371EF4FC0600D31840 /* Frameworks */ = {
			isa = PBXFrameworksBuildPhase;
			buildActionMask = 2147483647;
			files = (
			);
			runOnlyForDeploymentPostprocessing = 0;
		};
		4FE8FF4E1EF4FC0600D31840 /* Frameworks */ = {
			isa = PBXFrameworksBuildPhase;
			buildActionMask = 2147483647;
			files = (
			);
			runOnlyForDeploymentPostprocessing = 0;
		};
		4FE8FF591EF4FC0600D31840 /* Frameworks */ = {
			isa = PBXFrameworksBuildPhase;
			buildActionMask = 2147483647;
			files = (
			);
			runOnlyForDeploymentPostprocessing = 0;
		};
/* End PBXFrameworksBuildPhase section */

/* Begin PBXGroup section */
		4F5BE2F51EFAA1040054C53F /* ViewController */ = {
			isa = PBXGroup;
			children = (
				4FE8FF3F1EF4FC0600D31840 /* ViewController.swift */,
				4FE8FF721EF5095B00D31840 /* ImageViewController.swift */,
				4FDA093A1F07C6FE0096866C /* DetailViewController.swift */,
				4F9B213E1F16187000D3BDD2 /* AboutViewController.swift */,
				4F4157A11F1331000042FF40 /* SourceTableViewController.swift */,
				4F4157A31F134B880042FF40 /* TeaViewController.swift */,
				4F26AA801F14D32400E1123D /* ColoredNavController.swift */,
				4F26AA7E1F14D2B000E1123D /* BlueNavController.swift */,
				4F26AA821F14D3D400E1123D /* SakuraNavController.swift */,
				4F26AA841F14D45900E1123D /* BrownNavController.swift */,
				4F26AA861F14D51100E1123D /* GreyNavController.swift */,
			);
			name = ViewController;
			sourceTree = "<group>";
		};
		4F5BE2F61EFAA1170054C53F /* Model */ = {
			isa = PBXGroup;
			children = (
				4FE8FF701EF5000400D31840 /* Info.swift */,
				4FE8FF6E1EF4FCC600D31840 /* NetworkingModel.swift */,
				4FE8FF441EF4FC0600D31840 /* BCD.xcdatamodeld */,
			);
			name = Model;
			sourceTree = "<group>";
		};
		4F5BE2F71EFAA12B0054C53F /* User Interface */ = {
			isa = PBXGroup;
			children = (
				4FDA09391F07C25C0096866C /* Material Design */,
				4FE8FF471EF4FC0600D31840 /* Assets.xcassets */,
				4FE8FF491EF4FC0600D31840 /* LaunchScreen.storyboard */,
				4FE8FF411EF4FC0600D31840 /* Main.storyboard */,
				4FB3D95E1F08EE670043066B /* ImageSegue.swift */,
				4FB3D9601F09DD9C0043066B /* LoadingView.swift */,
			);
			name = "User Interface";
			sourceTree = "<group>";
		};
		4F5BE2F81EFAA13A0054C53F /* Supporting File */ = {
			isa = PBXGroup;
			children = (
				4FE8FF3D1EF4FC0600D31840 /* AppDelegate.swift */,
				4FE8FF4C1EF4FC0600D31840 /* Info.plist */,
				4FDA09351F07C22A0096866C /* BCD-Bridging-Header.h */,
			);
			name = "Supporting File";
			sourceTree = "<group>";
		};
		4FDA09391F07C25C0096866C /* Material Design */ = {
			isa = PBXGroup;
			children = (
				4F3ED7D31F10ACAB000D2941 /* LLDialog.swift */,
				4F07B1CB1F139A8D0009F6A1 /* SWRevealViewController.h */,
				4F07B1CC1F139A8D0009F6A1 /* SWRevealViewController.m */,
				4F9BBE951F11102000C984DA /* MKCardView.swift */,
				4F9BBE961F11102000C984DA /* MKNavigationBar.swift */,
				4F9BBE971F11102000C984DA /* MKActivityIndicator.swift */,
				4F9BBE981F11102000C984DA /* MKButton.swift */,
				4F9BBE991F11102000C984DA /* MKCollectionViewCell.swift */,
				4F9BBE9A1F11102000C984DA /* MKTextField.swift */,
				4F9BBE9B1F11102000C984DA /* MKTableViewCell.swift */,
				4F9BBE9C1F11102000C984DA /* MKLabel.swift */,
				4F9BBE9D1F11102000C984DA /* MKImageView.swift */,
				4F9BBE9E1F11102000C984DA /* MKLayer.swift */,
				4F9BBE9F1F11102000C984DA /* MKColor.swift */,
				4F9BBEA01F11102000C984DA /* MKSnackbar.swift */,
				4F9BBEA11F11102000C984DA /* MKSwitch.swift */,
			);
			name = "Material Design";
			sourceTree = "<group>";
		};
		4FE8FF311EF4FC0600D31840 = {
			isa = PBXGroup;
			children = (
				4FE8FF3C1EF4FC0600D31840 /* BCD */,
				4FE8FF541EF4FC0600D31840 /* BCDTests */,
				4FE8FF5F1EF4FC0600D31840 /* BCDUITests */,
				4FE8FF3B1EF4FC0600D31840 /* Products */,
			);
			sourceTree = "<group>";
		};
		4FE8FF3B1EF4FC0600D31840 /* Products */ = {
			isa = PBXGroup;
			children = (
				4FE8FF3A1EF4FC0600D31840 /* BCD.app */,
				4FE8FF511EF4FC0600D31840 /* BCDTests.xctest */,
				4FE8FF5C1EF4FC0600D31840 /* BCDUITests.xctest */,
			);
			name = Products;
			sourceTree = "<group>";
		};
		4FE8FF3C1EF4FC0600D31840 /* BCD */ = {
			isa = PBXGroup;
			children = (
				4F5BE2F81EFAA13A0054C53F /* Supporting File */,
				4F5BE2F71EFAA12B0054C53F /* User Interface */,
				4F5BE2F61EFAA1170054C53F /* Model */,
				4F5BE2F51EFAA1040054C53F /* ViewController */,
			);
			path = BCD;
			sourceTree = "<group>";
		};
		4FE8FF541EF4FC0600D31840 /* BCDTests */ = {
			isa = PBXGroup;
			children = (
				4FE8FF551EF4FC0600D31840 /* BCDTests.swift */,
				4FE8FF571EF4FC0600D31840 /* Info.plist */,
			);
			path = BCDTests;
			sourceTree = "<group>";
		};
		4FE8FF5F1EF4FC0600D31840 /* BCDUITests */ = {
			isa = PBXGroup;
			children = (
				4FE8FF601EF4FC0600D31840 /* BCDUITests.swift */,
				4FE8FF621EF4FC0600D31840 /* Info.plist */,
			);
			path = BCDUITests;
			sourceTree = "<group>";
		};
/* End PBXGroup section */

/* Begin PBXNativeTarget section */
		4FE8FF391EF4FC0600D31840 /* BCD */ = {
			isa = PBXNativeTarget;
			buildConfigurationList = 4FE8FF651EF4FC0600D31840 /* Build configuration list for PBXNativeTarget "BCD" */;
			buildPhases = (
				4FE8FF361EF4FC0600D31840 /* Sources */,
				4FE8FF371EF4FC0600D31840 /* Frameworks */,
				4FE8FF381EF4FC0600D31840 /* Resources */,
			);
			buildRules = (
			);
			dependencies = (
			);
			name = BCD;
			productName = BCD;
			productReference = 4FE8FF3A1EF4FC0600D31840 /* BCD.app */;
			productType = "com.apple.product-type.application";
		};
		4FE8FF501EF4FC0600D31840 /* BCDTests */ = {
			isa = PBXNativeTarget;
			buildConfigurationList = 4FE8FF681EF4FC0600D31840 /* Build configuration list for PBXNativeTarget "BCDTests" */;
			buildPhases = (
				4FE8FF4D1EF4FC0600D31840 /* Sources */,
				4FE8FF4E1EF4FC0600D31840 /* Frameworks */,
				4FE8FF4F1EF4FC0600D31840 /* Resources */,
			);
			buildRules = (
			);
			dependencies = (
				4FE8FF531EF4FC0600D31840 /* PBXTargetDependency */,
			);
			name = BCDTests;
			productName = BCDTests;
			productReference = 4FE8FF511EF4FC0600D31840 /* BCDTests.xctest */;
			productType = "com.apple.product-type.bundle.unit-test";
		};
		4FE8FF5B1EF4FC0600D31840 /* BCDUITests */ = {
			isa = PBXNativeTarget;
			buildConfigurationList = 4FE8FF6B1EF4FC0600D31840 /* Build configuration list for PBXNativeTarget "BCDUITests" */;
			buildPhases = (
				4FE8FF581EF4FC0600D31840 /* Sources */,
				4FE8FF591EF4FC0600D31840 /* Frameworks */,
				4FE8FF5A1EF4FC0600D31840 /* Resources */,
			);
			buildRules = (
			);
			dependencies = (
				4FE8FF5E1EF4FC0600D31840 /* PBXTargetDependency */,
			);
			name = BCDUITests;
			productName = BCDUITests;
			productReference = 4FE8FF5C1EF4FC0600D31840 /* BCDUITests.xctest */;
			productType = "com.apple.product-type.bundle.ui-testing";
		};
/* End PBXNativeTarget section */

/* Begin PBXProject section */
		4FE8FF321EF4FC0600D31840 /* Project object */ = {
			isa = PBXProject;
			attributes = {
				LastSwiftUpdateCheck = 0830;
				LastUpgradeCheck = 0830;
				ORGANIZATIONNAME = Liuliet.Lee;
				TargetAttributes = {
					4FE8FF391EF4FC0600D31840 = {
						CreatedOnToolsVersion = 8.3.2;
						DevelopmentTeam = ANB6MDJTLF;
						LastSwiftMigration = 0830;
						ProvisioningStyle = Automatic;
					};
					4FE8FF501EF4FC0600D31840 = {
						CreatedOnToolsVersion = 8.3.2;
						DevelopmentTeam = LLAMDMVSAB;
						ProvisioningStyle = Automatic;
						TestTargetID = 4FE8FF391EF4FC0600D31840;
					};
					4FE8FF5B1EF4FC0600D31840 = {
						CreatedOnToolsVersion = 8.3.2;
						DevelopmentTeam = LLAMDMVSAB;
						ProvisioningStyle = Automatic;
						TestTargetID = 4FE8FF391EF4FC0600D31840;
					};
				};
			};
			buildConfigurationList = 4FE8FF351EF4FC0600D31840 /* Build configuration list for PBXProject "BCD" */;
			compatibilityVersion = "Xcode 3.2";
			developmentRegion = English;
			hasScannedForEncodings = 0;
			knownRegions = (
				en,
				Base,
			);
			mainGroup = 4FE8FF311EF4FC0600D31840;
			productRefGroup = 4FE8FF3B1EF4FC0600D31840 /* Products */;
			projectDirPath = "";
			projectRoot = "";
			targets = (
				4FE8FF391EF4FC0600D31840 /* BCD */,
				4FE8FF501EF4FC0600D31840 /* BCDTests */,
				4FE8FF5B1EF4FC0600D31840 /* BCDUITests */,
			);
		};
/* End PBXProject section */

/* Begin PBXResourcesBuildPhase section */
		4FE8FF381EF4FC0600D31840 /* Resources */ = {
			isa = PBXResourcesBuildPhase;
			buildActionMask = 2147483647;
			files = (
				4FE8FF4B1EF4FC0600D31840 /* LaunchScreen.storyboard in Resources */,
				4FE8FF481EF4FC0600D31840 /* Assets.xcassets in Resources */,
				4FE8FF431EF4FC0600D31840 /* Main.storyboard in Resources */,
			);
			runOnlyForDeploymentPostprocessing = 0;
		};
		4FE8FF4F1EF4FC0600D31840 /* Resources */ = {
			isa = PBXResourcesBuildPhase;
			buildActionMask = 2147483647;
			files = (
			);
			runOnlyForDeploymentPostprocessing = 0;
		};
		4FE8FF5A1EF4FC0600D31840 /* Resources */ = {
			isa = PBXResourcesBuildPhase;
			buildActionMask = 2147483647;
			files = (
			);
			runOnlyForDeploymentPostprocessing = 0;
		};
/* End PBXResourcesBuildPhase section */

/* Begin PBXSourcesBuildPhase section */
		4FE8FF361EF4FC0600D31840 /* Sources */ = {
			isa = PBXSourcesBuildPhase;
			buildActionMask = 2147483647;
			files = (
				4FB3D95F1F08EE670043066B /* ImageSegue.swift in Sources */,
				4F3ED7D41F10ACAB000D2941 /* LLDialog.swift in Sources */,
				4FE8FF401EF4FC0600D31840 /* ViewController.swift in Sources */,
				4F9BBEA91F11102000C984DA /* MKLabel.swift in Sources */,
				4F26AA851F14D45900E1123D /* BrownNavController.swift in Sources */,
				4F9BBEA61F11102000C984DA /* MKCollectionViewCell.swift in Sources */,
				4F26AA831F14D3D400E1123D /* SakuraNavController.swift in Sources */,
				4F9BBEAA1F11102000C984DA /* MKImageView.swift in Sources */,
				4F9BBEA81F11102000C984DA /* MKTableViewCell.swift in Sources */,
				4F9BBEA41F11102000C984DA /* MKActivityIndicator.swift in Sources */,
				4F9BBEAD1F11102000C984DA /* MKSnackbar.swift in Sources */,
				4F9BBEA31F11102000C984DA /* MKNavigationBar.swift in Sources */,
				4F4157A41F134B880042FF40 /* TeaViewController.swift in Sources */,
				4F9BBEAB1F11102000C984DA /* MKLayer.swift in Sources */,
				4F9BBEAC1F11102000C984DA /* MKColor.swift in Sources */,
				4FB3D9611F09DD9C0043066B /* LoadingView.swift in Sources */,
				4FE8FF711EF5000400D31840 /* Info.swift in Sources */,
				4F9BBEA71F11102000C984DA /* MKTextField.swift in Sources */,
				4F26AA871F14D51100E1123D /* GreyNavController.swift in Sources */,
				4F4157A21F1331000042FF40 /* SourceTableViewController.swift in Sources */,
				4FE8FF6F1EF4FCC600D31840 /* NetworkingModel.swift in Sources */,
				4FE8FF3E1EF4FC0600D31840 /* AppDelegate.swift in Sources */,
				4F9BBEA21F11102000C984DA /* MKCardView.swift in Sources */,
				4F9BBEAE1F11102000C984DA /* MKSwitch.swift in Sources */,
				4F9B213F1F16187000D3BDD2 /* AboutViewController.swift in Sources */,
				4FE8FF731EF5095B00D31840 /* ImageViewController.swift in Sources */,
				4F07B1CD1F139A8D0009F6A1 /* SWRevealViewController.m in Sources */,
				4F26AA7F1F14D2B000E1123D /* BlueNavController.swift in Sources */,
				4F9BBEA51F11102000C984DA /* MKButton.swift in Sources */,
				4FE8FF461EF4FC0600D31840 /* BCD.xcdatamodeld in Sources */,
				4F26AA811F14D32400E1123D /* ColoredNavController.swift in Sources */,
				4FDA093B1F07C6FE0096866C /* DetailViewController.swift in Sources */,
			);
			runOnlyForDeploymentPostprocessing = 0;
		};
		4FE8FF4D1EF4FC0600D31840 /* Sources */ = {
			isa = PBXSourcesBuildPhase;
			buildActionMask = 2147483647;
			files = (
				4FE8FF561EF4FC0600D31840 /* BCDTests.swift in Sources */,
			);
			runOnlyForDeploymentPostprocessing = 0;
		};
		4FE8FF581EF4FC0600D31840 /* Sources */ = {
			isa = PBXSourcesBuildPhase;
			buildActionMask = 2147483647;
			files = (
				4FE8FF611EF4FC0600D31840 /* BCDUITests.swift in Sources */,
			);
			runOnlyForDeploymentPostprocessing = 0;
		};
/* End PBXSourcesBuildPhase section */

/* Begin PBXTargetDependency section */
		4FE8FF531EF4FC0600D31840 /* PBXTargetDependency */ = {
			isa = PBXTargetDependency;
			target = 4FE8FF391EF4FC0600D31840 /* BCD */;
			targetProxy = 4FE8FF521EF4FC0600D31840 /* PBXContainerItemProxy */;
		};
		4FE8FF5E1EF4FC0600D31840 /* PBXTargetDependency */ = {
			isa = PBXTargetDependency;
			target = 4FE8FF391EF4FC0600D31840 /* BCD */;
			targetProxy = 4FE8FF5D1EF4FC0600D31840 /* PBXContainerItemProxy */;
		};
/* End PBXTargetDependency section */

/* Begin PBXVariantGroup section */
		4FE8FF411EF4FC0600D31840 /* Main.storyboard */ = {
			isa = PBXVariantGroup;
			children = (
				4FE8FF421EF4FC0600D31840 /* Base */,
			);
			name = Main.storyboard;
			sourceTree = "<group>";
		};
		4FE8FF491EF4FC0600D31840 /* LaunchScreen.storyboard */ = {
			isa = PBXVariantGroup;
			children = (
				4FE8FF4A1EF4FC0600D31840 /* Base */,
			);
			name = LaunchScreen.storyboard;
			sourceTree = "<group>";
		};
/* End PBXVariantGroup section */

/* Begin XCBuildConfiguration section */
		4FE8FF631EF4FC0600D31840 /* Debug */ = {
			isa = XCBuildConfiguration;
			buildSettings = {
				ALWAYS_SEARCH_USER_PATHS = NO;
				CLANG_ANALYZER_NONNULL = YES;
				CLANG_ANALYZER_NUMBER_OBJECT_CONVERSION = YES_AGGRESSIVE;
				CLANG_CXX_LANGUAGE_STANDARD = "gnu++0x";
				CLANG_CXX_LIBRARY = "libc++";
				CLANG_ENABLE_MODULES = YES;
				CLANG_ENABLE_OBJC_ARC = YES;
				CLANG_WARN_BOOL_CONVERSION = YES;
				CLANG_WARN_CONSTANT_CONVERSION = YES;
				CLANG_WARN_DIRECT_OBJC_ISA_USAGE = YES_ERROR;
				CLANG_WARN_DOCUMENTATION_COMMENTS = YES;
				CLANG_WARN_EMPTY_BODY = YES;
				CLANG_WARN_ENUM_CONVERSION = YES;
				CLANG_WARN_INFINITE_RECURSION = YES;
				CLANG_WARN_INT_CONVERSION = YES;
				CLANG_WARN_OBJC_ROOT_CLASS = YES_ERROR;
				CLANG_WARN_SUSPICIOUS_MOVE = YES;
				CLANG_WARN_UNREACHABLE_CODE = YES;
				CLANG_WARN__DUPLICATE_METHOD_MATCH = YES;
				"CODE_SIGN_IDENTITY[sdk=iphoneos*]" = "iPhone Developer";
				COPY_PHASE_STRIP = NO;
				DEBUG_INFORMATION_FORMAT = dwarf;
				ENABLE_STRICT_OBJC_MSGSEND = YES;
				ENABLE_TESTABILITY = YES;
				GCC_C_LANGUAGE_STANDARD = gnu99;
				GCC_DYNAMIC_NO_PIC = NO;
				GCC_NO_COMMON_BLOCKS = YES;
				GCC_OPTIMIZATION_LEVEL = 0;
				GCC_PREPROCESSOR_DEFINITIONS = (
					"DEBUG=1",
					"$(inherited)",
				);
				GCC_WARN_64_TO_32_BIT_CONVERSION = YES;
				GCC_WARN_ABOUT_RETURN_TYPE = YES_ERROR;
				GCC_WARN_UNDECLARED_SELECTOR = YES;
				GCC_WARN_UNINITIALIZED_AUTOS = YES_AGGRESSIVE;
				GCC_WARN_UNUSED_FUNCTION = YES;
				GCC_WARN_UNUSED_VARIABLE = YES;
				IPHONEOS_DEPLOYMENT_TARGET = 10.3;
				MTL_ENABLE_DEBUG_INFO = YES;
				ONLY_ACTIVE_ARCH = YES;
				SDKROOT = iphoneos;
				SWIFT_ACTIVE_COMPILATION_CONDITIONS = DEBUG;
				SWIFT_OPTIMIZATION_LEVEL = "-Onone";
				TARGETED_DEVICE_FAMILY = "1,2";
			};
			name = Debug;
		};
		4FE8FF641EF4FC0600D31840 /* Release */ = {
			isa = XCBuildConfiguration;
			buildSettings = {
				ALWAYS_SEARCH_USER_PATHS = NO;
				CLANG_ANALYZER_NONNULL = YES;
				CLANG_ANALYZER_NUMBER_OBJECT_CONVERSION = YES_AGGRESSIVE;
				CLANG_CXX_LANGUAGE_STANDARD = "gnu++0x";
				CLANG_CXX_LIBRARY = "libc++";
				CLANG_ENABLE_MODULES = YES;
				CLANG_ENABLE_OBJC_ARC = YES;
				CLANG_WARN_BOOL_CONVERSION = YES;
				CLANG_WARN_CONSTANT_CONVERSION = YES;
				CLANG_WARN_DIRECT_OBJC_ISA_USAGE = YES_ERROR;
				CLANG_WARN_DOCUMENTATION_COMMENTS = YES;
				CLANG_WARN_EMPTY_BODY = YES;
				CLANG_WARN_ENUM_CONVERSION = YES;
				CLANG_WARN_INFINITE_RECURSION = YES;
				CLANG_WARN_INT_CONVERSION = YES;
				CLANG_WARN_OBJC_ROOT_CLASS = YES_ERROR;
				CLANG_WARN_SUSPICIOUS_MOVE = YES;
				CLANG_WARN_UNREACHABLE_CODE = YES;
				CLANG_WARN__DUPLICATE_METHOD_MATCH = YES;
				"CODE_SIGN_IDENTITY[sdk=iphoneos*]" = "iPhone Developer";
				COPY_PHASE_STRIP = NO;
				DEBUG_INFORMATION_FORMAT = "dwarf-with-dsym";
				ENABLE_NS_ASSERTIONS = NO;
				ENABLE_STRICT_OBJC_MSGSEND = YES;
				GCC_C_LANGUAGE_STANDARD = gnu99;
				GCC_NO_COMMON_BLOCKS = YES;
				GCC_WARN_64_TO_32_BIT_CONVERSION = YES;
				GCC_WARN_ABOUT_RETURN_TYPE = YES_ERROR;
				GCC_WARN_UNDECLARED_SELECTOR = YES;
				GCC_WARN_UNINITIALIZED_AUTOS = YES_AGGRESSIVE;
				GCC_WARN_UNUSED_FUNCTION = YES;
				GCC_WARN_UNUSED_VARIABLE = YES;
				IPHONEOS_DEPLOYMENT_TARGET = 10.3;
				MTL_ENABLE_DEBUG_INFO = NO;
				SDKROOT = iphoneos;
				SWIFT_OPTIMIZATION_LEVEL = "-Owholemodule";
				TARGETED_DEVICE_FAMILY = "1,2";
				VALIDATE_PRODUCT = YES;
			};
			name = Release;
		};
		4FE8FF661EF4FC0600D31840 /* Debug */ = {
			isa = XCBuildConfiguration;
			buildSettings = {
				ASSETCATALOG_COMPILER_APPICON_NAME = AppIcon;
				CLANG_ENABLE_MODULES = YES;
				DEVELOPMENT_TEAM = ANB6MDJTLF;
				INFOPLIST_FILE = BCD/Info.plist;
				IPHONEOS_DEPLOYMENT_TARGET = 10.0;
				LD_RUNPATH_SEARCH_PATHS = "$(inherited) @executable_path/Frameworks";
				PRODUCT_BUNDLE_IDENTIFIER = "Future-Code-Institute.BCD";
				PRODUCT_NAME = "$(TARGET_NAME)";
				SWIFT_OBJC_BRIDGING_HEADER = "BCD/BCD-Bridging-Header.h";
				SWIFT_OPTIMIZATION_LEVEL = "-Onone";
				SWIFT_VERSION = 3.0;
				TARGETED_DEVICE_FAMILY = 1;
			};
			name = Debug;
		};
		4FE8FF671EF4FC0600D31840 /* Release */ = {
			isa = XCBuildConfiguration;
			buildSettings = {
				ASSETCATALOG_COMPILER_APPICON_NAME = AppIcon;
				CLANG_ENABLE_MODULES = YES;
				DEVELOPMENT_TEAM = ANB6MDJTLF;
				INFOPLIST_FILE = BCD/Info.plist;
				IPHONEOS_DEPLOYMENT_TARGET = 10.0;
				LD_RUNPATH_SEARCH_PATHS = "$(inherited) @executable_path/Frameworks";
				PRODUCT_BUNDLE_IDENTIFIER = "Future-Code-Institute.BCD";
				PRODUCT_NAME = "$(TARGET_NAME)";
				SWIFT_OBJC_BRIDGING_HEADER = "BCD/BCD-Bridging-Header.h";
				SWIFT_VERSION = 3.0;
				TARGETED_DEVICE_FAMILY = 1;
			};
			name = Release;
		};
		4FE8FF691EF4FC0600D31840 /* Debug */ = {
			isa = XCBuildConfiguration;
			buildSettings = {
				ALWAYS_EMBED_SWIFT_STANDARD_LIBRARIES = YES;
				BUNDLE_LOADER = "$(TEST_HOST)";
				DEVELOPMENT_TEAM = LLAMDMVSAB;
				INFOPLIST_FILE = BCDTests/Info.plist;
				LD_RUNPATH_SEARCH_PATHS = "$(inherited) @executable_path/Frameworks @loader_path/Frameworks";
				PRODUCT_BUNDLE_IDENTIFIER = "Future-Code-Institute.BCDTests";
				PRODUCT_NAME = "$(TARGET_NAME)";
				SWIFT_VERSION = 3.0;
				TEST_HOST = "$(BUILT_PRODUCTS_DIR)/BCD.app/BCD";
			};
			name = Debug;
		};
		4FE8FF6A1EF4FC0600D31840 /* Release */ = {
			isa = XCBuildConfiguration;
			buildSettings = {
				ALWAYS_EMBED_SWIFT_STANDARD_LIBRARIES = YES;
				BUNDLE_LOADER = "$(TEST_HOST)";
				DEVELOPMENT_TEAM = LLAMDMVSAB;
				INFOPLIST_FILE = BCDTests/Info.plist;
				LD_RUNPATH_SEARCH_PATHS = "$(inherited) @executable_path/Frameworks @loader_path/Frameworks";
				PRODUCT_BUNDLE_IDENTIFIER = "Future-Code-Institute.BCDTests";
				PRODUCT_NAME = "$(TARGET_NAME)";
				SWIFT_VERSION = 3.0;
				TEST_HOST = "$(BUILT_PRODUCTS_DIR)/BCD.app/BCD";
			};
			name = Release;
		};
		4FE8FF6C1EF4FC0600D31840 /* Debug */ = {
			isa = XCBuildConfiguration;
			buildSettings = {
				ALWAYS_EMBED_SWIFT_STANDARD_LIBRARIES = YES;
				DEVELOPMENT_TEAM = LLAMDMVSAB;
				INFOPLIST_FILE = BCDUITests/Info.plist;
				LD_RUNPATH_SEARCH_PATHS = "$(inherited) @executable_path/Frameworks @loader_path/Frameworks";
				PRODUCT_BUNDLE_IDENTIFIER = "Future-Code-Institute.BCDUITests";
				PRODUCT_NAME = "$(TARGET_NAME)";
				SWIFT_VERSION = 3.0;
				TEST_TARGET_NAME = BCD;
			};
			name = Debug;
		};
		4FE8FF6D1EF4FC0600D31840 /* Release */ = {
			isa = XCBuildConfiguration;
			buildSettings = {
				ALWAYS_EMBED_SWIFT_STANDARD_LIBRARIES = YES;
				DEVELOPMENT_TEAM = LLAMDMVSAB;
				INFOPLIST_FILE = BCDUITests/Info.plist;
				LD_RUNPATH_SEARCH_PATHS = "$(inherited) @executable_path/Frameworks @loader_path/Frameworks";
				PRODUCT_BUNDLE_IDENTIFIER = "Future-Code-Institute.BCDUITests";
				PRODUCT_NAME = "$(TARGET_NAME)";
				SWIFT_VERSION = 3.0;
				TEST_TARGET_NAME = BCD;
			};
			name = Release;
		};
/* End XCBuildConfiguration section */

/* Begin XCConfigurationList section */
		4FE8FF351EF4FC0600D31840 /* Build configuration list for PBXProject "BCD" */ = {
			isa = XCConfigurationList;
			buildConfigurations = (
				4FE8FF631EF4FC0600D31840 /* Debug */,
				4FE8FF641EF4FC0600D31840 /* Release */,
			);
			defaultConfigurationIsVisible = 0;
			defaultConfigurationName = Release;
		};
		4FE8FF651EF4FC0600D31840 /* Build configuration list for PBXNativeTarget "BCD" */ = {
			isa = XCConfigurationList;
			buildConfigurations = (
				4FE8FF661EF4FC0600D31840 /* Debug */,
				4FE8FF671EF4FC0600D31840 /* Release */,
			);
			defaultConfigurationIsVisible = 0;
			defaultConfigurationName = Release;
		};
		4FE8FF681EF4FC0600D31840 /* Build configuration list for PBXNativeTarget "BCDTests" */ = {
			isa = XCConfigurationList;
			buildConfigurations = (
				4FE8FF691EF4FC0600D31840 /* Debug */,
				4FE8FF6A1EF4FC0600D31840 /* Release */,
			);
			defaultConfigurationIsVisible = 0;
			defaultConfigurationName = Release;
		};
		4FE8FF6B1EF4FC0600D31840 /* Build configuration list for PBXNativeTarget "BCDUITests" */ = {
			isa = XCConfigurationList;
			buildConfigurations = (
				4FE8FF6C1EF4FC0600D31840 /* Debug */,
				4FE8FF6D1EF4FC0600D31840 /* Release */,
			);
			defaultConfigurationIsVisible = 0;
			defaultConfigurationName = Release;
		};
/* End XCConfigurationList section */

/* Begin XCVersionGroup section */
		4FE8FF441EF4FC0600D31840 /* BCD.xcdatamodeld */ = {
			isa = XCVersionGroup;
			children = (
				4FE8FF451EF4FC0600D31840 /* BCD.xcdatamodel */,
			);
			currentVersion = 4FE8FF451EF4FC0600D31840 /* BCD.xcdatamodel */;
			path = BCD.xcdatamodeld;
			sourceTree = "<group>";
			versionGroupType = wrapper.xcdatamodel;
		};
/* End XCVersionGroup section */
	};
	rootObject = 4FE8FF321EF4FC0600D31840 /* Project object */;
}
