// !$*UTF8*$!
{
	archiveVersion = 1;
	classes = {
	};
	objectVersion = 52;
	objects = {

/* Begin PBXBuildFile section */
		4F0A450022EF0A7D00F4101E /* InariHairNavController.swift in Sources */ = {isa = PBXBuildFile; fileRef = 4F0A44FF22EF0A7D00F4101E /* InariHairNavController.swift */; };
		4F0E23A4248FD083004EACE1 /* BackgroundPipeline.swift in Sources */ = {isa = PBXBuildFile; fileRef = 4F0E2382248FD083004EACE1 /* BackgroundPipeline.swift */; };
		4F0E23A5248FD083004EACE1 /* ModelFactory.swift in Sources */ = {isa = PBXBuildFile; fileRef = 4F0E2383248FD083004EACE1 /* ModelFactory.swift */; };
		4F0E23A6248FD083004EACE1 /* MLModel+Prediction.swift in Sources */ = {isa = PBXBuildFile; fileRef = 4F0E2384248FD083004EACE1 /* MLModel+Prediction.swift */; };
		4F0E23A7248FD083004EACE1 /* photo_noise0_model.mlmodel in Sources */ = {isa = PBXBuildFile; fileRef = 4F0E2386248FD083004EACE1 /* photo_noise0_model.mlmodel */; };
		4F0E23A8248FD083004EACE1 /* anime_noise2_model.mlmodel in Sources */ = {isa = PBXBuildFile; fileRef = 4F0E2387248FD083004EACE1 /* anime_noise2_model.mlmodel */; };
		4F0E23A9248FD083004EACE1 /* anime_noise1_model.mlmodel in Sources */ = {isa = PBXBuildFile; fileRef = 4F0E2388248FD083004EACE1 /* anime_noise1_model.mlmodel */; };
		4F0E23AA248FD083004EACE1 /* photo_noise3_model.mlmodel in Sources */ = {isa = PBXBuildFile; fileRef = 4F0E2389248FD083004EACE1 /* photo_noise3_model.mlmodel */; };
		4F0E23AB248FD083004EACE1 /* up_photo_noise1_scale2x_model.mlmodel in Sources */ = {isa = PBXBuildFile; fileRef = 4F0E238A248FD083004EACE1 /* up_photo_noise1_scale2x_model.mlmodel */; };
		4F0E23AC248FD083004EACE1 /* up_anime_noise2_scale2x_model.mlmodel in Sources */ = {isa = PBXBuildFile; fileRef = 4F0E238B248FD083004EACE1 /* up_anime_noise2_scale2x_model.mlmodel */; };
		4F0E23AD248FD083004EACE1 /* up_photo_scale2x_model.mlmodel in Sources */ = {isa = PBXBuildFile; fileRef = 4F0E238C248FD083004EACE1 /* up_photo_scale2x_model.mlmodel */; };
		4F0E23AE248FD083004EACE1 /* up_anime_noise0_scale2x_model.mlmodel in Sources */ = {isa = PBXBuildFile; fileRef = 4F0E238D248FD083004EACE1 /* up_anime_noise0_scale2x_model.mlmodel */; };
		4F0E23AF248FD083004EACE1 /* up_photo_noise3_scale2x_model.mlmodel in Sources */ = {isa = PBXBuildFile; fileRef = 4F0E238E248FD083004EACE1 /* up_photo_noise3_scale2x_model.mlmodel */; };
		4F0E23B0248FD083004EACE1 /* up_anime_scale2x_model.mlmodel in Sources */ = {isa = PBXBuildFile; fileRef = 4F0E238F248FD083004EACE1 /* up_anime_scale2x_model.mlmodel */; };
		4F0E23B1248FD083004EACE1 /* anime_noise0_model.mlmodel in Sources */ = {isa = PBXBuildFile; fileRef = 4F0E2390248FD083004EACE1 /* anime_noise0_model.mlmodel */; };
		4F0E23B2248FD083004EACE1 /* up_photo_noise0_scale2x_model.mlmodel in Sources */ = {isa = PBXBuildFile; fileRef = 4F0E2391248FD083004EACE1 /* up_photo_noise0_scale2x_model.mlmodel */; };
		4F0E23B3248FD083004EACE1 /* up_anime_noise3_scale2x_model.mlmodel in Sources */ = {isa = PBXBuildFile; fileRef = 4F0E2392248FD083004EACE1 /* up_anime_noise3_scale2x_model.mlmodel */; };
		4F0E23B4248FD083004EACE1 /* photo_noise2_model.mlmodel in Sources */ = {isa = PBXBuildFile; fileRef = 4F0E2393248FD083004EACE1 /* photo_noise2_model.mlmodel */; };
		4F0E23B5248FD083004EACE1 /* up_anime_noise1_scale2x_model.mlmodel in Sources */ = {isa = PBXBuildFile; fileRef = 4F0E2394248FD083004EACE1 /* up_anime_noise1_scale2x_model.mlmodel */; };
		4F0E23B6248FD083004EACE1 /* photo_noise1_model.mlmodel in Sources */ = {isa = PBXBuildFile; fileRef = 4F0E2395248FD083004EACE1 /* photo_noise1_model.mlmodel */; };
		4F0E23B7248FD083004EACE1 /* up_photo_noise2_scale2x_model.mlmodel in Sources */ = {isa = PBXBuildFile; fileRef = 4F0E2396248FD083004EACE1 /* up_photo_noise2_scale2x_model.mlmodel */; };
		4F0E23B8248FD083004EACE1 /* anime_noise3_model.mlmodel in Sources */ = {isa = PBXBuildFile; fileRef = 4F0E2397248FD083004EACE1 /* anime_noise3_model.mlmodel */; };
		4F0E23B9248FD083004EACE1 /* Bicubic.swift in Sources */ = {isa = PBXBuildFile; fileRef = 4F0E2398248FD083004EACE1 /* Bicubic.swift */; };
		4F0E23BA248FD083004EACE1 /* Waifu2x.swift in Sources */ = {isa = PBXBuildFile; fileRef = 4F0E2399248FD083004EACE1 /* Waifu2x.swift */; };
		4F0E23BB248FD083004EACE1 /* UIImage+Expand.swift in Sources */ = {isa = PBXBuildFile; fileRef = 4F0E239A248FD083004EACE1 /* UIImage+Expand.swift */; };
		4F0E23BC248FD083004EACE1 /* UIImage+Crop.swift in Sources */ = {isa = PBXBuildFile; fileRef = 4F0E239B248FD083004EACE1 /* UIImage+Crop.swift */; };
		4F0E23BD248FD083004EACE1 /* BackgroundTask.swift in Sources */ = {isa = PBXBuildFile; fileRef = 4F0E239C248FD083004EACE1 /* BackgroundTask.swift */; };
		4F0E23BE248FD083004EACE1 /* Queue.swift in Sources */ = {isa = PBXBuildFile; fileRef = 4F0E239D248FD083004EACE1 /* Queue.swift */; };
		4F0E23BF248FD083004EACE1 /* UIImage+Bicubic.swift in Sources */ = {isa = PBXBuildFile; fileRef = 4F0E239E248FD083004EACE1 /* UIImage+Bicubic.swift */; };
		4F0E23C0248FD083004EACE1 /* UIImage+Alpha.swift in Sources */ = {isa = PBXBuildFile; fileRef = 4F0E239F248FD083004EACE1 /* UIImage+Alpha.swift */; };
		4F0E23C1248FD083004EACE1 /* bicubic.metal in Sources */ = {isa = PBXBuildFile; fileRef = 4F0E23A1248FD083004EACE1 /* bicubic.metal */; };
		4F0E23C3248FD083004EACE1 /* MetalBicubic.swift in Sources */ = {isa = PBXBuildFile; fileRef = 4F0E23A3248FD083004EACE1 /* MetalBicubic.swift */; };
		4F15D82622DDE6990080204E /* FeedbackController.swift in Sources */ = {isa = PBXBuildFile; fileRef = 4F15D82422DDE6990080204E /* FeedbackController.swift */; };
		4F15D82722DDE6990080204E /* ReplyController.swift in Sources */ = {isa = PBXBuildFile; fileRef = 4F15D82522DDE6990080204E /* ReplyController.swift */; };
		4F15D82922DDE6A70080204E /* EditController.swift in Sources */ = {isa = PBXBuildFile; fileRef = 4F15D82822DDE6A70080204E /* EditController.swift */; };
		4F1AF3CA22D78E9C009C8328 /* CommentCell.swift in Sources */ = {isa = PBXBuildFile; fileRef = 4F1AF3C922D78E9C009C8328 /* CommentCell.swift */; };
		4F270F2122D21261008C07A6 /* Comment.swift in Sources */ = {isa = PBXBuildFile; fileRef = 4F270F2022D21261008C07A6 /* Comment.swift */; };
		4F338F5720DD00410014226C /* ShareViewController.swift in Sources */ = {isa = PBXBuildFile; fileRef = 4F338F5620DD00410014226C /* ShareViewController.swift */; };
		4F338F5A20DD00410014226C /* MainInterface.storyboard in Resources */ = {isa = PBXBuildFile; fileRef = 4F338F5820DD00410014226C /* MainInterface.storyboard */; };
		4F338F5E20DD00410014226C /* BCDSharing.appex in Embed App Extensions */ = {isa = PBXBuildFile; fileRef = 4F338F5420DD00410014226C /* BCDSharing.appex */; settings = {ATTRIBUTES = (RemoveHeadersOnCopy, ); }; };
		4F338F7020DE56730014226C /* CoreDataStorage.swift in Sources */ = {isa = PBXBuildFile; fileRef = 4F8B90711F7B2E3800AB158D /* CoreDataStorage.swift */; };
		4F338F7120DE56730014226C /* Info.swift in Sources */ = {isa = PBXBuildFile; fileRef = 4FE8FF701EF5000400D31840 /* Info.swift */; };
		4F338F7220DE56730014226C /* CoverInfoProvider.swift in Sources */ = {isa = PBXBuildFile; fileRef = 4FE8FF6E1EF4FCC600D31840 /* CoverInfoProvider.swift */; };
		4F338F7320DE56730014226C /* BilibiliCover.swift in Sources */ = {isa = PBXBuildFile; fileRef = 52E4E47C1F76C6A9008EF09C /* BilibiliCover.swift */; };
		4F338F7420DE56730014226C /* ImageSaver.swift in Sources */ = {isa = PBXBuildFile; fileRef = 5290FA022051B0DF00A1AAA4 /* ImageSaver.swift */; };
		4F4942CC20F344E200BB7785 /* GreyNavController.swift in Sources */ = {isa = PBXBuildFile; fileRef = 4F4942C720F344E200BB7785 /* GreyNavController.swift */; };
		4F4942CD20F344E200BB7785 /* BrownNavController.swift in Sources */ = {isa = PBXBuildFile; fileRef = 4F4942C820F344E200BB7785 /* BrownNavController.swift */; };
		4F4942CE20F344E200BB7785 /* BlueNavController.swift in Sources */ = {isa = PBXBuildFile; fileRef = 4F4942C920F344E200BB7785 /* BlueNavController.swift */; };
		4F4942CF20F344E200BB7785 /* SakuraNavController.swift in Sources */ = {isa = PBXBuildFile; fileRef = 4F4942CA20F344E200BB7785 /* SakuraNavController.swift */; };
		4F4942D020F344E200BB7785 /* ColoredNavController.swift in Sources */ = {isa = PBXBuildFile; fileRef = 4F4942CB20F344E200BB7785 /* ColoredNavController.swift */; };
		4F4942DD20F3455F00BB7785 /* HistoryCell.swift in Sources */ = {isa = PBXBuildFile; fileRef = 4F4942D120F3455E00BB7785 /* HistoryCell.swift */; };
		4F4942E020F3455F00BB7785 /* Assets.xcassets in Resources */ = {isa = PBXBuildFile; fileRef = 4F4942D420F3455E00BB7785 /* Assets.xcassets */; };
		4F4942E120F3455F00BB7785 /* LoadingView.swift in Sources */ = {isa = PBXBuildFile; fileRef = 4F4942D520F3455E00BB7785 /* LoadingView.swift */; };
		4F4942E420F3455F00BB7785 /* AnimateView.swift in Sources */ = {isa = PBXBuildFile; fileRef = 4F4942DB20F3455E00BB7785 /* AnimateView.swift */; };
		4F4942E520F3455F00BB7785 /* scaling.gif in Resources */ = {isa = PBXBuildFile; fileRef = 4F4942DC20F3455F00BB7785 /* scaling.gif */; };
		4F4942EA20F3457100BB7785 /* Main.storyboard in Resources */ = {isa = PBXBuildFile; fileRef = 4F4942E620F3457100BB7785 /* Main.storyboard */; };
		4F4942EB20F3457100BB7785 /* LaunchScreen.storyboard in Resources */ = {isa = PBXBuildFile; fileRef = 4F4942E820F3457100BB7785 /* LaunchScreen.storyboard */; };
		4F49431F20F3467D00BB7785 /* CheckLaunchTime.swift in Sources */ = {isa = PBXBuildFile; fileRef = 4F49431E20F3467D00BB7785 /* CheckLaunchTime.swift */; };
		4F49432220F3468200BB7785 /* MotionDetector.swift in Sources */ = {isa = PBXBuildFile; fileRef = 4F49432020F3468200BB7785 /* MotionDetector.swift */; };
		4F49432320F3468200BB7785 /* UIImage+Gif.swift in Sources */ = {isa = PBXBuildFile; fileRef = 4F49432120F3468200BB7785 /* UIImage+Gif.swift */; };
		4F49434520F3468B00BB7785 /* Nudity.mlmodel in Sources */ = {isa = PBXBuildFile; fileRef = 4F49433220F3468B00BB7785 /* Nudity.mlmodel */; };
		4F49434820F3468B00BB7785 /* UIImageToCVPixelBuffer.swift in Sources */ = {isa = PBXBuildFile; fileRef = 4F49433520F3468B00BB7785 /* UIImageToCVPixelBuffer.swift */; };
		4F49435120F3469700BB7785 /* BCD.xcdatamodeld in Sources */ = {isa = PBXBuildFile; fileRef = 4F49434B20F3469600BB7785 /* BCD.xcdatamodeld */; };
		4F49435320F3469700BB7785 /* CoreDataModel.swift in Sources */ = {isa = PBXBuildFile; fileRef = 4F49434E20F3469600BB7785 /* CoreDataModel.swift */; };
		4F49435420F3469700BB7785 /* HistoryManager.swift in Sources */ = {isa = PBXBuildFile; fileRef = 4F49434F20F3469600BB7785 /* HistoryManager.swift */; };
		4F49435520F3469700BB7785 /* SettingManager.swift in Sources */ = {isa = PBXBuildFile; fileRef = 4F49435020F3469700BB7785 /* SettingManager.swift */; };
		4F49435620F3476B00BB7785 /* BCD.xcdatamodeld in Sources */ = {isa = PBXBuildFile; fileRef = 4F49434B20F3469600BB7785 /* BCD.xcdatamodeld */; };
		4F49435720F3477200BB7785 /* CoreDataModel.swift in Sources */ = {isa = PBXBuildFile; fileRef = 4F49434E20F3469600BB7785 /* CoreDataModel.swift */; };
		4F49435820F3477900BB7785 /* CacheManager.swift in Sources */ = {isa = PBXBuildFile; fileRef = 4F49434D20F3469600BB7785 /* CacheManager.swift */; };
		4F49435920F3479700BB7785 /* HistoryManager.swift in Sources */ = {isa = PBXBuildFile; fileRef = 4F49434F20F3469600BB7785 /* HistoryManager.swift */; };
		4F49435A20F3479A00BB7785 /* SettingManager.swift in Sources */ = {isa = PBXBuildFile; fileRef = 4F49435020F3469700BB7785 /* SettingManager.swift */; };
		4F49435B20F347B400BB7785 /* UIImageToCVPixelBuffer.swift in Sources */ = {isa = PBXBuildFile; fileRef = 4F49433520F3468B00BB7785 /* UIImageToCVPixelBuffer.swift */; };
		4F49435C20F347CB00BB7785 /* Nudity.mlmodel in Sources */ = {isa = PBXBuildFile; fileRef = 4F49433220F3468B00BB7785 /* Nudity.mlmodel */; };
		4F49435D20F347D800BB7785 /* UIImage+Gif.swift in Sources */ = {isa = PBXBuildFile; fileRef = 4F49432120F3468200BB7785 /* UIImage+Gif.swift */; };
		4F4C901E210214C100C3AAB0 /* URLBuilder.swift in Sources */ = {isa = PBXBuildFile; fileRef = 4F4C901D210214C100C3AAB0 /* URLBuilder.swift */; };
		4F4C9020210215C100C3AAB0 /* APIFactory.swift in Sources */ = {isa = PBXBuildFile; fileRef = 4F4C901F210215C100C3AAB0 /* APIFactory.swift */; };
		4F4C902121021A0E00C3AAB0 /* URLBuilder.swift in Sources */ = {isa = PBXBuildFile; fileRef = 4F4C901D210214C100C3AAB0 /* URLBuilder.swift */; };
		4F4C902221021A0E00C3AAB0 /* APIFactory.swift in Sources */ = {isa = PBXBuildFile; fileRef = 4F4C901F210215C100C3AAB0 /* APIFactory.swift */; };
		4F65FC7422EDA20900363BA0 /* Response.swift in Sources */ = {isa = PBXBuildFile; fileRef = 4F65FC7322EDA20900363BA0 /* Response.swift */; };
		4F65FC7522EDA20900363BA0 /* Response.swift in Sources */ = {isa = PBXBuildFile; fileRef = 4F65FC7322EDA20900363BA0 /* Response.swift */; };
		4F6C0541216218A800ED57E0 /* HotListCell.swift in Sources */ = {isa = PBXBuildFile; fileRef = 4F6C0540216218A800ED57E0 /* HotListCell.swift */; };
		4F76B8A51F905CB200F714B9 /* HisTutPage in Resources */ = {isa = PBXBuildFile; fileRef = 4F76B8A41F905CB200F714B9 /* HisTutPage */; };
		4F78820920F3423900344D62 /* AppDelegate.swift in Sources */ = {isa = PBXBuildFile; fileRef = 4F78820620F3423900344D62 /* AppDelegate.swift */; };
		4F78822420F3443200344D62 /* HisTutViewController.swift in Sources */ = {isa = PBXBuildFile; fileRef = 4F78820F20F3443100344D62 /* HisTutViewController.swift */; };
		4F78822520F3443200344D62 /* ImageViewController.swift in Sources */ = {isa = PBXBuildFile; fileRef = 4F78821020F3443100344D62 /* ImageViewController.swift */; };
		4F78822620F3443200344D62 /* MainViewController.swift in Sources */ = {isa = PBXBuildFile; fileRef = 4F78821120F3443200344D62 /* MainViewController.swift */; };
		4F78822820F3443200344D62 /* TutorialContentViewController.swift in Sources */ = {isa = PBXBuildFile; fileRef = 4F78821320F3443200344D62 /* TutorialContentViewController.swift */; };
		4F78822920F3443200344D62 /* ScalingViewController.swift in Sources */ = {isa = PBXBuildFile; fileRef = 4F78821420F3443200344D62 /* ScalingViewController.swift */; };
		4F78822F20F3443200344D62 /* SettingViewController.swift in Sources */ = {isa = PBXBuildFile; fileRef = 4F78821B20F3443200344D62 /* SettingViewController.swift */; };
		4F78823020F3443200344D62 /* TutorialViewController.swift in Sources */ = {isa = PBXBuildFile; fileRef = 4F78821C20F3443200344D62 /* TutorialViewController.swift */; };
		4F78823120F3443200344D62 /* DetailViewController.swift in Sources */ = {isa = PBXBuildFile; fileRef = 4F78821D20F3443200344D62 /* DetailViewController.swift */; };
		4F78823220F3443200344D62 /* SourceTableViewController.swift in Sources */ = {isa = PBXBuildFile; fileRef = 4F78821E20F3443200344D62 /* SourceTableViewController.swift */; };
		4F78823320F3443200344D62 /* FindArtViewController.swift in Sources */ = {isa = PBXBuildFile; fileRef = 4F78821F20F3443200344D62 /* FindArtViewController.swift */; };
		4F78823420F3443200344D62 /* TutorialPageViewController.swift in Sources */ = {isa = PBXBuildFile; fileRef = 4F78822020F3443200344D62 /* TutorialPageViewController.swift */; };
		4F78823520F3443200344D62 /* Waifu2xViewController.swift in Sources */ = {isa = PBXBuildFile; fileRef = 4F78822120F3443200344D62 /* Waifu2xViewController.swift */; };
		4F78823620F3443200344D62 /* AboutViewController.swift in Sources */ = {isa = PBXBuildFile; fileRef = 4F78822220F3443200344D62 /* AboutViewController.swift */; };
		4F78823720F3443200344D62 /* HistoryViewController.swift in Sources */ = {isa = PBXBuildFile; fileRef = 4F78822320F3443200344D62 /* HistoryViewController.swift */; };
		4F8B90731F7B2E3800AB158D /* CoreDataStorage.swift in Sources */ = {isa = PBXBuildFile; fileRef = 4F8B90711F7B2E3800AB158D /* CoreDataStorage.swift */; };
		4F97677422F5CE9300165320 /* CommentDataManager.swift in Sources */ = {isa = PBXBuildFile; fileRef = 4F97677322F5CE9300165320 /* CommentDataManager.swift */; };
		4FA965022121BF4A0031983C /* CacheManager.swift in Sources */ = {isa = PBXBuildFile; fileRef = 4F49434D20F3469600BB7785 /* CacheManager.swift */; };
		4FB59F5C22DCB15800939DE3 /* ReplyCell.swift in Sources */ = {isa = PBXBuildFile; fileRef = 4FB59F5B22DCB15800939DE3 /* ReplyCell.swift */; };
		4FB5A49F2171F6D5009DF4F1 /* loading.gif in Resources */ = {isa = PBXBuildFile; fileRef = 4FB5A49E2171F6D5009DF4F1 /* loading.gif */; };
		4FB5CC8122D0A11300A6A47B /* CommentProvider.swift in Sources */ = {isa = PBXBuildFile; fileRef = 4FB5CC8022D0A11300A6A47B /* CommentProvider.swift */; };
		4FBACF1023E2A66F002C485E /* CheckLaunchTime.swift in Sources */ = {isa = PBXBuildFile; fileRef = 4F49431E20F3467D00BB7785 /* CheckLaunchTime.swift */; };
		4FE2EF4C2162169800E389CE /* CoverPreviewCell.swift in Sources */ = {isa = PBXBuildFile; fileRef = 4FE2EF4B2162169800E389CE /* CoverPreviewCell.swift */; };
		4FE8FF6F1EF4FCC600D31840 /* CoverInfoProvider.swift in Sources */ = {isa = PBXBuildFile; fileRef = 4FE8FF6E1EF4FCC600D31840 /* CoverInfoProvider.swift */; };
		4FE8FF711EF5000400D31840 /* Info.swift in Sources */ = {isa = PBXBuildFile; fileRef = 4FE8FF701EF5000400D31840 /* Info.swift */; };
		4FF3FD1A215D30A500AF7F4B /* HotListProvider.swift in Sources */ = {isa = PBXBuildFile; fileRef = 4FF3FD19215D30A500AF7F4B /* HotListProvider.swift */; };
		4FF3FD1C215D339900AF7F4B /* AbstractProvider.swift in Sources */ = {isa = PBXBuildFile; fileRef = 4FF3FD1B215D339900AF7F4B /* AbstractProvider.swift */; };
		4FF3FD1E215D340800AF7F4B /* AssetProvider.swift in Sources */ = {isa = PBXBuildFile; fileRef = 4FF3FD1D215D340800AF7F4B /* AssetProvider.swift */; };
		4FF3FD1F215D348F00AF7F4B /* AbstractProvider.swift in Sources */ = {isa = PBXBuildFile; fileRef = 4FF3FD1B215D339900AF7F4B /* AbstractProvider.swift */; };
		4FF3FD20215D348F00AF7F4B /* AssetProvider.swift in Sources */ = {isa = PBXBuildFile; fileRef = 4FF3FD1D215D340800AF7F4B /* AssetProvider.swift */; };
		4FF3FD22215E82EC00AF7F4B /* HotListController.swift in Sources */ = {isa = PBXBuildFile; fileRef = 4FF3FD21215E82EC00AF7F4B /* HotListController.swift */; };
		4FF64A622167264E0046302D /* GreenNavController.swift in Sources */ = {isa = PBXBuildFile; fileRef = 4FF64A612167264E0046302D /* GreenNavController.swift */; };
		4FFBABD1213A5CE20051B240 /* Assets.xcassets in Resources */ = {isa = PBXBuildFile; fileRef = 4F4942D420F3455E00BB7785 /* Assets.xcassets */; };
		5290FA032051B0DF00A1AAA4 /* ImageSaver.swift in Sources */ = {isa = PBXBuildFile; fileRef = 5290FA022051B0DF00A1AAA4 /* ImageSaver.swift */; };
		52E4E47D1F76C6A9008EF09C /* BilibiliCover.swift in Sources */ = {isa = PBXBuildFile; fileRef = 52E4E47C1F76C6A9008EF09C /* BilibiliCover.swift */; };
		A9956396813C99705AFF8D75 /* libPods-BCD.a in Frameworks */ = {isa = PBXBuildFile; fileRef = 8BCEF4F0F637FFBAB56600BC /* libPods-BCD.a */; };
		D21CDCBD242BE32F005EB083 /* ViewAnimator in Frameworks */ = {isa = PBXBuildFile; productRef = D21CDCBC242BE32F005EB083 /* ViewAnimator */; };
		D21CDCC0242BE363005EB083 /* Eureka in Frameworks */ = {isa = PBXBuildFile; productRef = D21CDCBF242BE363005EB083 /* Eureka */; };
		D25A63D3242DEC3200F3B818 /* LLDialog in Frameworks */ = {isa = PBXBuildFile; productRef = D25A63D2242DEC3200F3B818 /* LLDialog */; };
		D2AA4ECF245043BF0064104C /* Alamofire in Frameworks */ = {isa = PBXBuildFile; productRef = D2AA4ECE245043BF0064104C /* Alamofire */; };
		D2AA4ED1245043D60064104C /* Alamofire in Frameworks */ = {isa = PBXBuildFile; productRef = D2AA4ED0245043D60064104C /* Alamofire */; };
		D2AA4ED3245044E30064104C /* BilibiliKit in Frameworks */ = {isa = PBXBuildFile; productRef = D2AA4ED2245044E30064104C /* BilibiliKit */; };
		D2AA4ED5245044EF0064104C /* BilibiliKit in Frameworks */ = {isa = PBXBuildFile; productRef = D2AA4ED4245044EF0064104C /* BilibiliKit */; };
/* End PBXBuildFile section */

/* Begin PBXContainerItemProxy section */
		4F338F5C20DD00410014226C /* PBXContainerItemProxy */ = {
			isa = PBXContainerItemProxy;
			containerPortal = 4FE8FF321EF4FC0600D31840 /* Project object */;
			proxyType = 1;
			remoteGlobalIDString = 4F338F5320DD00410014226C;
			remoteInfo = BCDSharing;
		};
/* End PBXContainerItemProxy section */

/* Begin PBXCopyFilesBuildPhase section */
		4F2DB5E91F75F7D400FB2315 /* Embed App Extensions */ = {
			isa = PBXCopyFilesBuildPhase;
			buildActionMask = 2147483647;
			dstPath = "";
			dstSubfolderSpec = 13;
			files = (
				4F338F5E20DD00410014226C /* BCDSharing.appex in Embed App Extensions */,
			);
			name = "Embed App Extensions";
			runOnlyForDeploymentPostprocessing = 0;
		};
		4F585B3D1F7614FD004D1285 /* Embed Frameworks */ = {
			isa = PBXCopyFilesBuildPhase;
			buildActionMask = 2147483647;
			dstPath = "";
			dstSubfolderSpec = 10;
			files = (
			);
			name = "Embed Frameworks";
			runOnlyForDeploymentPostprocessing = 0;
		};
		D21CDCBA242BE31C005EB083 /* Embed Frameworks */ = {
			isa = PBXCopyFilesBuildPhase;
			buildActionMask = 2147483647;
			dstPath = "";
			dstSubfolderSpec = 10;
			files = (
			);
			name = "Embed Frameworks";
			runOnlyForDeploymentPostprocessing = 0;
		};
/* End PBXCopyFilesBuildPhase section */

/* Begin PBXFileReference section */
		014002F5C328A516653ECA7C /* Pods-BCD.debug.xcconfig */ = {isa = PBXFileReference; includeInIndex = 1; lastKnownFileType = text.xcconfig; name = "Pods-BCD.debug.xcconfig"; path = "Pods/Target Support Files/Pods-BCD/Pods-BCD.debug.xcconfig"; sourceTree = "<group>"; };
		4F0A44FF22EF0A7D00F4101E /* InariHairNavController.swift */ = {isa = PBXFileReference; lastKnownFileType = sourcecode.swift; path = InariHairNavController.swift; sourceTree = "<group>"; };
		4F0E2382248FD083004EACE1 /* BackgroundPipeline.swift */ = {isa = PBXFileReference; fileEncoding = 4; lastKnownFileType = sourcecode.swift; path = BackgroundPipeline.swift; sourceTree = "<group>"; };
		4F0E2383248FD083004EACE1 /* ModelFactory.swift */ = {isa = PBXFileReference; fileEncoding = 4; lastKnownFileType = sourcecode.swift; path = ModelFactory.swift; sourceTree = "<group>"; };
		4F0E2384248FD083004EACE1 /* MLModel+Prediction.swift */ = {isa = PBXFileReference; fileEncoding = 4; lastKnownFileType = sourcecode.swift; path = "MLModel+Prediction.swift"; sourceTree = "<group>"; };
		4F0E2386248FD083004EACE1 /* photo_noise0_model.mlmodel */ = {isa = PBXFileReference; lastKnownFileType = file.mlmodel; path = photo_noise0_model.mlmodel; sourceTree = "<group>"; };
		4F0E2387248FD083004EACE1 /* anime_noise2_model.mlmodel */ = {isa = PBXFileReference; lastKnownFileType = file.mlmodel; path = anime_noise2_model.mlmodel; sourceTree = "<group>"; };
		4F0E2388248FD083004EACE1 /* anime_noise1_model.mlmodel */ = {isa = PBXFileReference; lastKnownFileType = file.mlmodel; path = anime_noise1_model.mlmodel; sourceTree = "<group>"; };
		4F0E2389248FD083004EACE1 /* photo_noise3_model.mlmodel */ = {isa = PBXFileReference; lastKnownFileType = file.mlmodel; path = photo_noise3_model.mlmodel; sourceTree = "<group>"; };
		4F0E238A248FD083004EACE1 /* up_photo_noise1_scale2x_model.mlmodel */ = {isa = PBXFileReference; lastKnownFileType = file.mlmodel; path = up_photo_noise1_scale2x_model.mlmodel; sourceTree = "<group>"; };
		4F0E238B248FD083004EACE1 /* up_anime_noise2_scale2x_model.mlmodel */ = {isa = PBXFileReference; lastKnownFileType = file.mlmodel; path = up_anime_noise2_scale2x_model.mlmodel; sourceTree = "<group>"; };
		4F0E238C248FD083004EACE1 /* up_photo_scale2x_model.mlmodel */ = {isa = PBXFileReference; lastKnownFileType = file.mlmodel; path = up_photo_scale2x_model.mlmodel; sourceTree = "<group>"; };
		4F0E238D248FD083004EACE1 /* up_anime_noise0_scale2x_model.mlmodel */ = {isa = PBXFileReference; lastKnownFileType = file.mlmodel; path = up_anime_noise0_scale2x_model.mlmodel; sourceTree = "<group>"; };
		4F0E238E248FD083004EACE1 /* up_photo_noise3_scale2x_model.mlmodel */ = {isa = PBXFileReference; lastKnownFileType = file.mlmodel; path = up_photo_noise3_scale2x_model.mlmodel; sourceTree = "<group>"; };
		4F0E238F248FD083004EACE1 /* up_anime_scale2x_model.mlmodel */ = {isa = PBXFileReference; lastKnownFileType = file.mlmodel; path = up_anime_scale2x_model.mlmodel; sourceTree = "<group>"; };
		4F0E2390248FD083004EACE1 /* anime_noise0_model.mlmodel */ = {isa = PBXFileReference; lastKnownFileType = file.mlmodel; path = anime_noise0_model.mlmodel; sourceTree = "<group>"; };
		4F0E2391248FD083004EACE1 /* up_photo_noise0_scale2x_model.mlmodel */ = {isa = PBXFileReference; lastKnownFileType = file.mlmodel; path = up_photo_noise0_scale2x_model.mlmodel; sourceTree = "<group>"; };
		4F0E2392248FD083004EACE1 /* up_anime_noise3_scale2x_model.mlmodel */ = {isa = PBXFileReference; lastKnownFileType = file.mlmodel; path = up_anime_noise3_scale2x_model.mlmodel; sourceTree = "<group>"; };
		4F0E2393248FD083004EACE1 /* photo_noise2_model.mlmodel */ = {isa = PBXFileReference; lastKnownFileType = file.mlmodel; path = photo_noise2_model.mlmodel; sourceTree = "<group>"; };
		4F0E2394248FD083004EACE1 /* up_anime_noise1_scale2x_model.mlmodel */ = {isa = PBXFileReference; lastKnownFileType = file.mlmodel; path = up_anime_noise1_scale2x_model.mlmodel; sourceTree = "<group>"; };
		4F0E2395248FD083004EACE1 /* photo_noise1_model.mlmodel */ = {isa = PBXFileReference; lastKnownFileType = file.mlmodel; path = photo_noise1_model.mlmodel; sourceTree = "<group>"; };
		4F0E2396248FD083004EACE1 /* up_photo_noise2_scale2x_model.mlmodel */ = {isa = PBXFileReference; lastKnownFileType = file.mlmodel; path = up_photo_noise2_scale2x_model.mlmodel; sourceTree = "<group>"; };
		4F0E2397248FD083004EACE1 /* anime_noise3_model.mlmodel */ = {isa = PBXFileReference; lastKnownFileType = file.mlmodel; path = anime_noise3_model.mlmodel; sourceTree = "<group>"; };
		4F0E2398248FD083004EACE1 /* Bicubic.swift */ = {isa = PBXFileReference; fileEncoding = 4; lastKnownFileType = sourcecode.swift; path = Bicubic.swift; sourceTree = "<group>"; };
		4F0E2399248FD083004EACE1 /* Waifu2x.swift */ = {isa = PBXFileReference; fileEncoding = 4; lastKnownFileType = sourcecode.swift; path = Waifu2x.swift; sourceTree = "<group>"; };
		4F0E239A248FD083004EACE1 /* UIImage+Expand.swift */ = {isa = PBXFileReference; fileEncoding = 4; lastKnownFileType = sourcecode.swift; path = "UIImage+Expand.swift"; sourceTree = "<group>"; };
		4F0E239B248FD083004EACE1 /* UIImage+Crop.swift */ = {isa = PBXFileReference; fileEncoding = 4; lastKnownFileType = sourcecode.swift; path = "UIImage+Crop.swift"; sourceTree = "<group>"; };
		4F0E239C248FD083004EACE1 /* BackgroundTask.swift */ = {isa = PBXFileReference; fileEncoding = 4; lastKnownFileType = sourcecode.swift; path = BackgroundTask.swift; sourceTree = "<group>"; };
		4F0E239D248FD083004EACE1 /* Queue.swift */ = {isa = PBXFileReference; fileEncoding = 4; lastKnownFileType = sourcecode.swift; path = Queue.swift; sourceTree = "<group>"; };
		4F0E239E248FD083004EACE1 /* UIImage+Bicubic.swift */ = {isa = PBXFileReference; fileEncoding = 4; lastKnownFileType = sourcecode.swift; path = "UIImage+Bicubic.swift"; sourceTree = "<group>"; };
		4F0E239F248FD083004EACE1 /* UIImage+Alpha.swift */ = {isa = PBXFileReference; fileEncoding = 4; lastKnownFileType = sourcecode.swift; path = "UIImage+Alpha.swift"; sourceTree = "<group>"; };
		4F0E23A0248FD083004EACE1 /* waifu2x.h */ = {isa = PBXFileReference; fileEncoding = 4; lastKnownFileType = sourcecode.c.h; path = waifu2x.h; sourceTree = "<group>"; };
		4F0E23A1248FD083004EACE1 /* bicubic.metal */ = {isa = PBXFileReference; fileEncoding = 4; lastKnownFileType = sourcecode.metal; path = bicubic.metal; sourceTree = "<group>"; };
		4F0E23A3248FD083004EACE1 /* MetalBicubic.swift */ = {isa = PBXFileReference; fileEncoding = 4; lastKnownFileType = sourcecode.swift; path = MetalBicubic.swift; sourceTree = "<group>"; };
		4F15D82422DDE6990080204E /* FeedbackController.swift */ = {isa = PBXFileReference; fileEncoding = 4; lastKnownFileType = sourcecode.swift; path = FeedbackController.swift; sourceTree = "<group>"; };
		4F15D82522DDE6990080204E /* ReplyController.swift */ = {isa = PBXFileReference; fileEncoding = 4; lastKnownFileType = sourcecode.swift; path = ReplyController.swift; sourceTree = "<group>"; };
		4F15D82822DDE6A70080204E /* EditController.swift */ = {isa = PBXFileReference; lastKnownFileType = sourcecode.swift; path = EditController.swift; sourceTree = "<group>"; };
		4F1AF3C922D78E9C009C8328 /* CommentCell.swift */ = {isa = PBXFileReference; lastKnownFileType = sourcecode.swift; path = CommentCell.swift; sourceTree = "<group>"; };
		4F270F2022D21261008C07A6 /* Comment.swift */ = {isa = PBXFileReference; lastKnownFileType = sourcecode.swift; path = Comment.swift; sourceTree = "<group>"; };
		4F2DB5DA1F75F7D400FB2315 /* NotificationCenter.framework */ = {isa = PBXFileReference; lastKnownFileType = wrapper.framework; name = NotificationCenter.framework; path = System/Library/Frameworks/NotificationCenter.framework; sourceTree = SDKROOT; };
		4F338F5420DD00410014226C /* BCDSharing.appex */ = {isa = PBXFileReference; explicitFileType = "wrapper.app-extension"; includeInIndex = 0; path = BCDSharing.appex; sourceTree = BUILT_PRODUCTS_DIR; };
		4F338F5620DD00410014226C /* ShareViewController.swift */ = {isa = PBXFileReference; lastKnownFileType = sourcecode.swift; path = ShareViewController.swift; sourceTree = "<group>"; };
		4F338F5920DD00410014226C /* Base */ = {isa = PBXFileReference; lastKnownFileType = file.storyboard; name = Base; path = Base.lproj/MainInterface.storyboard; sourceTree = "<group>"; };
		4F338F5B20DD00410014226C /* Info.plist */ = {isa = PBXFileReference; lastKnownFileType = text.plist.xml; path = Info.plist; sourceTree = "<group>"; };
		4F338F6220DE4A8D0014226C /* BCDSharing.entitlements */ = {isa = PBXFileReference; lastKnownFileType = text.plist.entitlements; path = BCDSharing.entitlements; sourceTree = "<group>"; };
		4F4942C720F344E200BB7785 /* GreyNavController.swift */ = {isa = PBXFileReference; fileEncoding = 4; lastKnownFileType = sourcecode.swift; path = GreyNavController.swift; sourceTree = "<group>"; };
		4F4942C820F344E200BB7785 /* BrownNavController.swift */ = {isa = PBXFileReference; fileEncoding = 4; lastKnownFileType = sourcecode.swift; path = BrownNavController.swift; sourceTree = "<group>"; };
		4F4942C920F344E200BB7785 /* BlueNavController.swift */ = {isa = PBXFileReference; fileEncoding = 4; lastKnownFileType = sourcecode.swift; path = BlueNavController.swift; sourceTree = "<group>"; };
		4F4942CA20F344E200BB7785 /* SakuraNavController.swift */ = {isa = PBXFileReference; fileEncoding = 4; lastKnownFileType = sourcecode.swift; path = SakuraNavController.swift; sourceTree = "<group>"; };
		4F4942CB20F344E200BB7785 /* ColoredNavController.swift */ = {isa = PBXFileReference; fileEncoding = 4; lastKnownFileType = sourcecode.swift; path = ColoredNavController.swift; sourceTree = "<group>"; };
		4F4942D120F3455E00BB7785 /* HistoryCell.swift */ = {isa = PBXFileReference; fileEncoding = 4; lastKnownFileType = sourcecode.swift; path = HistoryCell.swift; sourceTree = "<group>"; };
		4F4942D420F3455E00BB7785 /* Assets.xcassets */ = {isa = PBXFileReference; lastKnownFileType = folder.assetcatalog; name = Assets.xcassets; path = "User Interface/Assets.xcassets"; sourceTree = "<group>"; };
		4F4942D520F3455E00BB7785 /* LoadingView.swift */ = {isa = PBXFileReference; fileEncoding = 4; lastKnownFileType = sourcecode.swift; name = LoadingView.swift; path = "User Interface/LoadingView.swift"; sourceTree = "<group>"; };
		4F4942DB20F3455E00BB7785 /* AnimateView.swift */ = {isa = PBXFileReference; fileEncoding = 4; lastKnownFileType = sourcecode.swift; name = AnimateView.swift; path = "User Interface/AnimateView.swift"; sourceTree = "<group>"; };
		4F4942DC20F3455F00BB7785 /* scaling.gif */ = {isa = PBXFileReference; lastKnownFileType = image.gif; path = scaling.gif; sourceTree = "<group>"; };
		4F4942E720F3457100BB7785 /* Base */ = {isa = PBXFileReference; lastKnownFileType = file.storyboard; name = Base; path = "User Interface/Base.lproj/Main.storyboard"; sourceTree = "<group>"; };
		4F4942E920F3457100BB7785 /* Base */ = {isa = PBXFileReference; lastKnownFileType = file.storyboard; name = Base; path = "User Interface/Base.lproj/LaunchScreen.storyboard"; sourceTree = "<group>"; };
		4F49431E20F3467D00BB7785 /* CheckLaunchTime.swift */ = {isa = PBXFileReference; fileEncoding = 4; lastKnownFileType = sourcecode.swift; name = CheckLaunchTime.swift; path = Model/CheckLaunchTime.swift; sourceTree = "<group>"; };
		4F49432020F3468200BB7785 /* MotionDetector.swift */ = {isa = PBXFileReference; fileEncoding = 4; lastKnownFileType = sourcecode.swift; name = MotionDetector.swift; path = Model/MotionDetector.swift; sourceTree = "<group>"; };
		4F49432120F3468200BB7785 /* UIImage+Gif.swift */ = {isa = PBXFileReference; fileEncoding = 4; lastKnownFileType = sourcecode.swift; name = "UIImage+Gif.swift"; path = "Model/UIImage+Gif.swift"; sourceTree = "<group>"; };
		4F49433220F3468B00BB7785 /* Nudity.mlmodel */ = {isa = PBXFileReference; lastKnownFileType = file.mlmodel; path = Nudity.mlmodel; sourceTree = "<group>"; };
		4F49433520F3468B00BB7785 /* UIImageToCVPixelBuffer.swift */ = {isa = PBXFileReference; fileEncoding = 4; lastKnownFileType = sourcecode.swift; path = UIImageToCVPixelBuffer.swift; sourceTree = "<group>"; };
		4F49434C20F3469600BB7785 /* BCD.xcdatamodel */ = {isa = PBXFileReference; lastKnownFileType = wrapper.xcdatamodel; path = BCD.xcdatamodel; sourceTree = "<group>"; };
		4F49434D20F3469600BB7785 /* CacheManager.swift */ = {isa = PBXFileReference; fileEncoding = 4; lastKnownFileType = sourcecode.swift; name = CacheManager.swift; path = Model/CoreData/CacheManager.swift; sourceTree = "<group>"; };
		4F49434E20F3469600BB7785 /* CoreDataModel.swift */ = {isa = PBXFileReference; fileEncoding = 4; lastKnownFileType = sourcecode.swift; name = CoreDataModel.swift; path = Model/CoreData/CoreDataModel.swift; sourceTree = "<group>"; };
		4F49434F20F3469600BB7785 /* HistoryManager.swift */ = {isa = PBXFileReference; fileEncoding = 4; lastKnownFileType = sourcecode.swift; name = HistoryManager.swift; path = Model/CoreData/HistoryManager.swift; sourceTree = "<group>"; };
		4F49435020F3469700BB7785 /* SettingManager.swift */ = {isa = PBXFileReference; fileEncoding = 4; lastKnownFileType = sourcecode.swift; name = SettingManager.swift; path = Model/CoreData/SettingManager.swift; sourceTree = "<group>"; };
		4F4C901D210214C100C3AAB0 /* URLBuilder.swift */ = {isa = PBXFileReference; lastKnownFileType = sourcecode.swift; path = URLBuilder.swift; sourceTree = "<group>"; };
		4F4C901F210215C100C3AAB0 /* APIFactory.swift */ = {isa = PBXFileReference; lastKnownFileType = sourcecode.swift; path = APIFactory.swift; sourceTree = "<group>"; };
		4F65FC7322EDA20900363BA0 /* Response.swift */ = {isa = PBXFileReference; lastKnownFileType = sourcecode.swift; path = Response.swift; sourceTree = "<group>"; };
		4F6C0540216218A800ED57E0 /* HotListCell.swift */ = {isa = PBXFileReference; lastKnownFileType = sourcecode.swift; path = HotListCell.swift; sourceTree = "<group>"; };
		4F76B8A41F905CB200F714B9 /* HisTutPage */ = {isa = PBXFileReference; lastKnownFileType = folder; path = HisTutPage; sourceTree = "<group>"; };
		4F78820620F3423900344D62 /* AppDelegate.swift */ = {isa = PBXFileReference; fileEncoding = 4; lastKnownFileType = sourcecode.swift; name = AppDelegate.swift; path = "Supporting Files/AppDelegate.swift"; sourceTree = "<group>"; };
		4F78820720F3423900344D62 /* BCD.entitlements */ = {isa = PBXFileReference; fileEncoding = 4; lastKnownFileType = text.plist.entitlements; name = BCD.entitlements; path = "Supporting Files/BCD.entitlements"; sourceTree = "<group>"; };
		4F78820D20F3431300344D62 /* Info.plist */ = {isa = PBXFileReference; fileEncoding = 4; lastKnownFileType = text.plist.xml; path = Info.plist; sourceTree = "<group>"; };
		4F78820F20F3443100344D62 /* HisTutViewController.swift */ = {isa = PBXFileReference; fileEncoding = 4; lastKnownFileType = sourcecode.swift; name = HisTutViewController.swift; path = ViewController/HisTutViewController.swift; sourceTree = "<group>"; };
		4F78821020F3443100344D62 /* ImageViewController.swift */ = {isa = PBXFileReference; fileEncoding = 4; lastKnownFileType = sourcecode.swift; name = ImageViewController.swift; path = ViewController/ImageViewController.swift; sourceTree = "<group>"; };
		4F78821120F3443200344D62 /* MainViewController.swift */ = {isa = PBXFileReference; fileEncoding = 4; lastKnownFileType = sourcecode.swift; name = MainViewController.swift; path = ViewController/MainViewController.swift; sourceTree = "<group>"; };
		4F78821320F3443200344D62 /* TutorialContentViewController.swift */ = {isa = PBXFileReference; fileEncoding = 4; lastKnownFileType = sourcecode.swift; name = TutorialContentViewController.swift; path = ViewController/TutorialContentViewController.swift; sourceTree = "<group>"; };
		4F78821420F3443200344D62 /* ScalingViewController.swift */ = {isa = PBXFileReference; fileEncoding = 4; lastKnownFileType = sourcecode.swift; name = ScalingViewController.swift; path = ViewController/ScalingViewController.swift; sourceTree = "<group>"; };
		4F78821B20F3443200344D62 /* SettingViewController.swift */ = {isa = PBXFileReference; fileEncoding = 4; lastKnownFileType = sourcecode.swift; name = SettingViewController.swift; path = ViewController/SettingViewController.swift; sourceTree = "<group>"; };
		4F78821C20F3443200344D62 /* TutorialViewController.swift */ = {isa = PBXFileReference; fileEncoding = 4; lastKnownFileType = sourcecode.swift; name = TutorialViewController.swift; path = ViewController/TutorialViewController.swift; sourceTree = "<group>"; };
		4F78821D20F3443200344D62 /* DetailViewController.swift */ = {isa = PBXFileReference; fileEncoding = 4; lastKnownFileType = sourcecode.swift; name = DetailViewController.swift; path = ViewController/DetailViewController.swift; sourceTree = "<group>"; };
		4F78821E20F3443200344D62 /* SourceTableViewController.swift */ = {isa = PBXFileReference; fileEncoding = 4; lastKnownFileType = sourcecode.swift; name = SourceTableViewController.swift; path = ViewController/SourceTableViewController.swift; sourceTree = "<group>"; };
		4F78821F20F3443200344D62 /* FindArtViewController.swift */ = {isa = PBXFileReference; fileEncoding = 4; lastKnownFileType = sourcecode.swift; name = FindArtViewController.swift; path = ViewController/FindArtViewController.swift; sourceTree = "<group>"; };
		4F78822020F3443200344D62 /* TutorialPageViewController.swift */ = {isa = PBXFileReference; fileEncoding = 4; lastKnownFileType = sourcecode.swift; name = TutorialPageViewController.swift; path = ViewController/TutorialPageViewController.swift; sourceTree = "<group>"; };
		4F78822120F3443200344D62 /* Waifu2xViewController.swift */ = {isa = PBXFileReference; fileEncoding = 4; lastKnownFileType = sourcecode.swift; name = Waifu2xViewController.swift; path = ViewController/Waifu2xViewController.swift; sourceTree = "<group>"; };
		4F78822220F3443200344D62 /* AboutViewController.swift */ = {isa = PBXFileReference; fileEncoding = 4; lastKnownFileType = sourcecode.swift; name = AboutViewController.swift; path = ViewController/AboutViewController.swift; sourceTree = "<group>"; };
		4F78822320F3443200344D62 /* HistoryViewController.swift */ = {isa = PBXFileReference; fileEncoding = 4; lastKnownFileType = sourcecode.swift; name = HistoryViewController.swift; path = ViewController/HistoryViewController.swift; sourceTree = "<group>"; };
		4F8B90711F7B2E3800AB158D /* CoreDataStorage.swift */ = {isa = PBXFileReference; lastKnownFileType = sourcecode.swift; path = CoreDataStorage.swift; sourceTree = "<group>"; };
		4F97677322F5CE9300165320 /* CommentDataManager.swift */ = {isa = PBXFileReference; lastKnownFileType = sourcecode.swift; name = CommentDataManager.swift; path = Model/CoreData/CommentDataManager.swift; sourceTree = "<group>"; };
		4FB59F5B22DCB15800939DE3 /* ReplyCell.swift */ = {isa = PBXFileReference; lastKnownFileType = sourcecode.swift; path = ReplyCell.swift; sourceTree = "<group>"; };
		4FB5A49E2171F6D5009DF4F1 /* loading.gif */ = {isa = PBXFileReference; lastKnownFileType = image.gif; path = loading.gif; sourceTree = "<group>"; };
		4FB5CC8022D0A11300A6A47B /* CommentProvider.swift */ = {isa = PBXFileReference; lastKnownFileType = sourcecode.swift; path = CommentProvider.swift; sourceTree = "<group>"; };
		4FE2EF4B2162169800E389CE /* CoverPreviewCell.swift */ = {isa = PBXFileReference; lastKnownFileType = sourcecode.swift; path = CoverPreviewCell.swift; sourceTree = "<group>"; };
		4FE8FF3A1EF4FC0600D31840 /* BilibiliCD.app */ = {isa = PBXFileReference; explicitFileType = wrapper.application; includeInIndex = 0; path = BilibiliCD.app; sourceTree = BUILT_PRODUCTS_DIR; };
		4FE8FF6E1EF4FCC600D31840 /* CoverInfoProvider.swift */ = {isa = PBXFileReference; fileEncoding = 4; lastKnownFileType = sourcecode.swift; path = CoverInfoProvider.swift; sourceTree = "<group>"; };
		4FE8FF701EF5000400D31840 /* Info.swift */ = {isa = PBXFileReference; fileEncoding = 4; lastKnownFileType = sourcecode.swift; path = Info.swift; sourceTree = "<group>"; };
		4FF3FD19215D30A500AF7F4B /* HotListProvider.swift */ = {isa = PBXFileReference; lastKnownFileType = sourcecode.swift; path = HotListProvider.swift; sourceTree = "<group>"; };
		4FF3FD1B215D339900AF7F4B /* AbstractProvider.swift */ = {isa = PBXFileReference; lastKnownFileType = sourcecode.swift; path = AbstractProvider.swift; sourceTree = "<group>"; };
		4FF3FD1D215D340800AF7F4B /* AssetProvider.swift */ = {isa = PBXFileReference; lastKnownFileType = sourcecode.swift; path = AssetProvider.swift; sourceTree = "<group>"; };
		4FF3FD21215E82EC00AF7F4B /* HotListController.swift */ = {isa = PBXFileReference; lastKnownFileType = sourcecode.swift; name = HotListController.swift; path = ViewController/HotListController.swift; sourceTree = "<group>"; };
		4FF64A612167264E0046302D /* GreenNavController.swift */ = {isa = PBXFileReference; lastKnownFileType = sourcecode.swift; path = GreenNavController.swift; sourceTree = "<group>"; };
		526B5BCC202EEA2D00E76FB3 /* README.md */ = {isa = PBXFileReference; lastKnownFileType = net.daringfireball.markdown; path = README.md; sourceTree = "<group>"; };
		5290FA022051B0DF00A1AAA4 /* ImageSaver.swift */ = {isa = PBXFileReference; lastKnownFileType = sourcecode.swift; path = ImageSaver.swift; sourceTree = "<group>"; };
		52E4E47C1F76C6A9008EF09C /* BilibiliCover.swift */ = {isa = PBXFileReference; lastKnownFileType = sourcecode.swift; path = BilibiliCover.swift; sourceTree = "<group>"; };
		8BCEF4F0F637FFBAB56600BC /* libPods-BCD.a */ = {isa = PBXFileReference; explicitFileType = archive.ar; includeInIndex = 0; path = "libPods-BCD.a"; sourceTree = BUILT_PRODUCTS_DIR; };
		BEBA8FE984A9CFA0E03424B0 /* Pods-BCD.release.xcconfig */ = {isa = PBXFileReference; includeInIndex = 1; lastKnownFileType = text.xcconfig; name = "Pods-BCD.release.xcconfig"; path = "Pods/Target Support Files/Pods-BCD/Pods-BCD.release.xcconfig"; sourceTree = "<group>"; };
/* End PBXFileReference section */

/* Begin PBXFrameworksBuildPhase section */
		4F338F5120DD00410014226C /* Frameworks */ = {
			isa = PBXFrameworksBuildPhase;
			buildActionMask = 2147483647;
			files = (
				D2AA4ED1245043D60064104C /* Alamofire in Frameworks */,
				D2AA4ED3245044E30064104C /* BilibiliKit in Frameworks */,
			);
			runOnlyForDeploymentPostprocessing = 0;
		};
		4FE8FF371EF4FC0600D31840 /* Frameworks */ = {
			isa = PBXFrameworksBuildPhase;
			buildActionMask = 2147483647;
			files = (
				D25A63D3242DEC3200F3B818 /* LLDialog in Frameworks */,
				A9956396813C99705AFF8D75 /* libPods-BCD.a in Frameworks */,
				D2AA4ECF245043BF0064104C /* Alamofire in Frameworks */,
				D2AA4ED5245044EF0064104C /* BilibiliKit in Frameworks */,
				D21CDCBD242BE32F005EB083 /* ViewAnimator in Frameworks */,
				D21CDCC0242BE363005EB083 /* Eureka in Frameworks */,
			);
			runOnlyForDeploymentPostprocessing = 0;
		};
/* End PBXFrameworksBuildPhase section */

/* Begin PBXGroup section */
		4F0E237E248FD018004EACE1 /* Nudity */ = {
			isa = PBXGroup;
			children = (
				4F49433220F3468B00BB7785 /* Nudity.mlmodel */,
				4F49433520F3468B00BB7785 /* UIImageToCVPixelBuffer.swift */,
			);
			path = Nudity;
			sourceTree = "<group>";
		};
		4F0E2381248FD083004EACE1 /* waifu2x */ = {
			isa = PBXGroup;
			children = (
				4F0E2382248FD083004EACE1 /* BackgroundPipeline.swift */,
				4F0E2383248FD083004EACE1 /* ModelFactory.swift */,
				4F0E2384248FD083004EACE1 /* MLModel+Prediction.swift */,
				4F0E2385248FD083004EACE1 /* models */,
				4F0E2398248FD083004EACE1 /* Bicubic.swift */,
				4F0E2399248FD083004EACE1 /* Waifu2x.swift */,
				4F0E239A248FD083004EACE1 /* UIImage+Expand.swift */,
				4F0E239B248FD083004EACE1 /* UIImage+Crop.swift */,
				4F0E239C248FD083004EACE1 /* BackgroundTask.swift */,
				4F0E239D248FD083004EACE1 /* Queue.swift */,
				4F0E239E248FD083004EACE1 /* UIImage+Bicubic.swift */,
				4F0E239F248FD083004EACE1 /* UIImage+Alpha.swift */,
				4F0E23A0248FD083004EACE1 /* waifu2x.h */,
				4F0E23A1248FD083004EACE1 /* bicubic.metal */,
				4F0E23A3248FD083004EACE1 /* MetalBicubic.swift */,
			);
			path = waifu2x;
			sourceTree = "<group>";
		};
		4F0E2385248FD083004EACE1 /* models */ = {
			isa = PBXGroup;
			children = (
				4F0E2390248FD083004EACE1 /* anime_noise0_model.mlmodel */,
				4F0E2388248FD083004EACE1 /* anime_noise1_model.mlmodel */,
				4F0E2387248FD083004EACE1 /* anime_noise2_model.mlmodel */,
				4F0E2397248FD083004EACE1 /* anime_noise3_model.mlmodel */,
				4F0E238F248FD083004EACE1 /* up_anime_scale2x_model.mlmodel */,
				4F0E238D248FD083004EACE1 /* up_anime_noise0_scale2x_model.mlmodel */,
				4F0E2394248FD083004EACE1 /* up_anime_noise1_scale2x_model.mlmodel */,
				4F0E238B248FD083004EACE1 /* up_anime_noise2_scale2x_model.mlmodel */,
				4F0E2392248FD083004EACE1 /* up_anime_noise3_scale2x_model.mlmodel */,
				4F0E2386248FD083004EACE1 /* photo_noise0_model.mlmodel */,
				4F0E2395248FD083004EACE1 /* photo_noise1_model.mlmodel */,
				4F0E2393248FD083004EACE1 /* photo_noise2_model.mlmodel */,
				4F0E2389248FD083004EACE1 /* photo_noise3_model.mlmodel */,
				4F0E238C248FD083004EACE1 /* up_photo_scale2x_model.mlmodel */,
				4F0E2391248FD083004EACE1 /* up_photo_noise0_scale2x_model.mlmodel */,
				4F0E238A248FD083004EACE1 /* up_photo_noise1_scale2x_model.mlmodel */,
				4F0E2396248FD083004EACE1 /* up_photo_noise2_scale2x_model.mlmodel */,
				4F0E238E248FD083004EACE1 /* up_photo_noise3_scale2x_model.mlmodel */,
			);
			path = models;
			sourceTree = "<group>";
		};
		4F15D82322DDE6990080204E /* Feedback */ = {
			isa = PBXGroup;
			children = (
				4F15D82422DDE6990080204E /* FeedbackController.swift */,
				4F15D82522DDE6990080204E /* ReplyController.swift */,
				4F15D82822DDE6A70080204E /* EditController.swift */,
			);
			name = Feedback;
			path = ViewController/Feedback;
			sourceTree = "<group>";
		};
		4F2F444E20E37D2700C61EAD /* CoreData */ = {
			isa = PBXGroup;
			children = (
				4F49434B20F3469600BB7785 /* BCD.xcdatamodeld */,
				4F49434D20F3469600BB7785 /* CacheManager.swift */,
				4F49434E20F3469600BB7785 /* CoreDataModel.swift */,
				4F49434F20F3469600BB7785 /* HistoryManager.swift */,
				4F49435020F3469700BB7785 /* SettingManager.swift */,
				4F97677322F5CE9300165320 /* CommentDataManager.swift */,
			);
			name = CoreData;
			sourceTree = "<group>";
		};
		4F3077951F17478100E1C1AF /* Frameworks */ = {
			isa = PBXGroup;
			children = (
				4F2DB5DA1F75F7D400FB2315 /* NotificationCenter.framework */,
				8BCEF4F0F637FFBAB56600BC /* libPods-BCD.a */,
			);
			name = Frameworks;
			sourceTree = "<group>";
		};
		4F338F5520DD00410014226C /* BCDSharing */ = {
			isa = PBXGroup;
			children = (
				4F338F6220DE4A8D0014226C /* BCDSharing.entitlements */,
				4F338F5620DD00410014226C /* ShareViewController.swift */,
				4F338F5820DD00410014226C /* MainInterface.storyboard */,
				4F338F5B20DD00410014226C /* Info.plist */,
			);
			path = BCDSharing;
			sourceTree = "<group>";
		};
		4F4942C620F344E200BB7785 /* NavigationController */ = {
			isa = PBXGroup;
			children = (
				4F4942C720F344E200BB7785 /* GreyNavController.swift */,
				4F4942C820F344E200BB7785 /* BrownNavController.swift */,
				4F4942C920F344E200BB7785 /* BlueNavController.swift */,
				4FF64A612167264E0046302D /* GreenNavController.swift */,
				4F4942CA20F344E200BB7785 /* SakuraNavController.swift */,
				4F0A44FF22EF0A7D00F4101E /* InariHairNavController.swift */,
				4F4942CB20F344E200BB7785 /* ColoredNavController.swift */,
			);
			name = NavigationController;
			path = ViewController/NavigationController;
			sourceTree = "<group>";
		};
		4F4C902321021BDE00C3AAB0 /* Network */ = {
			isa = PBXGroup;
			children = (
				4FF3FD1B215D339900AF7F4B /* AbstractProvider.swift */,
				4FF3FD1D215D340800AF7F4B /* AssetProvider.swift */,
				4FE8FF6E1EF4FCC600D31840 /* CoverInfoProvider.swift */,
				4FB5CC8022D0A11300A6A47B /* CommentProvider.swift */,
				4FF3FD19215D30A500AF7F4B /* HotListProvider.swift */,
				4F4C901D210214C100C3AAB0 /* URLBuilder.swift */,
				4F4C901F210215C100C3AAB0 /* APIFactory.swift */,
				4F65FC7322EDA20900363BA0 /* Response.swift */,
			);
			path = Network;
			sourceTree = "<group>";
		};
		4F5BE2F51EFAA1040054C53F /* ViewController */ = {
			isa = PBXGroup;
			children = (
				4F78822220F3443200344D62 /* AboutViewController.swift */,
				4F78821D20F3443200344D62 /* DetailViewController.swift */,
				4F78821F20F3443200344D62 /* FindArtViewController.swift */,
				4F78822320F3443200344D62 /* HistoryViewController.swift */,
				4F78820F20F3443100344D62 /* HisTutViewController.swift */,
				4F78821E20F3443200344D62 /* SourceTableViewController.swift */,
				4F78821020F3443100344D62 /* ImageViewController.swift */,
				4F78821120F3443200344D62 /* MainViewController.swift */,
				4F78821420F3443200344D62 /* ScalingViewController.swift */,
				4F78821B20F3443200344D62 /* SettingViewController.swift */,
				4F78821320F3443200344D62 /* TutorialContentViewController.swift */,
				4F78822020F3443200344D62 /* TutorialPageViewController.swift */,
				4F78821C20F3443200344D62 /* TutorialViewController.swift */,
				4F78822120F3443200344D62 /* Waifu2xViewController.swift */,
				4FF3FD21215E82EC00AF7F4B /* HotListController.swift */,
				4F15D82322DDE6990080204E /* Feedback */,
				4F4942C620F344E200BB7785 /* NavigationController */,
			);
			name = ViewController;
			sourceTree = "<group>";
		};
		4F5BE2F61EFAA1170054C53F /* Model */ = {
			isa = PBXGroup;
			children = (
				4F49431E20F3467D00BB7785 /* CheckLaunchTime.swift */,
				4F49432020F3468200BB7785 /* MotionDetector.swift */,
				4F49432120F3468200BB7785 /* UIImage+Gif.swift */,
				4F2F444E20E37D2700C61EAD /* CoreData */,
				4FFB80D41F970B3600626CD7 /* Core ML */,
			);
			name = Model;
			sourceTree = "<group>";
		};
		4F5BE2F71EFAA12B0054C53F /* User Interface */ = {
			isa = PBXGroup;
			children = (
				4FB5A49D2171F6CA009DF4F1 /* gifs */,
				4FE2EF4A2162163C00E389CE /* TableViewCell */,
				4F4942DB20F3455E00BB7785 /* AnimateView.swift */,
				4F4942D420F3455E00BB7785 /* Assets.xcassets */,
				4F4942E820F3457100BB7785 /* LaunchScreen.storyboard */,
				4F4942E620F3457100BB7785 /* Main.storyboard */,
				4F4942D520F3455E00BB7785 /* LoadingView.swift */,
			);
			name = "User Interface";
			sourceTree = "<group>";
		};
		4F5BE2F81EFAA13A0054C53F /* Supporting File */ = {
			isa = PBXGroup;
			children = (
				4F78820620F3423900344D62 /* AppDelegate.swift */,
				4F78820720F3423900344D62 /* BCD.entitlements */,
			);
			name = "Supporting File";
			sourceTree = "<group>";
		};
		4FB5A49D2171F6CA009DF4F1 /* gifs */ = {
			isa = PBXGroup;
			children = (
				4F4942DC20F3455F00BB7785 /* scaling.gif */,
				4FB5A49E2171F6D5009DF4F1 /* loading.gif */,
			);
			path = gifs;
			sourceTree = "<group>";
		};
		4FE2EF4A2162163C00E389CE /* TableViewCell */ = {
			isa = PBXGroup;
			children = (
				4F6C0540216218A800ED57E0 /* HotListCell.swift */,
				4F4942D120F3455E00BB7785 /* HistoryCell.swift */,
				4FE2EF4B2162169800E389CE /* CoverPreviewCell.swift */,
				4F1AF3C922D78E9C009C8328 /* CommentCell.swift */,
				4FB59F5B22DCB15800939DE3 /* ReplyCell.swift */,
			);
			path = TableViewCell;
			sourceTree = "<group>";
		};
		4FE8FF311EF4FC0600D31840 = {
			isa = PBXGroup;
			children = (
				526B5BCC202EEA2D00E76FB3 /* README.md */,
				52E4E47F1F76CF95008EF09C /* Shared */,
				4FE8FF3C1EF4FC0600D31840 /* BCD */,
				4F338F5520DD00410014226C /* BCDSharing */,
				4FE8FF3B1EF4FC0600D31840 /* Products */,
				4F3077951F17478100E1C1AF /* Frameworks */,
				D29527AD1C5758F5A4695C2A /* Pods */,
			);
			sourceTree = "<group>";
		};
		4FE8FF3B1EF4FC0600D31840 /* Products */ = {
			isa = PBXGroup;
			children = (
				4FE8FF3A1EF4FC0600D31840 /* BilibiliCD.app */,
				4F338F5420DD00410014226C /* BCDSharing.appex */,
			);
			name = Products;
			sourceTree = "<group>";
		};
		4FE8FF3C1EF4FC0600D31840 /* BCD */ = {
			isa = PBXGroup;
			children = (
				4F78820D20F3431300344D62 /* Info.plist */,
				4F76B8A41F905CB200F714B9 /* HisTutPage */,
				4F5BE2F81EFAA13A0054C53F /* Supporting File */,
				4F5BE2F71EFAA12B0054C53F /* User Interface */,
				4F5BE2F61EFAA1170054C53F /* Model */,
				4F5BE2F51EFAA1040054C53F /* ViewController */,
			);
			path = BCD;
			sourceTree = "<group>";
		};
		4FFB80D41F970B3600626CD7 /* Core ML */ = {
			isa = PBXGroup;
			children = (
				4F0E2381248FD083004EACE1 /* waifu2x */,
				4F0E237E248FD018004EACE1 /* Nudity */,
			);
			name = "Core ML";
			sourceTree = "<group>";
		};
		52E4E47F1F76CF95008EF09C /* Shared */ = {
			isa = PBXGroup;
			children = (
				4F4C902321021BDE00C3AAB0 /* Network */,
				4F8B90711F7B2E3800AB158D /* CoreDataStorage.swift */,
				4FE8FF701EF5000400D31840 /* Info.swift */,
				4F270F2022D21261008C07A6 /* Comment.swift */,
				52E4E47C1F76C6A9008EF09C /* BilibiliCover.swift */,
				5290FA022051B0DF00A1AAA4 /* ImageSaver.swift */,
			);
			path = Shared;
			sourceTree = "<group>";
		};
		D29527AD1C5758F5A4695C2A /* Pods */ = {
			isa = PBXGroup;
			children = (
				014002F5C328A516653ECA7C /* Pods-BCD.debug.xcconfig */,
				BEBA8FE984A9CFA0E03424B0 /* Pods-BCD.release.xcconfig */,
			);
			name = Pods;
			sourceTree = "<group>";
		};
/* End PBXGroup section */

/* Begin PBXNativeTarget section */
		4F338F5320DD00410014226C /* BCDSharing */ = {
			isa = PBXNativeTarget;
			buildConfigurationList = 4F338F6120DD00410014226C /* Build configuration list for PBXNativeTarget "BCDSharing" */;
			buildPhases = (
				4F338F5020DD00410014226C /* Sources */,
				4F338F5120DD00410014226C /* Frameworks */,
				4F338F5220DD00410014226C /* Resources */,
				D21CDCBA242BE31C005EB083 /* Embed Frameworks */,
			);
			buildRules = (
			);
			dependencies = (
			);
			name = BCDSharing;
			packageProductDependencies = (
				D2AA4ED0245043D60064104C /* Alamofire */,
				D2AA4ED2245044E30064104C /* BilibiliKit */,
			);
			productName = BCDSharing;
			productReference = 4F338F5420DD00410014226C /* BCDSharing.appex */;
			productType = "com.apple.product-type.app-extension";
		};
		4FE8FF391EF4FC0600D31840 /* BCD */ = {
			isa = PBXNativeTarget;
			buildConfigurationList = 4FE8FF651EF4FC0600D31840 /* Build configuration list for PBXNativeTarget "BCD" */;
			buildPhases = (
				6BD52D43BADCF65812B1A32D /* [CP] Check Pods Manifest.lock */,
				4FE8FF361EF4FC0600D31840 /* Sources */,
				4FE8FF371EF4FC0600D31840 /* Frameworks */,
				4FE8FF381EF4FC0600D31840 /* Resources */,
				4F2DB5E91F75F7D400FB2315 /* Embed App Extensions */,
				4F585B3D1F7614FD004D1285 /* Embed Frameworks */,
			);
			buildRules = (
			);
			dependencies = (
				4F338F5D20DD00410014226C /* PBXTargetDependency */,
			);
			name = BCD;
			packageProductDependencies = (
				D21CDCBC242BE32F005EB083 /* ViewAnimator */,
				D21CDCBF242BE363005EB083 /* Eureka */,
				D25A63D2242DEC3200F3B818 /* LLDialog */,
				D2AA4ECE245043BF0064104C /* Alamofire */,
				D2AA4ED4245044EF0064104C /* BilibiliKit */,
			);
			productName = BCD;
			productReference = 4FE8FF3A1EF4FC0600D31840 /* BilibiliCD.app */;
			productType = "com.apple.product-type.application";
		};
/* End PBXNativeTarget section */

/* Begin PBXProject section */
		4FE8FF321EF4FC0600D31840 /* Project object */ = {
			isa = PBXProject;
			attributes = {
				LastSwiftUpdateCheck = 0940;
				LastUpgradeCheck = 1020;
				ORGANIZATIONNAME = Liuliet.Lee;
				TargetAttributes = {
					4F338F5320DD00410014226C = {
						CreatedOnToolsVersion = 9.4;
						DevelopmentTeam = 54YMT4F4W9;
						LastSwiftMigration = 1000;
						ProvisioningStyle = Automatic;
						SystemCapabilities = {
							com.apple.ApplicationGroups.iOS = {
								enabled = 1;
							};
							com.apple.Push = {
								enabled = 1;
							};
						};
					};
					4FE8FF391EF4FC0600D31840 = {
						CreatedOnToolsVersion = 8.3.2;
						DevelopmentTeam = 54YMT4F4W9;
						LastSwiftMigration = 1000;
						ProvisioningStyle = Automatic;
						SystemCapabilities = {
							com.apple.ApplicationGroups.iOS = {
								enabled = 1;
							};
							com.apple.BackgroundModes = {
								enabled = 0;
							};
							com.apple.Push = {
								enabled = 1;
							};
							com.apple.iCloud = {
								enabled = 0;
							};
						};
					};
				};
			};
			buildConfigurationList = 4FE8FF351EF4FC0600D31840 /* Build configuration list for PBXProject "BCD" */;
			compatibilityVersion = "Xcode 3.2";
			developmentRegion = en;
			hasScannedForEncodings = 0;
			knownRegions = (
				en,
				Base,
			);
			mainGroup = 4FE8FF311EF4FC0600D31840;
			packageReferences = (
				D21CDCB3242BE314005EB083 /* XCRemoteSwiftPackageReference "BilibiliKit" */,
				D21CDCBB242BE32F005EB083 /* XCRemoteSwiftPackageReference "ViewAnimator" */,
				D21CDCBE242BE363005EB083 /* XCRemoteSwiftPackageReference "Eureka" */,
				D25A63D1242DEC3200F3B818 /* XCRemoteSwiftPackageReference "LLDialog" */,
				D2AA4ECD245043BF0064104C /* XCRemoteSwiftPackageReference "Alamofire" */,
			);
			productRefGroup = 4FE8FF3B1EF4FC0600D31840 /* Products */;
			projectDirPath = "";
			projectRoot = "";
			targets = (
				4FE8FF391EF4FC0600D31840 /* BCD */,
				4F338F5320DD00410014226C /* BCDSharing */,
			);
		};
/* End PBXProject section */

/* Begin PBXResourcesBuildPhase section */
		4F338F5220DD00410014226C /* Resources */ = {
			isa = PBXResourcesBuildPhase;
			buildActionMask = 2147483647;
			files = (
				4FFBABD1213A5CE20051B240 /* Assets.xcassets in Resources */,
				4F338F5A20DD00410014226C /* MainInterface.storyboard in Resources */,
			);
			runOnlyForDeploymentPostprocessing = 0;
		};
		4FE8FF381EF4FC0600D31840 /* Resources */ = {
			isa = PBXResourcesBuildPhase;
			buildActionMask = 2147483647;
			files = (
				4F4942EA20F3457100BB7785 /* Main.storyboard in Resources */,
				4F4942E020F3455F00BB7785 /* Assets.xcassets in Resources */,
				4F4942EB20F3457100BB7785 /* LaunchScreen.storyboard in Resources */,
				4FB5A49F2171F6D5009DF4F1 /* loading.gif in Resources */,
				4F4942E520F3455F00BB7785 /* scaling.gif in Resources */,
				4F76B8A51F905CB200F714B9 /* HisTutPage in Resources */,
			);
			runOnlyForDeploymentPostprocessing = 0;
		};
/* End PBXResourcesBuildPhase section */

/* Begin PBXShellScriptBuildPhase section */
		6BD52D43BADCF65812B1A32D /* [CP] Check Pods Manifest.lock */ = {
			isa = PBXShellScriptBuildPhase;
			buildActionMask = 2147483647;
			files = (
			);
			inputPaths = (
				"${PODS_PODFILE_DIR_PATH}/Podfile.lock",
				"${PODS_ROOT}/Manifest.lock",
			);
			name = "[CP] Check Pods Manifest.lock";
			outputPaths = (
				"$(DERIVED_FILE_DIR)/Pods-BCD-checkManifestLockResult.txt",
			);
			runOnlyForDeploymentPostprocessing = 0;
			shellPath = /bin/sh;
			shellScript = "diff \"${PODS_PODFILE_DIR_PATH}/Podfile.lock\" \"${PODS_ROOT}/Manifest.lock\" > /dev/null\nif [ $? != 0 ] ; then\n    # print error to STDERR\n    echo \"error: The sandbox is not in sync with the Podfile.lock. Run 'pod install' or update your CocoaPods installation.\" >&2\n    exit 1\nfi\n# This output is used by Xcode 'outputs' to avoid re-running this script phase.\necho \"SUCCESS\" > \"${SCRIPT_OUTPUT_FILE_0}\"\n";
			showEnvVarsInLog = 0;
		};
/* End PBXShellScriptBuildPhase section */

/* Begin PBXSourcesBuildPhase section */
		4F338F5020DD00410014226C /* Sources */ = {
			isa = PBXSourcesBuildPhase;
			buildActionMask = 2147483647;
			files = (
				4F49435B20F347B400BB7785 /* UIImageToCVPixelBuffer.swift in Sources */,
				4F4C902121021A0E00C3AAB0 /* URLBuilder.swift in Sources */,
				4F338F7020DE56730014226C /* CoreDataStorage.swift in Sources */,
				4FF3FD1F215D348F00AF7F4B /* AbstractProvider.swift in Sources */,
				4F49435620F3476B00BB7785 /* BCD.xcdatamodeld in Sources */,
				4F49435C20F347CB00BB7785 /* Nudity.mlmodel in Sources */,
				4F338F7120DE56730014226C /* Info.swift in Sources */,
				4F4C902221021A0E00C3AAB0 /* APIFactory.swift in Sources */,
				4F338F7420DE56730014226C /* ImageSaver.swift in Sources */,
				4F49435820F3477900BB7785 /* CacheManager.swift in Sources */,
				4F49435920F3479700BB7785 /* HistoryManager.swift in Sources */,
				4F49435A20F3479A00BB7785 /* SettingManager.swift in Sources */,
				4F338F7220DE56730014226C /* CoverInfoProvider.swift in Sources */,
				4FBACF1023E2A66F002C485E /* CheckLaunchTime.swift in Sources */,
				4F338F5720DD00410014226C /* ShareViewController.swift in Sources */,
				4F49435D20F347D800BB7785 /* UIImage+Gif.swift in Sources */,
				4F338F7320DE56730014226C /* BilibiliCover.swift in Sources */,
				4F49435720F3477200BB7785 /* CoreDataModel.swift in Sources */,
				4F65FC7522EDA20900363BA0 /* Response.swift in Sources */,
				4FF3FD20215D348F00AF7F4B /* AssetProvider.swift in Sources */,
			);
			runOnlyForDeploymentPostprocessing = 0;
		};
		4FE8FF361EF4FC0600D31840 /* Sources */ = {
			isa = PBXSourcesBuildPhase;
			buildActionMask = 2147483647;
			files = (
				4F1AF3CA22D78E9C009C8328 /* CommentCell.swift in Sources */,
				4F78823420F3443200344D62 /* TutorialPageViewController.swift in Sources */,
				4F15D82722DDE6990080204E /* ReplyController.swift in Sources */,
				4F78823220F3443200344D62 /* SourceTableViewController.swift in Sources */,
				4F4C901E210214C100C3AAB0 /* URLBuilder.swift in Sources */,
				4F49435520F3469700BB7785 /* SettingManager.swift in Sources */,
				4FF3FD1A215D30A500AF7F4B /* HotListProvider.swift in Sources */,
				4F0E23A5248FD083004EACE1 /* ModelFactory.swift in Sources */,
				4F49435420F3469700BB7785 /* HistoryManager.swift in Sources */,
				4F6C0541216218A800ED57E0 /* HotListCell.swift in Sources */,
				4F4C9020210215C100C3AAB0 /* APIFactory.swift in Sources */,
				4F49432220F3468200BB7785 /* MotionDetector.swift in Sources */,
				4F0E23AF248FD083004EACE1 /* up_photo_noise3_scale2x_model.mlmodel in Sources */,
				4F78822F20F3443200344D62 /* SettingViewController.swift in Sources */,
				4F0E23B3248FD083004EACE1 /* up_anime_noise3_scale2x_model.mlmodel in Sources */,
				4F0E23C1248FD083004EACE1 /* bicubic.metal in Sources */,
				4F0E23BD248FD083004EACE1 /* BackgroundTask.swift in Sources */,
				4F0E23AE248FD083004EACE1 /* up_anime_noise0_scale2x_model.mlmodel in Sources */,
				4F0E23A9248FD083004EACE1 /* anime_noise1_model.mlmodel in Sources */,
				4F4942D020F344E200BB7785 /* ColoredNavController.swift in Sources */,
				4F15D82922DDE6A70080204E /* EditController.swift in Sources */,
				4F0E23A8248FD083004EACE1 /* anime_noise2_model.mlmodel in Sources */,
				4F78823320F3443200344D62 /* FindArtViewController.swift in Sources */,
				4F78823020F3443200344D62 /* TutorialViewController.swift in Sources */,
				4FF3FD1C215D339900AF7F4B /* AbstractProvider.swift in Sources */,
				4F270F2122D21261008C07A6 /* Comment.swift in Sources */,
				4F0E23A7248FD083004EACE1 /* photo_noise0_model.mlmodel in Sources */,
				4F0E23B1248FD083004EACE1 /* anime_noise0_model.mlmodel in Sources */,
				4F0E23B2248FD083004EACE1 /* up_photo_noise0_scale2x_model.mlmodel in Sources */,
				4F4942E420F3455F00BB7785 /* AnimateView.swift in Sources */,
				4FF3FD1E215D340800AF7F4B /* AssetProvider.swift in Sources */,
				4F97677422F5CE9300165320 /* CommentDataManager.swift in Sources */,
				4F0E23B0248FD083004EACE1 /* up_anime_scale2x_model.mlmodel in Sources */,
				4F0E23B7248FD083004EACE1 /* up_photo_noise2_scale2x_model.mlmodel in Sources */,
				4F0E23B4248FD083004EACE1 /* photo_noise2_model.mlmodel in Sources */,
				52E4E47D1F76C6A9008EF09C /* BilibiliCover.swift in Sources */,
				4F49435120F3469700BB7785 /* BCD.xcdatamodeld in Sources */,
				4F4942CD20F344E200BB7785 /* BrownNavController.swift in Sources */,
				4F0E23BB248FD083004EACE1 /* UIImage+Expand.swift in Sources */,
				4F78820920F3423900344D62 /* AppDelegate.swift in Sources */,
				4F8B90731F7B2E3800AB158D /* CoreDataStorage.swift in Sources */,
				4F0A450022EF0A7D00F4101E /* InariHairNavController.swift in Sources */,
				4F0E23B5248FD083004EACE1 /* up_anime_noise1_scale2x_model.mlmodel in Sources */,
				4F0E23A4248FD083004EACE1 /* BackgroundPipeline.swift in Sources */,
				4F0E23BE248FD083004EACE1 /* Queue.swift in Sources */,
				4F65FC7422EDA20900363BA0 /* Response.swift in Sources */,
				4F4942E120F3455F00BB7785 /* LoadingView.swift in Sources */,
				4F4942DD20F3455F00BB7785 /* HistoryCell.swift in Sources */,
				4F78823520F3443200344D62 /* Waifu2xViewController.swift in Sources */,
				4F49434520F3468B00BB7785 /* Nudity.mlmodel in Sources */,
				4FE2EF4C2162169800E389CE /* CoverPreviewCell.swift in Sources */,
				4FF64A622167264E0046302D /* GreenNavController.swift in Sources */,
				4F0E23BF248FD083004EACE1 /* UIImage+Bicubic.swift in Sources */,
				4F78823620F3443200344D62 /* AboutViewController.swift in Sources */,
				4F78822420F3443200344D62 /* HisTutViewController.swift in Sources */,
				4F78822520F3443200344D62 /* ImageViewController.swift in Sources */,
				4F0E23B6248FD083004EACE1 /* photo_noise1_model.mlmodel in Sources */,
				4F0E23C0248FD083004EACE1 /* UIImage+Alpha.swift in Sources */,
				4FE8FF711EF5000400D31840 /* Info.swift in Sources */,
				4F78822820F3443200344D62 /* TutorialContentViewController.swift in Sources */,
				4FE8FF6F1EF4FCC600D31840 /* CoverInfoProvider.swift in Sources */,
				4F0E23AD248FD083004EACE1 /* up_photo_scale2x_model.mlmodel in Sources */,
				4FB5CC8122D0A11300A6A47B /* CommentProvider.swift in Sources */,
				4F0E23B9248FD083004EACE1 /* Bicubic.swift in Sources */,
				4F0E23BC248FD083004EACE1 /* UIImage+Crop.swift in Sources */,
				4F0E23C3248FD083004EACE1 /* MetalBicubic.swift in Sources */,
				4F4942CE20F344E200BB7785 /* BlueNavController.swift in Sources */,
				4F4942CF20F344E200BB7785 /* SakuraNavController.swift in Sources */,
				4F0E23A6248FD083004EACE1 /* MLModel+Prediction.swift in Sources */,
				5290FA032051B0DF00A1AAA4 /* ImageSaver.swift in Sources */,
				4F49434820F3468B00BB7785 /* UIImageToCVPixelBuffer.swift in Sources */,
				4F0E23B8248FD083004EACE1 /* anime_noise3_model.mlmodel in Sources */,
				4F49431F20F3467D00BB7785 /* CheckLaunchTime.swift in Sources */,
				4F49435320F3469700BB7785 /* CoreDataModel.swift in Sources */,
				4F4942CC20F344E200BB7785 /* GreyNavController.swift in Sources */,
				4FB59F5C22DCB15800939DE3 /* ReplyCell.swift in Sources */,
				4F0E23AC248FD083004EACE1 /* up_anime_noise2_scale2x_model.mlmodel in Sources */,
				4F78823120F3443200344D62 /* DetailViewController.swift in Sources */,
				4FA965022121BF4A0031983C /* CacheManager.swift in Sources */,
				4F49432320F3468200BB7785 /* UIImage+Gif.swift in Sources */,
				4F78823720F3443200344D62 /* HistoryViewController.swift in Sources */,
				4F0E23AB248FD083004EACE1 /* up_photo_noise1_scale2x_model.mlmodel in Sources */,
				4FF3FD22215E82EC00AF7F4B /* HotListController.swift in Sources */,
				4F0E23AA248FD083004EACE1 /* photo_noise3_model.mlmodel in Sources */,
				4F15D82622DDE6990080204E /* FeedbackController.swift in Sources */,
				4F78822620F3443200344D62 /* MainViewController.swift in Sources */,
				4F0E23BA248FD083004EACE1 /* Waifu2x.swift in Sources */,
				4F78822920F3443200344D62 /* ScalingViewController.swift in Sources */,
			);
			runOnlyForDeploymentPostprocessing = 0;
		};
/* End PBXSourcesBuildPhase section */

/* Begin PBXTargetDependency section */
		4F338F5D20DD00410014226C /* PBXTargetDependency */ = {
			isa = PBXTargetDependency;
			target = 4F338F5320DD00410014226C /* BCDSharing */;
			targetProxy = 4F338F5C20DD00410014226C /* PBXContainerItemProxy */;
		};
/* End PBXTargetDependency section */

/* Begin PBXVariantGroup section */
		4F338F5820DD00410014226C /* MainInterface.storyboard */ = {
			isa = PBXVariantGroup;
			children = (
				4F338F5920DD00410014226C /* Base */,
			);
			name = MainInterface.storyboard;
			sourceTree = "<group>";
		};
		4F4942E620F3457100BB7785 /* Main.storyboard */ = {
			isa = PBXVariantGroup;
			children = (
				4F4942E720F3457100BB7785 /* Base */,
			);
			name = Main.storyboard;
			sourceTree = "<group>";
		};
		4F4942E820F3457100BB7785 /* LaunchScreen.storyboard */ = {
			isa = PBXVariantGroup;
			children = (
				4F4942E920F3457100BB7785 /* Base */,
			);
			name = LaunchScreen.storyboard;
			sourceTree = "<group>";
		};
/* End PBXVariantGroup section */

/* Begin XCBuildConfiguration section */
		4F338F5F20DD00410014226C /* Debug */ = {
			isa = XCBuildConfiguration;
			buildSettings = {
				CLANG_CXX_LANGUAGE_STANDARD = "gnu++14";
				CLANG_ENABLE_OBJC_WEAK = YES;
				CLANG_WARN_UNGUARDED_AVAILABILITY = YES_AGGRESSIVE;
				CODE_SIGN_ENTITLEMENTS = BCDSharing/BCDSharing.entitlements;
				CODE_SIGN_IDENTITY = "iPhone Developer";
				"CODE_SIGN_IDENTITY[sdk=iphoneos*]" = "iPhone Developer";
				CODE_SIGN_STYLE = Automatic;
				CURRENT_PROJECT_VERSION = 44;
				DEVELOPMENT_TEAM = 54YMT4F4W9;
				GCC_C_LANGUAGE_STANDARD = gnu11;
				INFOPLIST_FILE = BCDSharing/Info.plist;
				IPHONEOS_DEPLOYMENT_TARGET = 11.0;
				LD_RUNPATH_SEARCH_PATHS = (
					"$(inherited)",
					"@executable_path/Frameworks",
					"@executable_path/../../Frameworks",
				);
				MARKETING_VERSION = 1.4.9;
				PRODUCT_BUNDLE_IDENTIFIER = "com.Future-Code-Institute.Bili-Cita.BCDSharing1";
				PRODUCT_NAME = "$(TARGET_NAME)";
				PROVISIONING_PROFILE = "";
				PROVISIONING_PROFILE_SPECIFIER = "";
				SKIP_INSTALL = YES;
				SUPPORTS_MACCATALYST = YES;
				SWIFT_OPTIMIZATION_LEVEL = "-Onone";
				SWIFT_VERSION = 5.0;
				TARGETED_DEVICE_FAMILY = "1,2";
			};
			name = Debug;
		};
		4F338F6020DD00410014226C /* Release */ = {
			isa = XCBuildConfiguration;
			buildSettings = {
				CLANG_CXX_LANGUAGE_STANDARD = "gnu++14";
				CLANG_ENABLE_OBJC_WEAK = YES;
				CLANG_WARN_UNGUARDED_AVAILABILITY = YES_AGGRESSIVE;
				CODE_SIGN_ENTITLEMENTS = BCDSharing/BCDSharing.entitlements;
				CODE_SIGN_IDENTITY = "iPhone Developer";
				"CODE_SIGN_IDENTITY[sdk=iphoneos*]" = "iPhone Developer";
				CODE_SIGN_STYLE = Automatic;
				CURRENT_PROJECT_VERSION = 44;
				DEVELOPMENT_TEAM = 54YMT4F4W9;
				GCC_C_LANGUAGE_STANDARD = gnu11;
				INFOPLIST_FILE = BCDSharing/Info.plist;
				IPHONEOS_DEPLOYMENT_TARGET = 11.0;
				LD_RUNPATH_SEARCH_PATHS = (
					"$(inherited)",
					"@executable_path/Frameworks",
					"@executable_path/../../Frameworks",
				);
				MARKETING_VERSION = 1.4.9;
				PRODUCT_BUNDLE_IDENTIFIER = "com.Future-Code-Institute.Bili-Cita.BCDSharing1";
				PRODUCT_NAME = "$(TARGET_NAME)";
				PROVISIONING_PROFILE_SPECIFIER = "";
				SKIP_INSTALL = YES;
				SUPPORTS_MACCATALYST = YES;
				SWIFT_VERSION = 5.0;
				TARGETED_DEVICE_FAMILY = "1,2";
			};
			name = Release;
		};
		4FE8FF631EF4FC0600D31840 /* Debug */ = {
			isa = XCBuildConfiguration;
			buildSettings = {
				ALWAYS_SEARCH_USER_PATHS = NO;
				CLANG_ANALYZER_LOCALIZABILITY_NONLOCALIZED = YES;
				CLANG_ANALYZER_NONNULL = YES;
				CLANG_ANALYZER_NUMBER_OBJECT_CONVERSION = YES_AGGRESSIVE;
				CLANG_CXX_LANGUAGE_STANDARD = "gnu++0x";
				CLANG_CXX_LIBRARY = "libc++";
				CLANG_ENABLE_MODULES = YES;
				CLANG_ENABLE_OBJC_ARC = YES;
				CLANG_WARN_BLOCK_CAPTURE_AUTORELEASING = YES;
				CLANG_WARN_BOOL_CONVERSION = YES;
				CLANG_WARN_COMMA = YES;
				CLANG_WARN_CONSTANT_CONVERSION = YES;
				CLANG_WARN_DEPRECATED_OBJC_IMPLEMENTATIONS = YES;
				CLANG_WARN_DIRECT_OBJC_ISA_USAGE = YES_ERROR;
				CLANG_WARN_DOCUMENTATION_COMMENTS = YES;
				CLANG_WARN_EMPTY_BODY = YES;
				CLANG_WARN_ENUM_CONVERSION = YES;
				CLANG_WARN_INFINITE_RECURSION = YES;
				CLANG_WARN_INT_CONVERSION = YES;
				CLANG_WARN_NON_LITERAL_NULL_CONVERSION = YES;
				CLANG_WARN_OBJC_IMPLICIT_RETAIN_SELF = YES;
				CLANG_WARN_OBJC_LITERAL_CONVERSION = YES;
				CLANG_WARN_OBJC_ROOT_CLASS = YES_ERROR;
				CLANG_WARN_RANGE_LOOP_ANALYSIS = YES;
				CLANG_WARN_STRICT_PROTOTYPES = YES;
				CLANG_WARN_SUSPICIOUS_MOVE = YES;
				CLANG_WARN_UNREACHABLE_CODE = YES;
				CLANG_WARN__DUPLICATE_METHOD_MATCH = YES;
				CODE_SIGN_IDENTITY = "iPhone Developer";
				"CODE_SIGN_IDENTITY[sdk=iphoneos*]" = "iPhone Developer";
				COPY_PHASE_STRIP = NO;
				DEBUG_INFORMATION_FORMAT = dwarf;
				ENABLE_STRICT_OBJC_MSGSEND = YES;
				ENABLE_TESTABILITY = YES;
				GCC_C_LANGUAGE_STANDARD = gnu99;
				GCC_DYNAMIC_NO_PIC = NO;
				GCC_NO_COMMON_BLOCKS = YES;
				GCC_OPTIMIZATION_LEVEL = 0;
				GCC_PREPROCESSOR_DEFINITIONS = (
					"DEBUG=1",
					"$(inherited)",
				);
				GCC_WARN_64_TO_32_BIT_CONVERSION = YES;
				GCC_WARN_ABOUT_RETURN_TYPE = YES_ERROR;
				GCC_WARN_UNDECLARED_SELECTOR = YES;
				GCC_WARN_UNINITIALIZED_AUTOS = YES_AGGRESSIVE;
				GCC_WARN_UNUSED_FUNCTION = YES;
				GCC_WARN_UNUSED_VARIABLE = YES;
				IPHONEOS_DEPLOYMENT_TARGET = 10.0;
				MTL_ENABLE_DEBUG_INFO = YES;
				ONLY_ACTIVE_ARCH = YES;
				PROVISIONING_PROFILE = "96b488ea-a5d6-4df4-b380-6358dd3d4300";
				SDKROOT = iphoneos;
				SWIFT_ACTIVE_COMPILATION_CONDITIONS = DEBUG;
				SWIFT_OPTIMIZATION_LEVEL = "-O";
				TARGETED_DEVICE_FAMILY = "1,2";
			};
			name = Debug;
		};
		4FE8FF641EF4FC0600D31840 /* Release */ = {
			isa = XCBuildConfiguration;
			buildSettings = {
				ALWAYS_SEARCH_USER_PATHS = NO;
				CLANG_ANALYZER_LOCALIZABILITY_NONLOCALIZED = YES;
				CLANG_ANALYZER_NONNULL = YES;
				CLANG_ANALYZER_NUMBER_OBJECT_CONVERSION = YES_AGGRESSIVE;
				CLANG_CXX_LANGUAGE_STANDARD = "gnu++0x";
				CLANG_CXX_LIBRARY = "libc++";
				CLANG_ENABLE_MODULES = YES;
				CLANG_ENABLE_OBJC_ARC = YES;
				CLANG_WARN_BLOCK_CAPTURE_AUTORELEASING = YES;
				CLANG_WARN_BOOL_CONVERSION = YES;
				CLANG_WARN_COMMA = YES;
				CLANG_WARN_CONSTANT_CONVERSION = YES;
				CLANG_WARN_DEPRECATED_OBJC_IMPLEMENTATIONS = YES;
				CLANG_WARN_DIRECT_OBJC_ISA_USAGE = YES_ERROR;
				CLANG_WARN_DOCUMENTATION_COMMENTS = YES;
				CLANG_WARN_EMPTY_BODY = YES;
				CLANG_WARN_ENUM_CONVERSION = YES;
				CLANG_WARN_INFINITE_RECURSION = YES;
				CLANG_WARN_INT_CONVERSION = YES;
				CLANG_WARN_NON_LITERAL_NULL_CONVERSION = YES;
				CLANG_WARN_OBJC_IMPLICIT_RETAIN_SELF = YES;
				CLANG_WARN_OBJC_LITERAL_CONVERSION = YES;
				CLANG_WARN_OBJC_ROOT_CLASS = YES_ERROR;
				CLANG_WARN_RANGE_LOOP_ANALYSIS = YES;
				CLANG_WARN_STRICT_PROTOTYPES = YES;
				CLANG_WARN_SUSPICIOUS_MOVE = YES;
				CLANG_WARN_UNREACHABLE_CODE = YES;
				CLANG_WARN__DUPLICATE_METHOD_MATCH = YES;
				CODE_SIGN_IDENTITY = "iPhone Developer";
				"CODE_SIGN_IDENTITY[sdk=iphoneos*]" = "iPhone Developer";
				COPY_PHASE_STRIP = NO;
				DEBUG_INFORMATION_FORMAT = "dwarf-with-dsym";
				ENABLE_NS_ASSERTIONS = NO;
				ENABLE_STRICT_OBJC_MSGSEND = YES;
				GCC_C_LANGUAGE_STANDARD = gnu99;
				GCC_NO_COMMON_BLOCKS = YES;
				GCC_WARN_64_TO_32_BIT_CONVERSION = YES;
				GCC_WARN_ABOUT_RETURN_TYPE = YES_ERROR;
				GCC_WARN_UNDECLARED_SELECTOR = YES;
				GCC_WARN_UNINITIALIZED_AUTOS = YES_AGGRESSIVE;
				GCC_WARN_UNUSED_FUNCTION = YES;
				GCC_WARN_UNUSED_VARIABLE = YES;
				IPHONEOS_DEPLOYMENT_TARGET = 10.0;
				MTL_ENABLE_DEBUG_INFO = NO;
				SDKROOT = iphoneos;
				SWIFT_COMPILATION_MODE = wholemodule;
				SWIFT_OPTIMIZATION_LEVEL = "-O";
				TARGETED_DEVICE_FAMILY = "1,2";
				VALIDATE_PRODUCT = YES;
			};
			name = Release;
		};
		4FE8FF661EF4FC0600D31840 /* Debug */ = {
			isa = XCBuildConfiguration;
			baseConfigurationReference = 014002F5C328A516653ECA7C /* Pods-BCD.debug.xcconfig */;
			buildSettings = {
				ALWAYS_EMBED_SWIFT_STANDARD_LIBRARIES = "$(inherited)";
				ASSETCATALOG_COMPILER_APPICON_NAME = AppIcon;
				CLANG_ENABLE_MODULES = YES;
				CODE_SIGN_ENTITLEMENTS = "BCD/Supporting Files/BCD.entitlements";
				CODE_SIGN_IDENTITY = "iPhone Developer";
				"CODE_SIGN_IDENTITY[sdk=iphoneos*]" = "iPhone Developer";
				CODE_SIGN_STYLE = Automatic;
				CURRENT_PROJECT_VERSION = 44;
				DEVELOPMENT_TEAM = 54YMT4F4W9;
				FRAMEWORK_SEARCH_PATHS = (
					"$(inherited)",
					"$(PROJECT_DIR)",
				);
				INFOPLIST_FILE = BCD/Info.plist;
				IPHONEOS_DEPLOYMENT_TARGET = 11.0;
				LD_RUNPATH_SEARCH_PATHS = (
					"$(inherited)",
					"@executable_path/Frameworks",
				);
				MARKETING_VERSION = 1.4.9;
				PRODUCT_BUNDLE_IDENTIFIER = "com.Future-Code-Institute.Bili-Cita";
				PRODUCT_NAME = BilibiliCD;
				PROVISIONING_PROFILE = "";
				PROVISIONING_PROFILE_SPECIFIER = "";
				SUPPORTS_MACCATALYST = YES;
				SWIFT_OPTIMIZATION_LEVEL = "-Onone";
				SWIFT_VERSION = 5.0;
				TARGETED_DEVICE_FAMILY = "1,2";
			};
			name = Debug;
		};
		4FE8FF671EF4FC0600D31840 /* Release */ = {
			isa = XCBuildConfiguration;
			baseConfigurationReference = BEBA8FE984A9CFA0E03424B0 /* Pods-BCD.release.xcconfig */;
			buildSettings = {
				ALWAYS_EMBED_SWIFT_STANDARD_LIBRARIES = "$(inherited)";
				ASSETCATALOG_COMPILER_APPICON_NAME = AppIcon;
				CLANG_ENABLE_MODULES = YES;
				CODE_SIGN_ENTITLEMENTS = "BCD/Supporting Files/BCD.entitlements";
				CODE_SIGN_IDENTITY = "iPhone Developer";
				"CODE_SIGN_IDENTITY[sdk=iphoneos*]" = "iPhone Developer";
				CODE_SIGN_STYLE = Automatic;
				CURRENT_PROJECT_VERSION = 44;
				DEVELOPMENT_TEAM = 54YMT4F4W9;
				FRAMEWORK_SEARCH_PATHS = (
					"$(inherited)",
					"$(PROJECT_DIR)",
				);
				INFOPLIST_FILE = BCD/Info.plist;
				IPHONEOS_DEPLOYMENT_TARGET = 11.0;
				LD_RUNPATH_SEARCH_PATHS = (
					"$(inherited)",
					"@executable_path/Frameworks",
				);
				MARKETING_VERSION = 1.4.9;
				PRODUCT_BUNDLE_IDENTIFIER = "com.Future-Code-Institute.Bili-Cita";
				PRODUCT_NAME = BilibiliCD;
				PROVISIONING_PROFILE = "";
				PROVISIONING_PROFILE_SPECIFIER = "";
				SUPPORTS_MACCATALYST = YES;
				SWIFT_VERSION = 5.0;
				TARGETED_DEVICE_FAMILY = "1,2";
			};
			name = Release;
		};
/* End XCBuildConfiguration section */

/* Begin XCConfigurationList section */
		4F338F6120DD00410014226C /* Build configuration list for PBXNativeTarget "BCDSharing" */ = {
			isa = XCConfigurationList;
			buildConfigurations = (
				4F338F5F20DD00410014226C /* Debug */,
				4F338F6020DD00410014226C /* Release */,
			);
			defaultConfigurationIsVisible = 0;
			defaultConfigurationName = Release;
		};
		4FE8FF351EF4FC0600D31840 /* Build configuration list for PBXProject "BCD" */ = {
			isa = XCConfigurationList;
			buildConfigurations = (
				4FE8FF631EF4FC0600D31840 /* Debug */,
				4FE8FF641EF4FC0600D31840 /* Release */,
			);
			defaultConfigurationIsVisible = 0;
			defaultConfigurationName = Release;
		};
		4FE8FF651EF4FC0600D31840 /* Build configuration list for PBXNativeTarget "BCD" */ = {
			isa = XCConfigurationList;
			buildConfigurations = (
				4FE8FF661EF4FC0600D31840 /* Debug */,
				4FE8FF671EF4FC0600D31840 /* Release */,
			);
			defaultConfigurationIsVisible = 0;
			defaultConfigurationName = Release;
		};
/* End XCConfigurationList section */

/* Begin XCRemoteSwiftPackageReference section */
		D21CDCB3242BE314005EB083 /* XCRemoteSwiftPackageReference "BilibiliKit" */ = {
			isa = XCRemoteSwiftPackageReference;
			repositoryURL = "https://github.com/ApolloZhu/BilibiliKit.git";
			requirement = {
				branch = master;
				kind = branch;
			};
		};
		D21CDCBB242BE32F005EB083 /* XCRemoteSwiftPackageReference "ViewAnimator" */ = {
			isa = XCRemoteSwiftPackageReference;
			repositoryURL = "https://github.com/marcosgriselli/ViewAnimator.git";
			requirement = {
				kind = upToNextMajorVersion;
				minimumVersion = 2.7.0;
			};
		};
		D21CDCBE242BE363005EB083 /* XCRemoteSwiftPackageReference "Eureka" */ = {
			isa = XCRemoteSwiftPackageReference;
			repositoryURL = "https://github.com/xmartlabs/Eureka.git";
			requirement = {
				kind = upToNextMajorVersion;
				minimumVersion = 5.2.1;
			};
		};
		D25A63D1242DEC3200F3B818 /* XCRemoteSwiftPackageReference "LLDialog" */ = {
			isa = XCRemoteSwiftPackageReference;
			repositoryURL = "https://github.com/LiulietLee/LLDialog.git";
			requirement = {
				branch = master;
				kind = branch;
			};
		};
		D2AA4ECD245043BF0064104C /* XCRemoteSwiftPackageReference "Alamofire" */ = {
			isa = XCRemoteSwiftPackageReference;
			repositoryURL = "https://github.com/Alamofire/Alamofire.git";
			requirement = {
				kind = upToNextMajorVersion;
				minimumVersion = 5.1.0;
			};
		};
/* End XCRemoteSwiftPackageReference section */

/* Begin XCSwiftPackageProductDependency section */
		D21CDCBC242BE32F005EB083 /* ViewAnimator */ = {
			isa = XCSwiftPackageProductDependency;
			package = D21CDCBB242BE32F005EB083 /* XCRemoteSwiftPackageReference "ViewAnimator" */;
			productName = ViewAnimator;
		};
		D21CDCBF242BE363005EB083 /* Eureka */ = {
			isa = XCSwiftPackageProductDependency;
			package = D21CDCBE242BE363005EB083 /* XCRemoteSwiftPackageReference "Eureka" */;
			productName = Eureka;
		};
		D25A63D2242DEC3200F3B818 /* LLDialog */ = {
			isa = XCSwiftPackageProductDependency;
			package = D25A63D1242DEC3200F3B818 /* XCRemoteSwiftPackageReference "LLDialog" */;
			productName = LLDialog;
		};
		D2AA4ECE245043BF0064104C /* Alamofire */ = {
			isa = XCSwiftPackageProductDependency;
			package = D2AA4ECD245043BF0064104C /* XCRemoteSwiftPackageReference "Alamofire" */;
			productName = Alamofire;
		};
		D2AA4ED0245043D60064104C /* Alamofire */ = {
			isa = XCSwiftPackageProductDependency;
			package = D2AA4ECD245043BF0064104C /* XCRemoteSwiftPackageReference "Alamofire" */;
			productName = Alamofire;
		};
		D2AA4ED2245044E30064104C /* BilibiliKit */ = {
			isa = XCSwiftPackageProductDependency;
			package = D21CDCB3242BE314005EB083 /* XCRemoteSwiftPackageReference "BilibiliKit" */;
			productName = BilibiliKit;
		};
		D2AA4ED4245044EF0064104C /* BilibiliKit */ = {
			isa = XCSwiftPackageProductDependency;
			package = D21CDCB3242BE314005EB083 /* XCRemoteSwiftPackageReference "BilibiliKit" */;
			productName = BilibiliKit;
		};
/* End XCSwiftPackageProductDependency section */

/* Begin XCVersionGroup section */
		4F49434B20F3469600BB7785 /* BCD.xcdatamodeld */ = {
			isa = XCVersionGroup;
			children = (
				4F49434C20F3469600BB7785 /* BCD.xcdatamodel */,
			);
			currentVersion = 4F49434C20F3469600BB7785 /* BCD.xcdatamodel */;
			name = BCD.xcdatamodeld;
			path = Model/CoreData/BCD.xcdatamodeld;
			sourceTree = "<group>";
			versionGroupType = wrapper.xcdatamodel;
		};
/* End XCVersionGroup section */
	};
	rootObject = 4FE8FF321EF4FC0600D31840 /* Project object */;
}
