{
  "object": {
    "pins": [
      {
        "package": "BilibiliKit",
        "repositoryURL": "https://github.com/ApolloZhu/BilibiliKit.git",
        "state": {
          "branch": "master",
          "revision": "0b4a247ebd1414854703fba50064fc95292d4747",
          "version": null
        }
      },
      {
        "package": "Eureka",
        "repositoryURL": "https://github.com/xmartlabs/Eureka.git",
        "state": {
          "branch": null,
          "revision": "9a30ae436ec9e9fcb8b3eb1bdfd95e95989d6ca5",
          "version": "5.2.1"
        }
      },
      {
        "package": "LLDialog",
        "repositoryURL": "https://github.com/LiulietLee/LLDialog.git",
        "state": {
          "branch": "master",
          "revision": "322f2674b36046eec6d9ad2413d9715353b8d923",
          "version": null
        }
      },
      {
        "package": "ViewAnimator",
        "repositoryURL": "https://github.com/marcosgriselli/ViewAnimator.git",
        "state": {
          "branch": null,
          "revision": "17e7ba9e9c9e09bfd46086e0189b198fedc67847",
          "version": "2.7.0"
        }
      }
    ]
  },
  "version": 1
}
