{
  "object": {
    "pins": [
      {
        "package": "Alamofire",
        "repositoryURL": "https://github.com/Alamofire/Alamofire.git",
        "state": {
          "branch": null,
          "revision": "fca036f7aeca07124067cb6e0c12b0ad6359e3d4",
          "version": "5.1.0"
        }
      },
      {
        "package": "BilibiliKit",
        "repositoryURL": "https://github.com/ApolloZhu/BilibiliKit.git",
        "state": {
          "branch": "master",
          "revision": "c83521734715a3274155500e55a75a364da5cf09",
          "version": null
        }
      },
      {
        "package": "Eureka",
        "repositoryURL": "https://github.com/xmartlabs/Eureka.git",
        "state": {
          "branch": null,
          "revision": "ae025915335f02e7277ed5446b4de002bab05866",
          "version": "5.3.1"
        }
      },
      {
        "package": "LLDialog",
        "repositoryURL": "https://github.com/LiulietLee/LLDialog.git",
        "state": {
          "branch": "master",
          "revision": "322f2674b36046eec6d9ad2413d9715353b8d923",
          "version": null
        }
      },
      {
        "package": "MaterialKit",
        "repositoryURL": "https://github.com/ApolloZhu/MaterialKit.git",
        "state": {
          "branch": "master",
          "revision": "a6e7a5bc20f420f21ebdfc56f0f1039a0d02009e",
          "version": null
        }
      },
      {
        "package": "ViewAnimator",
        "repositoryURL": "https://github.com/marcosgriselli/ViewAnimator.git",
        "state": {
          "branch": null,
          "revision": "17e7ba9e9c9e09bfd46086e0189b198fedc67847",
          "version": "2.7.0"
        }
      }
    ]
  },
  "version": 1
}
